
Microsoft Visual Studio Solution File, Format Version 12.00
# Visual Studio Version 17
VisualStudioVersion = 17.0.32014.148
MinimumVisualStudioVersion = 10.0.40219.1
Project("{2150E333-8FDC-42A3-9474-1A3956D46DE8}") = "Core", "Core", "{291B05EE-78EA-412F-9449-5EC4D5E0FC9C}"
EndProject
Project("{2150E333-8FDC-42A3-9474-1A3956D46DE8}") = ".build", ".build", "{ABD253A3-63FE-4FF0-8877-E872691E8D41}"
	ProjectSection(SolutionItems) = preProject
		Directory.Build.props = Directory.Build.props
		..\.github\workflows\dotnet-core.yml = ..\.github\workflows\dotnet-core.yml
		..\GitVersion.yml = ..\GitVersion.yml
		Pending.txt = Pending.txt
	EndProjectSection
EndProject
Project("{9A19103F-16F7-4668-BE54-9A1E7A4F7556}") = "Fuxion", "core\Fuxion\Fuxion.csproj", "{0F5CB7BF-7FF8-447D-9DEC-8CD0D946D208}"
EndProject
Project("{9A19103F-16F7-4668-BE54-9A1E7A4F7556}") = "Fuxion.Domain", "core\Domain\Fuxion.Domain.csproj", "{D377EF6C-1DBD-42B0-90F9-1DCBA7CE7E11}"
EndProject
Project("{9A19103F-16F7-4668-BE54-9A1E7A4F7556}") = "Fuxion.Application", "core\Application\Fuxion.Application.csproj", "{80BFF656-3BE0-4587-A6B3-DEEEE7B653AF}"
EndProject
Project("{2150E333-8FDC-42A3-9474-1A3956D46DE8}") = "Infrastructure", "Infrastructure", "{96FC6DCB-2238-4610-BF05-8F031669948C}"
EndProject
Project("{9A19103F-16F7-4668-BE54-9A1E7A4F7556}") = "Fuxion.AutoMapper", "Infrastructure\AutoMapper\Fuxion.AutoMapper.csproj", "{4685F3B9-3931-449C-8C10-158FA0DB4801}"
EndProject
Project("{9A19103F-16F7-4668-BE54-9A1E7A4F7556}") = "Fuxion.EntityFrameworkCore", "Infrastructure\EntityFrameworkCore\Fuxion.EntityFrameworkCore.csproj", "{4CB7426E-EAF9-411E-A81B-35EE7984FB52}"
EndProject
Project("{9A19103F-16F7-4668-BE54-9A1E7A4F7556}") = "Fuxion.EventStore", "Infrastructure\EventStore\Fuxion.EventStore.csproj", "{BB39BB4D-AB66-4BC7-8503-6F819A0FCF89}"
EndProject
Project("{9A19103F-16F7-4668-BE54-9A1E7A4F7556}") = "Fuxion.MongoDB", "Infrastructure\MongoDB\Fuxion.MongoDB.csproj", "{346040AD-D728-41CE-BA52-1FE66FBA6B46}"
EndProject
Project("{9A19103F-16F7-4668-BE54-9A1E7A4F7556}") = "Fuxion.RabbitMQ", "Infrastructure\RabbitMQ\Fuxion.RabbitMQ.csproj", "{C35B31DC-A0AD-49B5-BE1E-AE02FD21B06F}"
EndProject
Project("{9A19103F-16F7-4668-BE54-9A1E7A4F7556}") = "Fuxion.EntityFramework", "Infrastructure\EntityFramework\Fuxion.EntityFramework.csproj", "{3925E1F3-2B9D-4095-8BAC-3B7976476A79}"
EndProject
Project("{9A19103F-16F7-4668-BE54-9A1E7A4F7556}") = "Fuxion.Identity", "Core\Identity\Fuxion.Identity.csproj", "{05239C76-D35B-42FF-BD67-C0476616B772}"
EndProject
Project("{9A19103F-16F7-4668-BE54-9A1E7A4F7556}") = "Fuxion.Windows", "Infrastructure\Windows\Fuxion.Windows.csproj", "{A0F9C378-2058-48EA-8B18-75284CD6CF8C}"
EndProject
Project("{9A19103F-16F7-4668-BE54-9A1E7A4F7556}") = "Fuxion.Licensing", "Core\Licensing\Fuxion.Licensing.csproj", "{850EBECE-102D-4BA4-BF20-08309BF426B8}"
EndProject
Project("{9A19103F-16F7-4668-BE54-9A1E7A4F7556}") = "Fuxion.Windows.Controls", "Infrastructure\Windows.Controls\Fuxion.Windows.Controls.csproj", "{E51B208C-A63A-4EA2-93B6-8AE3C263BFA9}"
EndProject
Project("{9A19103F-16F7-4668-BE54-9A1E7A4F7556}") = "Fuxion.AspNetCore", "Infrastructure\AspNetCore\Fuxion.AspNetCore.csproj", "{3B2108EE-754E-473A-B5FC-4C957A0C38C2}"
EndProject
Project("{2150E333-8FDC-42A3-9474-1A3956D46DE8}") = "Test", "Test", "{F2A5455C-7A84-45D1-9956-0CAF4A252685}"
EndProject
Project("{9A19103F-16F7-4668-BE54-9A1E7A4F7556}") = "Fuxion.Test", "core\test\Fuxion.Test\Fuxion.Test.csproj", "{10FD039D-C0D9-41C6-A581-CB15F649AB92}"
EndProject
Project("{9A19103F-16F7-4668-BE54-9A1E7A4F7556}") = "Fuxion.Domain.Test", "core\test\Fuxion.Domain.Test\Fuxion.Domain.Test.csproj", "{1E85F97F-E5AA-4D3B-8F00-5F4D26CBC7CF}"
EndProject
Project("{9A19103F-16F7-4668-BE54-9A1E7A4F7556}") = "Fuxion.Licensing.Test", "core\test\Fuxion.Licensing.Test\Fuxion.Licensing.Test.csproj", "{5C3BA360-BCE9-4721-9837-793CD1B063A6}"
EndProject
Project("{9A19103F-16F7-4668-BE54-9A1E7A4F7556}") = "Fuxion.Identity.Test", "core\test\Fuxion.Identity.Test\Fuxion.Identity.Test.csproj", "{6DB1BD7B-52B0-49AD-80E7-C8B05948110D}"
EndProject
Project("{2150E333-8FDC-42A3-9474-1A3956D46DE8}") = "Test", "Test", "{5DBB4E03-13ED-4151-A780-7D0ACEC61103}"
EndProject
Project("{9A19103F-16F7-4668-BE54-9A1E7A4F7556}") = "Fuxion.Windows.Test", "Infrastructure\Test\Fuxion.Windows.Test\Fuxion.Windows.Test.csproj", "{186B412A-DCC2-4961-9E39-8B2CA0FF85E7}"
EndProject
Project("{9A19103F-16F7-4668-BE54-9A1E7A4F7556}") = "Fuxion.MassTransit", "Infrastructure\MassTransit\Fuxion.MassTransit.csproj", "{A581D808-CFB5-4EF6-B79A-5A3BF586C18A}"
EndProject
Project("{9A19103F-16F7-4668-BE54-9A1E7A4F7556}") = "Fuxion.Testing", "core\Testing\Fuxion.Testing.csproj", "{59C04CCB-EBCC-420B-A0AF-8FCF8E00CC39}"
EndProject
Project("{9A19103F-16F7-4668-BE54-9A1E7A4F7556}") = "Fuxion.Drawing", "core\Drawing\Fuxion.Drawing.csproj", "{81151681-59DD-4237-BBFC-B5F8F16D725C}"
EndProject
Global
	GlobalSection(SolutionConfigurationPlatforms) = preSolution
		Debug|Any CPU = Debug|Any CPU
		Debug|ARM = Debug|ARM
		Debug|iPhone = Debug|iPhone
		Debug|iPhoneSimulator = Debug|iPhoneSimulator
		Debug|x64 = Debug|x64
		Debug|x86 = Debug|x86
		Release|Any CPU = Release|Any CPU
		Release|ARM = Release|ARM
		Release|iPhone = Release|iPhone
		Release|iPhoneSimulator = Release|iPhoneSimulator
		Release|x64 = Release|x64
		Release|x86 = Release|x86
	EndGlobalSection
	GlobalSection(ProjectConfigurationPlatforms) = postSolution
		{0F5CB7BF-7FF8-447D-9DEC-8CD0D946D208}.Debug|Any CPU.ActiveCfg = Debug|Any CPU
		{0F5CB7BF-7FF8-447D-9DEC-8CD0D946D208}.Debug|Any CPU.Build.0 = Debug|Any CPU
		{0F5CB7BF-7FF8-447D-9DEC-8CD0D946D208}.Debug|ARM.ActiveCfg = Debug|Any CPU
		{0F5CB7BF-7FF8-447D-9DEC-8CD0D946D208}.Debug|ARM.Build.0 = Debug|Any CPU
		{0F5CB7BF-7FF8-447D-9DEC-8CD0D946D208}.Debug|iPhone.ActiveCfg = Debug|Any CPU
		{0F5CB7BF-7FF8-447D-9DEC-8CD0D946D208}.Debug|iPhone.Build.0 = Debug|Any CPU
		{0F5CB7BF-7FF8-447D-9DEC-8CD0D946D208}.Debug|iPhoneSimulator.ActiveCfg = Debug|Any CPU
		{0F5CB7BF-7FF8-447D-9DEC-8CD0D946D208}.Debug|iPhoneSimulator.Build.0 = Debug|Any CPU
		{0F5CB7BF-7FF8-447D-9DEC-8CD0D946D208}.Debug|x64.ActiveCfg = Debug|Any CPU
		{0F5CB7BF-7FF8-447D-9DEC-8CD0D946D208}.Debug|x64.Build.0 = Debug|Any CPU
		{0F5CB7BF-7FF8-447D-9DEC-8CD0D946D208}.Debug|x86.ActiveCfg = Debug|Any CPU
		{0F5CB7BF-7FF8-447D-9DEC-8CD0D946D208}.Debug|x86.Build.0 = Debug|Any CPU
		{0F5CB7BF-7FF8-447D-9DEC-8CD0D946D208}.Release|Any CPU.ActiveCfg = Release|Any CPU
		{0F5CB7BF-7FF8-447D-9DEC-8CD0D946D208}.Release|Any CPU.Build.0 = Release|Any CPU
		{0F5CB7BF-7FF8-447D-9DEC-8CD0D946D208}.Release|ARM.ActiveCfg = Release|Any CPU
		{0F5CB7BF-7FF8-447D-9DEC-8CD0D946D208}.Release|ARM.Build.0 = Release|Any CPU
		{0F5CB7BF-7FF8-447D-9DEC-8CD0D946D208}.Release|iPhone.ActiveCfg = Release|Any CPU
		{0F5CB7BF-7FF8-447D-9DEC-8CD0D946D208}.Release|iPhone.Build.0 = Release|Any CPU
		{0F5CB7BF-7FF8-447D-9DEC-8CD0D946D208}.Release|iPhoneSimulator.ActiveCfg = Release|Any CPU
		{0F5CB7BF-7FF8-447D-9DEC-8CD0D946D208}.Release|iPhoneSimulator.Build.0 = Release|Any CPU
		{0F5CB7BF-7FF8-447D-9DEC-8CD0D946D208}.Release|x64.ActiveCfg = Release|Any CPU
		{0F5CB7BF-7FF8-447D-9DEC-8CD0D946D208}.Release|x64.Build.0 = Release|Any CPU
		{0F5CB7BF-7FF8-447D-9DEC-8CD0D946D208}.Release|x86.ActiveCfg = Release|Any CPU
		{0F5CB7BF-7FF8-447D-9DEC-8CD0D946D208}.Release|x86.Build.0 = Release|Any CPU
		{D377EF6C-1DBD-42B0-90F9-1DCBA7CE7E11}.Debug|Any CPU.ActiveCfg = Debug|Any CPU
		{D377EF6C-1DBD-42B0-90F9-1DCBA7CE7E11}.Debug|Any CPU.Build.0 = Debug|Any CPU
		{D377EF6C-1DBD-42B0-90F9-1DCBA7CE7E11}.Debug|ARM.ActiveCfg = Debug|Any CPU
		{D377EF6C-1DBD-42B0-90F9-1DCBA7CE7E11}.Debug|ARM.Build.0 = Debug|Any CPU
		{D377EF6C-1DBD-42B0-90F9-1DCBA7CE7E11}.Debug|iPhone.ActiveCfg = Debug|Any CPU
		{D377EF6C-1DBD-42B0-90F9-1DCBA7CE7E11}.Debug|iPhone.Build.0 = Debug|Any CPU
		{D377EF6C-1DBD-42B0-90F9-1DCBA7CE7E11}.Debug|iPhoneSimulator.ActiveCfg = Debug|Any CPU
		{D377EF6C-1DBD-42B0-90F9-1DCBA7CE7E11}.Debug|iPhoneSimulator.Build.0 = Debug|Any CPU
		{D377EF6C-1DBD-42B0-90F9-1DCBA7CE7E11}.Debug|x64.ActiveCfg = Debug|Any CPU
		{D377EF6C-1DBD-42B0-90F9-1DCBA7CE7E11}.Debug|x64.Build.0 = Debug|Any CPU
		{D377EF6C-1DBD-42B0-90F9-1DCBA7CE7E11}.Debug|x86.ActiveCfg = Debug|Any CPU
		{D377EF6C-1DBD-42B0-90F9-1DCBA7CE7E11}.Debug|x86.Build.0 = Debug|Any CPU
		{D377EF6C-1DBD-42B0-90F9-1DCBA7CE7E11}.Release|Any CPU.ActiveCfg = Release|Any CPU
		{D377EF6C-1DBD-42B0-90F9-1DCBA7CE7E11}.Release|Any CPU.Build.0 = Release|Any CPU
		{D377EF6C-1DBD-42B0-90F9-1DCBA7CE7E11}.Release|ARM.ActiveCfg = Release|Any CPU
		{D377EF6C-1DBD-42B0-90F9-1DCBA7CE7E11}.Release|ARM.Build.0 = Release|Any CPU
		{D377EF6C-1DBD-42B0-90F9-1DCBA7CE7E11}.Release|iPhone.ActiveCfg = Release|Any CPU
		{D377EF6C-1DBD-42B0-90F9-1DCBA7CE7E11}.Release|iPhone.Build.0 = Release|Any CPU
		{D377EF6C-1DBD-42B0-90F9-1DCBA7CE7E11}.Release|iPhoneSimulator.ActiveCfg = Release|Any CPU
		{D377EF6C-1DBD-42B0-90F9-1DCBA7CE7E11}.Release|iPhoneSimulator.Build.0 = Release|Any CPU
		{D377EF6C-1DBD-42B0-90F9-1DCBA7CE7E11}.Release|x64.ActiveCfg = Release|Any CPU
		{D377EF6C-1DBD-42B0-90F9-1DCBA7CE7E11}.Release|x64.Build.0 = Release|Any CPU
		{D377EF6C-1DBD-42B0-90F9-1DCBA7CE7E11}.Release|x86.ActiveCfg = Release|Any CPU
		{D377EF6C-1DBD-42B0-90F9-1DCBA7CE7E11}.Release|x86.Build.0 = Release|Any CPU
		{80BFF656-3BE0-4587-A6B3-DEEEE7B653AF}.Debug|Any CPU.ActiveCfg = Debug|Any CPU
		{80BFF656-3BE0-4587-A6B3-DEEEE7B653AF}.Debug|Any CPU.Build.0 = Debug|Any CPU
		{80BFF656-3BE0-4587-A6B3-DEEEE7B653AF}.Debug|ARM.ActiveCfg = Debug|Any CPU
		{80BFF656-3BE0-4587-A6B3-DEEEE7B653AF}.Debug|ARM.Build.0 = Debug|Any CPU
		{80BFF656-3BE0-4587-A6B3-DEEEE7B653AF}.Debug|iPhone.ActiveCfg = Debug|Any CPU
		{80BFF656-3BE0-4587-A6B3-DEEEE7B653AF}.Debug|iPhone.Build.0 = Debug|Any CPU
		{80BFF656-3BE0-4587-A6B3-DEEEE7B653AF}.Debug|iPhoneSimulator.ActiveCfg = Debug|Any CPU
		{80BFF656-3BE0-4587-A6B3-DEEEE7B653AF}.Debug|iPhoneSimulator.Build.0 = Debug|Any CPU
		{80BFF656-3BE0-4587-A6B3-DEEEE7B653AF}.Debug|x64.ActiveCfg = Debug|Any CPU
		{80BFF656-3BE0-4587-A6B3-DEEEE7B653AF}.Debug|x64.Build.0 = Debug|Any CPU
		{80BFF656-3BE0-4587-A6B3-DEEEE7B653AF}.Debug|x86.ActiveCfg = Debug|Any CPU
		{80BFF656-3BE0-4587-A6B3-DEEEE7B653AF}.Debug|x86.Build.0 = Debug|Any CPU
		{80BFF656-3BE0-4587-A6B3-DEEEE7B653AF}.Release|Any CPU.ActiveCfg = Release|Any CPU
		{80BFF656-3BE0-4587-A6B3-DEEEE7B653AF}.Release|Any CPU.Build.0 = Release|Any CPU
		{80BFF656-3BE0-4587-A6B3-DEEEE7B653AF}.Release|ARM.ActiveCfg = Release|Any CPU
		{80BFF656-3BE0-4587-A6B3-DEEEE7B653AF}.Release|ARM.Build.0 = Release|Any CPU
		{80BFF656-3BE0-4587-A6B3-DEEEE7B653AF}.Release|iPhone.ActiveCfg = Release|Any CPU
		{80BFF656-3BE0-4587-A6B3-DEEEE7B653AF}.Release|iPhone.Build.0 = Release|Any CPU
		{80BFF656-3BE0-4587-A6B3-DEEEE7B653AF}.Release|iPhoneSimulator.ActiveCfg = Release|Any CPU
		{80BFF656-3BE0-4587-A6B3-DEEEE7B653AF}.Release|iPhoneSimulator.Build.0 = Release|Any CPU
		{80BFF656-3BE0-4587-A6B3-DEEEE7B653AF}.Release|x64.ActiveCfg = Release|Any CPU
		{80BFF656-3BE0-4587-A6B3-DEEEE7B653AF}.Release|x64.Build.0 = Release|Any CPU
		{80BFF656-3BE0-4587-A6B3-DEEEE7B653AF}.Release|x86.ActiveCfg = Release|Any CPU
		{80BFF656-3BE0-4587-A6B3-DEEEE7B653AF}.Release|x86.Build.0 = Release|Any CPU
		{4685F3B9-3931-449C-8C10-158FA0DB4801}.Debug|Any CPU.ActiveCfg = Debug|Any CPU
		{4685F3B9-3931-449C-8C10-158FA0DB4801}.Debug|Any CPU.Build.0 = Debug|Any CPU
		{4685F3B9-3931-449C-8C10-158FA0DB4801}.Debug|ARM.ActiveCfg = Debug|Any CPU
		{4685F3B9-3931-449C-8C10-158FA0DB4801}.Debug|ARM.Build.0 = Debug|Any CPU
		{4685F3B9-3931-449C-8C10-158FA0DB4801}.Debug|iPhone.ActiveCfg = Debug|Any CPU
		{4685F3B9-3931-449C-8C10-158FA0DB4801}.Debug|iPhone.Build.0 = Debug|Any CPU
		{4685F3B9-3931-449C-8C10-158FA0DB4801}.Debug|iPhoneSimulator.ActiveCfg = Debug|Any CPU
		{4685F3B9-3931-449C-8C10-158FA0DB4801}.Debug|iPhoneSimulator.Build.0 = Debug|Any CPU
		{4685F3B9-3931-449C-8C10-158FA0DB4801}.Debug|x64.ActiveCfg = Debug|Any CPU
		{4685F3B9-3931-449C-8C10-158FA0DB4801}.Debug|x64.Build.0 = Debug|Any CPU
		{4685F3B9-3931-449C-8C10-158FA0DB4801}.Debug|x86.ActiveCfg = Debug|Any CPU
		{4685F3B9-3931-449C-8C10-158FA0DB4801}.Debug|x86.Build.0 = Debug|Any CPU
		{4685F3B9-3931-449C-8C10-158FA0DB4801}.Release|Any CPU.ActiveCfg = Release|Any CPU
		{4685F3B9-3931-449C-8C10-158FA0DB4801}.Release|Any CPU.Build.0 = Release|Any CPU
		{4685F3B9-3931-449C-8C10-158FA0DB4801}.Release|ARM.ActiveCfg = Release|Any CPU
		{4685F3B9-3931-449C-8C10-158FA0DB4801}.Release|ARM.Build.0 = Release|Any CPU
		{4685F3B9-3931-449C-8C10-158FA0DB4801}.Release|iPhone.ActiveCfg = Release|Any CPU
		{4685F3B9-3931-449C-8C10-158FA0DB4801}.Release|iPhone.Build.0 = Release|Any CPU
		{4685F3B9-3931-449C-8C10-158FA0DB4801}.Release|iPhoneSimulator.ActiveCfg = Release|Any CPU
		{4685F3B9-3931-449C-8C10-158FA0DB4801}.Release|iPhoneSimulator.Build.0 = Release|Any CPU
		{4685F3B9-3931-449C-8C10-158FA0DB4801}.Release|x64.ActiveCfg = Release|Any CPU
		{4685F3B9-3931-449C-8C10-158FA0DB4801}.Release|x64.Build.0 = Release|Any CPU
		{4685F3B9-3931-449C-8C10-158FA0DB4801}.Release|x86.ActiveCfg = Release|Any CPU
		{4685F3B9-3931-449C-8C10-158FA0DB4801}.Release|x86.Build.0 = Release|Any CPU
		{4CB7426E-EAF9-411E-A81B-35EE7984FB52}.Debug|Any CPU.ActiveCfg = Debug|Any CPU
		{4CB7426E-EAF9-411E-A81B-35EE7984FB52}.Debug|Any CPU.Build.0 = Debug|Any CPU
		{4CB7426E-EAF9-411E-A81B-35EE7984FB52}.Debug|ARM.ActiveCfg = Debug|Any CPU
		{4CB7426E-EAF9-411E-A81B-35EE7984FB52}.Debug|ARM.Build.0 = Debug|Any CPU
		{4CB7426E-EAF9-411E-A81B-35EE7984FB52}.Debug|iPhone.ActiveCfg = Debug|Any CPU
		{4CB7426E-EAF9-411E-A81B-35EE7984FB52}.Debug|iPhone.Build.0 = Debug|Any CPU
		{4CB7426E-EAF9-411E-A81B-35EE7984FB52}.Debug|iPhoneSimulator.ActiveCfg = Debug|Any CPU
		{4CB7426E-EAF9-411E-A81B-35EE7984FB52}.Debug|iPhoneSimulator.Build.0 = Debug|Any CPU
		{4CB7426E-EAF9-411E-A81B-35EE7984FB52}.Debug|x64.ActiveCfg = Debug|Any CPU
		{4CB7426E-EAF9-411E-A81B-35EE7984FB52}.Debug|x64.Build.0 = Debug|Any CPU
		{4CB7426E-EAF9-411E-A81B-35EE7984FB52}.Debug|x86.ActiveCfg = Debug|Any CPU
		{4CB7426E-EAF9-411E-A81B-35EE7984FB52}.Debug|x86.Build.0 = Debug|Any CPU
		{4CB7426E-EAF9-411E-A81B-35EE7984FB52}.Release|Any CPU.ActiveCfg = Release|Any CPU
		{4CB7426E-EAF9-411E-A81B-35EE7984FB52}.Release|Any CPU.Build.0 = Release|Any CPU
		{4CB7426E-EAF9-411E-A81B-35EE7984FB52}.Release|ARM.ActiveCfg = Release|Any CPU
		{4CB7426E-EAF9-411E-A81B-35EE7984FB52}.Release|ARM.Build.0 = Release|Any CPU
		{4CB7426E-EAF9-411E-A81B-35EE7984FB52}.Release|iPhone.ActiveCfg = Release|Any CPU
		{4CB7426E-EAF9-411E-A81B-35EE7984FB52}.Release|iPhone.Build.0 = Release|Any CPU
		{4CB7426E-EAF9-411E-A81B-35EE7984FB52}.Release|iPhoneSimulator.ActiveCfg = Release|Any CPU
		{4CB7426E-EAF9-411E-A81B-35EE7984FB52}.Release|iPhoneSimulator.Build.0 = Release|Any CPU
		{4CB7426E-EAF9-411E-A81B-35EE7984FB52}.Release|x64.ActiveCfg = Release|Any CPU
		{4CB7426E-EAF9-411E-A81B-35EE7984FB52}.Release|x64.Build.0 = Release|Any CPU
		{4CB7426E-EAF9-411E-A81B-35EE7984FB52}.Release|x86.ActiveCfg = Release|Any CPU
		{4CB7426E-EAF9-411E-A81B-35EE7984FB52}.Release|x86.Build.0 = Release|Any CPU
		{BB39BB4D-AB66-4BC7-8503-6F819A0FCF89}.Debug|Any CPU.ActiveCfg = Debug|Any CPU
		{BB39BB4D-AB66-4BC7-8503-6F819A0FCF89}.Debug|Any CPU.Build.0 = Debug|Any CPU
		{BB39BB4D-AB66-4BC7-8503-6F819A0FCF89}.Debug|ARM.ActiveCfg = Debug|Any CPU
		{BB39BB4D-AB66-4BC7-8503-6F819A0FCF89}.Debug|ARM.Build.0 = Debug|Any CPU
		{BB39BB4D-AB66-4BC7-8503-6F819A0FCF89}.Debug|iPhone.ActiveCfg = Debug|Any CPU
		{BB39BB4D-AB66-4BC7-8503-6F819A0FCF89}.Debug|iPhone.Build.0 = Debug|Any CPU
		{BB39BB4D-AB66-4BC7-8503-6F819A0FCF89}.Debug|iPhoneSimulator.ActiveCfg = Debug|Any CPU
		{BB39BB4D-AB66-4BC7-8503-6F819A0FCF89}.Debug|iPhoneSimulator.Build.0 = Debug|Any CPU
		{BB39BB4D-AB66-4BC7-8503-6F819A0FCF89}.Debug|x64.ActiveCfg = Debug|Any CPU
		{BB39BB4D-AB66-4BC7-8503-6F819A0FCF89}.Debug|x64.Build.0 = Debug|Any CPU
		{BB39BB4D-AB66-4BC7-8503-6F819A0FCF89}.Debug|x86.ActiveCfg = Debug|Any CPU
		{BB39BB4D-AB66-4BC7-8503-6F819A0FCF89}.Debug|x86.Build.0 = Debug|Any CPU
		{BB39BB4D-AB66-4BC7-8503-6F819A0FCF89}.Release|Any CPU.ActiveCfg = Release|Any CPU
		{BB39BB4D-AB66-4BC7-8503-6F819A0FCF89}.Release|Any CPU.Build.0 = Release|Any CPU
		{BB39BB4D-AB66-4BC7-8503-6F819A0FCF89}.Release|ARM.ActiveCfg = Release|Any CPU
		{BB39BB4D-AB66-4BC7-8503-6F819A0FCF89}.Release|ARM.Build.0 = Release|Any CPU
		{BB39BB4D-AB66-4BC7-8503-6F819A0FCF89}.Release|iPhone.ActiveCfg = Release|Any CPU
		{BB39BB4D-AB66-4BC7-8503-6F819A0FCF89}.Release|iPhone.Build.0 = Release|Any CPU
		{BB39BB4D-AB66-4BC7-8503-6F819A0FCF89}.Release|iPhoneSimulator.ActiveCfg = Release|Any CPU
		{BB39BB4D-AB66-4BC7-8503-6F819A0FCF89}.Release|iPhoneSimulator.Build.0 = Release|Any CPU
		{BB39BB4D-AB66-4BC7-8503-6F819A0FCF89}.Release|x64.ActiveCfg = Release|Any CPU
		{BB39BB4D-AB66-4BC7-8503-6F819A0FCF89}.Release|x64.Build.0 = Release|Any CPU
		{BB39BB4D-AB66-4BC7-8503-6F819A0FCF89}.Release|x86.ActiveCfg = Release|Any CPU
		{BB39BB4D-AB66-4BC7-8503-6F819A0FCF89}.Release|x86.Build.0 = Release|Any CPU
		{346040AD-D728-41CE-BA52-1FE66FBA6B46}.Debug|Any CPU.ActiveCfg = Debug|Any CPU
		{346040AD-D728-41CE-BA52-1FE66FBA6B46}.Debug|Any CPU.Build.0 = Debug|Any CPU
		{346040AD-D728-41CE-BA52-1FE66FBA6B46}.Debug|ARM.ActiveCfg = Debug|Any CPU
		{346040AD-D728-41CE-BA52-1FE66FBA6B46}.Debug|ARM.Build.0 = Debug|Any CPU
		{346040AD-D728-41CE-BA52-1FE66FBA6B46}.Debug|iPhone.ActiveCfg = Debug|Any CPU
		{346040AD-D728-41CE-BA52-1FE66FBA6B46}.Debug|iPhone.Build.0 = Debug|Any CPU
		{346040AD-D728-41CE-BA52-1FE66FBA6B46}.Debug|iPhoneSimulator.ActiveCfg = Debug|Any CPU
		{346040AD-D728-41CE-BA52-1FE66FBA6B46}.Debug|iPhoneSimulator.Build.0 = Debug|Any CPU
		{346040AD-D728-41CE-BA52-1FE66FBA6B46}.Debug|x64.ActiveCfg = Debug|Any CPU
		{346040AD-D728-41CE-BA52-1FE66FBA6B46}.Debug|x64.Build.0 = Debug|Any CPU
		{346040AD-D728-41CE-BA52-1FE66FBA6B46}.Debug|x86.ActiveCfg = Debug|Any CPU
		{346040AD-D728-41CE-BA52-1FE66FBA6B46}.Debug|x86.Build.0 = Debug|Any CPU
		{346040AD-D728-41CE-BA52-1FE66FBA6B46}.Release|Any CPU.ActiveCfg = Release|Any CPU
		{346040AD-D728-41CE-BA52-1FE66FBA6B46}.Release|Any CPU.Build.0 = Release|Any CPU
		{346040AD-D728-41CE-BA52-1FE66FBA6B46}.Release|ARM.ActiveCfg = Release|Any CPU
		{346040AD-D728-41CE-BA52-1FE66FBA6B46}.Release|ARM.Build.0 = Release|Any CPU
		{346040AD-D728-41CE-BA52-1FE66FBA6B46}.Release|iPhone.ActiveCfg = Release|Any CPU
		{346040AD-D728-41CE-BA52-1FE66FBA6B46}.Release|iPhone.Build.0 = Release|Any CPU
		{346040AD-D728-41CE-BA52-1FE66FBA6B46}.Release|iPhoneSimulator.ActiveCfg = Release|Any CPU
		{346040AD-D728-41CE-BA52-1FE66FBA6B46}.Release|iPhoneSimulator.Build.0 = Release|Any CPU
		{346040AD-D728-41CE-BA52-1FE66FBA6B46}.Release|x64.ActiveCfg = Release|Any CPU
		{346040AD-D728-41CE-BA52-1FE66FBA6B46}.Release|x64.Build.0 = Release|Any CPU
		{346040AD-D728-41CE-BA52-1FE66FBA6B46}.Release|x86.ActiveCfg = Release|Any CPU
		{346040AD-D728-41CE-BA52-1FE66FBA6B46}.Release|x86.Build.0 = Release|Any CPU
		{C35B31DC-A0AD-49B5-BE1E-AE02FD21B06F}.Debug|Any CPU.ActiveCfg = Debug|Any CPU
		{C35B31DC-A0AD-49B5-BE1E-AE02FD21B06F}.Debug|Any CPU.Build.0 = Debug|Any CPU
		{C35B31DC-A0AD-49B5-BE1E-AE02FD21B06F}.Debug|ARM.ActiveCfg = Debug|Any CPU
		{C35B31DC-A0AD-49B5-BE1E-AE02FD21B06F}.Debug|ARM.Build.0 = Debug|Any CPU
		{C35B31DC-A0AD-49B5-BE1E-AE02FD21B06F}.Debug|iPhone.ActiveCfg = Debug|Any CPU
		{C35B31DC-A0AD-49B5-BE1E-AE02FD21B06F}.Debug|iPhone.Build.0 = Debug|Any CPU
		{C35B31DC-A0AD-49B5-BE1E-AE02FD21B06F}.Debug|iPhoneSimulator.ActiveCfg = Debug|Any CPU
		{C35B31DC-A0AD-49B5-BE1E-AE02FD21B06F}.Debug|iPhoneSimulator.Build.0 = Debug|Any CPU
		{C35B31DC-A0AD-49B5-BE1E-AE02FD21B06F}.Debug|x64.ActiveCfg = Debug|Any CPU
		{C35B31DC-A0AD-49B5-BE1E-AE02FD21B06F}.Debug|x64.Build.0 = Debug|Any CPU
		{C35B31DC-A0AD-49B5-BE1E-AE02FD21B06F}.Debug|x86.ActiveCfg = Debug|Any CPU
		{C35B31DC-A0AD-49B5-BE1E-AE02FD21B06F}.Debug|x86.Build.0 = Debug|Any CPU
		{C35B31DC-A0AD-49B5-BE1E-AE02FD21B06F}.Release|Any CPU.ActiveCfg = Release|Any CPU
		{C35B31DC-A0AD-49B5-BE1E-AE02FD21B06F}.Release|Any CPU.Build.0 = Release|Any CPU
		{C35B31DC-A0AD-49B5-BE1E-AE02FD21B06F}.Release|ARM.ActiveCfg = Release|Any CPU
		{C35B31DC-A0AD-49B5-BE1E-AE02FD21B06F}.Release|ARM.Build.0 = Release|Any CPU
		{C35B31DC-A0AD-49B5-BE1E-AE02FD21B06F}.Release|iPhone.ActiveCfg = Release|Any CPU
		{C35B31DC-A0AD-49B5-BE1E-AE02FD21B06F}.Release|iPhone.Build.0 = Release|Any CPU
		{C35B31DC-A0AD-49B5-BE1E-AE02FD21B06F}.Release|iPhoneSimulator.ActiveCfg = Release|Any CPU
		{C35B31DC-A0AD-49B5-BE1E-AE02FD21B06F}.Release|iPhoneSimulator.Build.0 = Release|Any CPU
		{C35B31DC-A0AD-49B5-BE1E-AE02FD21B06F}.Release|x64.ActiveCfg = Release|Any CPU
		{C35B31DC-A0AD-49B5-BE1E-AE02FD21B06F}.Release|x64.Build.0 = Release|Any CPU
		{C35B31DC-A0AD-49B5-BE1E-AE02FD21B06F}.Release|x86.ActiveCfg = Release|Any CPU
		{C35B31DC-A0AD-49B5-BE1E-AE02FD21B06F}.Release|x86.Build.0 = Release|Any CPU
		{3925E1F3-2B9D-4095-8BAC-3B7976476A79}.Debug|Any CPU.ActiveCfg = Debug|Any CPU
		{3925E1F3-2B9D-4095-8BAC-3B7976476A79}.Debug|Any CPU.Build.0 = Debug|Any CPU
		{3925E1F3-2B9D-4095-8BAC-3B7976476A79}.Debug|ARM.ActiveCfg = Debug|Any CPU
		{3925E1F3-2B9D-4095-8BAC-3B7976476A79}.Debug|ARM.Build.0 = Debug|Any CPU
		{3925E1F3-2B9D-4095-8BAC-3B7976476A79}.Debug|iPhone.ActiveCfg = Debug|Any CPU
		{3925E1F3-2B9D-4095-8BAC-3B7976476A79}.Debug|iPhone.Build.0 = Debug|Any CPU
		{3925E1F3-2B9D-4095-8BAC-3B7976476A79}.Debug|iPhoneSimulator.ActiveCfg = Debug|Any CPU
		{3925E1F3-2B9D-4095-8BAC-3B7976476A79}.Debug|iPhoneSimulator.Build.0 = Debug|Any CPU
		{3925E1F3-2B9D-4095-8BAC-3B7976476A79}.Debug|x64.ActiveCfg = Debug|Any CPU
		{3925E1F3-2B9D-4095-8BAC-3B7976476A79}.Debug|x64.Build.0 = Debug|Any CPU
		{3925E1F3-2B9D-4095-8BAC-3B7976476A79}.Debug|x86.ActiveCfg = Debug|Any CPU
		{3925E1F3-2B9D-4095-8BAC-3B7976476A79}.Debug|x86.Build.0 = Debug|Any CPU
		{3925E1F3-2B9D-4095-8BAC-3B7976476A79}.Release|Any CPU.ActiveCfg = Release|Any CPU
		{3925E1F3-2B9D-4095-8BAC-3B7976476A79}.Release|Any CPU.Build.0 = Release|Any CPU
		{3925E1F3-2B9D-4095-8BAC-3B7976476A79}.Release|ARM.ActiveCfg = Release|Any CPU
		{3925E1F3-2B9D-4095-8BAC-3B7976476A79}.Release|ARM.Build.0 = Release|Any CPU
		{3925E1F3-2B9D-4095-8BAC-3B7976476A79}.Release|iPhone.ActiveCfg = Release|Any CPU
		{3925E1F3-2B9D-4095-8BAC-3B7976476A79}.Release|iPhone.Build.0 = Release|Any CPU
		{3925E1F3-2B9D-4095-8BAC-3B7976476A79}.Release|iPhoneSimulator.ActiveCfg = Release|Any CPU
		{3925E1F3-2B9D-4095-8BAC-3B7976476A79}.Release|iPhoneSimulator.Build.0 = Release|Any CPU
		{3925E1F3-2B9D-4095-8BAC-3B7976476A79}.Release|x64.ActiveCfg = Release|Any CPU
		{3925E1F3-2B9D-4095-8BAC-3B7976476A79}.Release|x64.Build.0 = Release|Any CPU
		{3925E1F3-2B9D-4095-8BAC-3B7976476A79}.Release|x86.ActiveCfg = Release|Any CPU
		{3925E1F3-2B9D-4095-8BAC-3B7976476A79}.Release|x86.Build.0 = Release|Any CPU
		{05239C76-D35B-42FF-BD67-C0476616B772}.Debug|Any CPU.ActiveCfg = Debug|Any CPU
		{05239C76-D35B-42FF-BD67-C0476616B772}.Debug|Any CPU.Build.0 = Debug|Any CPU
		{05239C76-D35B-42FF-BD67-C0476616B772}.Debug|ARM.ActiveCfg = Debug|Any CPU
		{05239C76-D35B-42FF-BD67-C0476616B772}.Debug|ARM.Build.0 = Debug|Any CPU
		{05239C76-D35B-42FF-BD67-C0476616B772}.Debug|iPhone.ActiveCfg = Debug|Any CPU
		{05239C76-D35B-42FF-BD67-C0476616B772}.Debug|iPhone.Build.0 = Debug|Any CPU
		{05239C76-D35B-42FF-BD67-C0476616B772}.Debug|iPhoneSimulator.ActiveCfg = Debug|Any CPU
		{05239C76-D35B-42FF-BD67-C0476616B772}.Debug|iPhoneSimulator.Build.0 = Debug|Any CPU
		{05239C76-D35B-42FF-BD67-C0476616B772}.Debug|x64.ActiveCfg = Debug|Any CPU
		{05239C76-D35B-42FF-BD67-C0476616B772}.Debug|x64.Build.0 = Debug|Any CPU
		{05239C76-D35B-42FF-BD67-C0476616B772}.Debug|x86.ActiveCfg = Debug|Any CPU
		{05239C76-D35B-42FF-BD67-C0476616B772}.Debug|x86.Build.0 = Debug|Any CPU
		{05239C76-D35B-42FF-BD67-C0476616B772}.Release|Any CPU.ActiveCfg = Release|Any CPU
		{05239C76-D35B-42FF-BD67-C0476616B772}.Release|Any CPU.Build.0 = Release|Any CPU
		{05239C76-D35B-42FF-BD67-C0476616B772}.Release|ARM.ActiveCfg = Release|Any CPU
		{05239C76-D35B-42FF-BD67-C0476616B772}.Release|ARM.Build.0 = Release|Any CPU
		{05239C76-D35B-42FF-BD67-C0476616B772}.Release|iPhone.ActiveCfg = Release|Any CPU
		{05239C76-D35B-42FF-BD67-C0476616B772}.Release|iPhone.Build.0 = Release|Any CPU
		{05239C76-D35B-42FF-BD67-C0476616B772}.Release|iPhoneSimulator.ActiveCfg = Release|Any CPU
		{05239C76-D35B-42FF-BD67-C0476616B772}.Release|iPhoneSimulator.Build.0 = Release|Any CPU
		{05239C76-D35B-42FF-BD67-C0476616B772}.Release|x64.ActiveCfg = Release|Any CPU
		{05239C76-D35B-42FF-BD67-C0476616B772}.Release|x64.Build.0 = Release|Any CPU
		{05239C76-D35B-42FF-BD67-C0476616B772}.Release|x86.ActiveCfg = Release|Any CPU
		{05239C76-D35B-42FF-BD67-C0476616B772}.Release|x86.Build.0 = Release|Any CPU
		{A0F9C378-2058-48EA-8B18-75284CD6CF8C}.Debug|Any CPU.ActiveCfg = Debug|Any CPU
		{A0F9C378-2058-48EA-8B18-75284CD6CF8C}.Debug|Any CPU.Build.0 = Debug|Any CPU
		{A0F9C378-2058-48EA-8B18-75284CD6CF8C}.Debug|ARM.ActiveCfg = Debug|Any CPU
		{A0F9C378-2058-48EA-8B18-75284CD6CF8C}.Debug|ARM.Build.0 = Debug|Any CPU
		{A0F9C378-2058-48EA-8B18-75284CD6CF8C}.Debug|iPhone.ActiveCfg = Debug|Any CPU
		{A0F9C378-2058-48EA-8B18-75284CD6CF8C}.Debug|iPhone.Build.0 = Debug|Any CPU
		{A0F9C378-2058-48EA-8B18-75284CD6CF8C}.Debug|iPhoneSimulator.ActiveCfg = Debug|Any CPU
		{A0F9C378-2058-48EA-8B18-75284CD6CF8C}.Debug|iPhoneSimulator.Build.0 = Debug|Any CPU
		{A0F9C378-2058-48EA-8B18-75284CD6CF8C}.Debug|x64.ActiveCfg = Debug|Any CPU
		{A0F9C378-2058-48EA-8B18-75284CD6CF8C}.Debug|x64.Build.0 = Debug|Any CPU
		{A0F9C378-2058-48EA-8B18-75284CD6CF8C}.Debug|x86.ActiveCfg = Debug|Any CPU
		{A0F9C378-2058-48EA-8B18-75284CD6CF8C}.Debug|x86.Build.0 = Debug|Any CPU
		{A0F9C378-2058-48EA-8B18-75284CD6CF8C}.Release|Any CPU.ActiveCfg = Release|Any CPU
		{A0F9C378-2058-48EA-8B18-75284CD6CF8C}.Release|Any CPU.Build.0 = Release|Any CPU
		{A0F9C378-2058-48EA-8B18-75284CD6CF8C}.Release|ARM.ActiveCfg = Release|Any CPU
		{A0F9C378-2058-48EA-8B18-75284CD6CF8C}.Release|ARM.Build.0 = Release|Any CPU
		{A0F9C378-2058-48EA-8B18-75284CD6CF8C}.Release|iPhone.ActiveCfg = Release|Any CPU
		{A0F9C378-2058-48EA-8B18-75284CD6CF8C}.Release|iPhone.Build.0 = Release|Any CPU
		{A0F9C378-2058-48EA-8B18-75284CD6CF8C}.Release|iPhoneSimulator.ActiveCfg = Release|Any CPU
		{A0F9C378-2058-48EA-8B18-75284CD6CF8C}.Release|iPhoneSimulator.Build.0 = Release|Any CPU
		{A0F9C378-2058-48EA-8B18-75284CD6CF8C}.Release|x64.ActiveCfg = Release|Any CPU
		{A0F9C378-2058-48EA-8B18-75284CD6CF8C}.Release|x64.Build.0 = Release|Any CPU
		{A0F9C378-2058-48EA-8B18-75284CD6CF8C}.Release|x86.ActiveCfg = Release|Any CPU
		{A0F9C378-2058-48EA-8B18-75284CD6CF8C}.Release|x86.Build.0 = Release|Any CPU
		{850EBECE-102D-4BA4-BF20-08309BF426B8}.Debug|Any CPU.ActiveCfg = Debug|Any CPU
		{850EBECE-102D-4BA4-BF20-08309BF426B8}.Debug|Any CPU.Build.0 = Debug|Any CPU
		{850EBECE-102D-4BA4-BF20-08309BF426B8}.Debug|ARM.ActiveCfg = Debug|Any CPU
		{850EBECE-102D-4BA4-BF20-08309BF426B8}.Debug|ARM.Build.0 = Debug|Any CPU
		{850EBECE-102D-4BA4-BF20-08309BF426B8}.Debug|iPhone.ActiveCfg = Debug|Any CPU
		{850EBECE-102D-4BA4-BF20-08309BF426B8}.Debug|iPhone.Build.0 = Debug|Any CPU
		{850EBECE-102D-4BA4-BF20-08309BF426B8}.Debug|iPhoneSimulator.ActiveCfg = Debug|Any CPU
		{850EBECE-102D-4BA4-BF20-08309BF426B8}.Debug|iPhoneSimulator.Build.0 = Debug|Any CPU
		{850EBECE-102D-4BA4-BF20-08309BF426B8}.Debug|x64.ActiveCfg = Debug|Any CPU
		{850EBECE-102D-4BA4-BF20-08309BF426B8}.Debug|x64.Build.0 = Debug|Any CPU
		{850EBECE-102D-4BA4-BF20-08309BF426B8}.Debug|x86.ActiveCfg = Debug|Any CPU
		{850EBECE-102D-4BA4-BF20-08309BF426B8}.Debug|x86.Build.0 = Debug|Any CPU
		{850EBECE-102D-4BA4-BF20-08309BF426B8}.Release|Any CPU.ActiveCfg = Release|Any CPU
		{850EBECE-102D-4BA4-BF20-08309BF426B8}.Release|Any CPU.Build.0 = Release|Any CPU
		{850EBECE-102D-4BA4-BF20-08309BF426B8}.Release|ARM.ActiveCfg = Release|Any CPU
		{850EBECE-102D-4BA4-BF20-08309BF426B8}.Release|ARM.Build.0 = Release|Any CPU
		{850EBECE-102D-4BA4-BF20-08309BF426B8}.Release|iPhone.ActiveCfg = Release|Any CPU
		{850EBECE-102D-4BA4-BF20-08309BF426B8}.Release|iPhone.Build.0 = Release|Any CPU
		{850EBECE-102D-4BA4-BF20-08309BF426B8}.Release|iPhoneSimulator.ActiveCfg = Release|Any CPU
		{850EBECE-102D-4BA4-BF20-08309BF426B8}.Release|iPhoneSimulator.Build.0 = Release|Any CPU
		{850EBECE-102D-4BA4-BF20-08309BF426B8}.Release|x64.ActiveCfg = Release|Any CPU
		{850EBECE-102D-4BA4-BF20-08309BF426B8}.Release|x64.Build.0 = Release|Any CPU
		{850EBECE-102D-4BA4-BF20-08309BF426B8}.Release|x86.ActiveCfg = Release|Any CPU
		{850EBECE-102D-4BA4-BF20-08309BF426B8}.Release|x86.Build.0 = Release|Any CPU
		{E51B208C-A63A-4EA2-93B6-8AE3C263BFA9}.Debug|Any CPU.ActiveCfg = Debug|Any CPU
		{E51B208C-A63A-4EA2-93B6-8AE3C263BFA9}.Debug|Any CPU.Build.0 = Debug|Any CPU
		{E51B208C-A63A-4EA2-93B6-8AE3C263BFA9}.Debug|ARM.ActiveCfg = Debug|Any CPU
		{E51B208C-A63A-4EA2-93B6-8AE3C263BFA9}.Debug|ARM.Build.0 = Debug|Any CPU
		{E51B208C-A63A-4EA2-93B6-8AE3C263BFA9}.Debug|iPhone.ActiveCfg = Debug|Any CPU
		{E51B208C-A63A-4EA2-93B6-8AE3C263BFA9}.Debug|iPhone.Build.0 = Debug|Any CPU
		{E51B208C-A63A-4EA2-93B6-8AE3C263BFA9}.Debug|iPhoneSimulator.ActiveCfg = Debug|Any CPU
		{E51B208C-A63A-4EA2-93B6-8AE3C263BFA9}.Debug|iPhoneSimulator.Build.0 = Debug|Any CPU
		{E51B208C-A63A-4EA2-93B6-8AE3C263BFA9}.Debug|x64.ActiveCfg = Debug|Any CPU
		{E51B208C-A63A-4EA2-93B6-8AE3C263BFA9}.Debug|x64.Build.0 = Debug|Any CPU
		{E51B208C-A63A-4EA2-93B6-8AE3C263BFA9}.Debug|x86.ActiveCfg = Debug|Any CPU
		{E51B208C-A63A-4EA2-93B6-8AE3C263BFA9}.Debug|x86.Build.0 = Debug|Any CPU
		{E51B208C-A63A-4EA2-93B6-8AE3C263BFA9}.Release|Any CPU.ActiveCfg = Release|Any CPU
		{E51B208C-A63A-4EA2-93B6-8AE3C263BFA9}.Release|Any CPU.Build.0 = Release|Any CPU
		{E51B208C-A63A-4EA2-93B6-8AE3C263BFA9}.Release|ARM.ActiveCfg = Release|Any CPU
		{E51B208C-A63A-4EA2-93B6-8AE3C263BFA9}.Release|ARM.Build.0 = Release|Any CPU
		{E51B208C-A63A-4EA2-93B6-8AE3C263BFA9}.Release|iPhone.ActiveCfg = Release|Any CPU
		{E51B208C-A63A-4EA2-93B6-8AE3C263BFA9}.Release|iPhone.Build.0 = Release|Any CPU
		{E51B208C-A63A-4EA2-93B6-8AE3C263BFA9}.Release|iPhoneSimulator.ActiveCfg = Release|Any CPU
		{E51B208C-A63A-4EA2-93B6-8AE3C263BFA9}.Release|iPhoneSimulator.Build.0 = Release|Any CPU
		{E51B208C-A63A-4EA2-93B6-8AE3C263BFA9}.Release|x64.ActiveCfg = Release|Any CPU
		{E51B208C-A63A-4EA2-93B6-8AE3C263BFA9}.Release|x64.Build.0 = Release|Any CPU
		{E51B208C-A63A-4EA2-93B6-8AE3C263BFA9}.Release|x86.ActiveCfg = Release|Any CPU
		{E51B208C-A63A-4EA2-93B6-8AE3C263BFA9}.Release|x86.Build.0 = Release|Any CPU
		{3B2108EE-754E-473A-B5FC-4C957A0C38C2}.Debug|Any CPU.ActiveCfg = Debug|Any CPU
		{3B2108EE-754E-473A-B5FC-4C957A0C38C2}.Debug|Any CPU.Build.0 = Debug|Any CPU
		{3B2108EE-754E-473A-B5FC-4C957A0C38C2}.Debug|ARM.ActiveCfg = Debug|Any CPU
		{3B2108EE-754E-473A-B5FC-4C957A0C38C2}.Debug|ARM.Build.0 = Debug|Any CPU
		{3B2108EE-754E-473A-B5FC-4C957A0C38C2}.Debug|iPhone.ActiveCfg = Debug|Any CPU
		{3B2108EE-754E-473A-B5FC-4C957A0C38C2}.Debug|iPhone.Build.0 = Debug|Any CPU
		{3B2108EE-754E-473A-B5FC-4C957A0C38C2}.Debug|iPhoneSimulator.ActiveCfg = Debug|Any CPU
		{3B2108EE-754E-473A-B5FC-4C957A0C38C2}.Debug|iPhoneSimulator.Build.0 = Debug|Any CPU
		{3B2108EE-754E-473A-B5FC-4C957A0C38C2}.Debug|x64.ActiveCfg = Debug|Any CPU
		{3B2108EE-754E-473A-B5FC-4C957A0C38C2}.Debug|x64.Build.0 = Debug|Any CPU
		{3B2108EE-754E-473A-B5FC-4C957A0C38C2}.Debug|x86.ActiveCfg = Debug|Any CPU
		{3B2108EE-754E-473A-B5FC-4C957A0C38C2}.Debug|x86.Build.0 = Debug|Any CPU
		{3B2108EE-754E-473A-B5FC-4C957A0C38C2}.Release|Any CPU.ActiveCfg = Release|Any CPU
		{3B2108EE-754E-473A-B5FC-4C957A0C38C2}.Release|Any CPU.Build.0 = Release|Any CPU
		{3B2108EE-754E-473A-B5FC-4C957A0C38C2}.Release|ARM.ActiveCfg = Release|Any CPU
		{3B2108EE-754E-473A-B5FC-4C957A0C38C2}.Release|ARM.Build.0 = Release|Any CPU
		{3B2108EE-754E-473A-B5FC-4C957A0C38C2}.Release|iPhone.ActiveCfg = Release|Any CPU
		{3B2108EE-754E-473A-B5FC-4C957A0C38C2}.Release|iPhone.Build.0 = Release|Any CPU
		{3B2108EE-754E-473A-B5FC-4C957A0C38C2}.Release|iPhoneSimulator.ActiveCfg = Release|Any CPU
		{3B2108EE-754E-473A-B5FC-4C957A0C38C2}.Release|iPhoneSimulator.Build.0 = Release|Any CPU
		{3B2108EE-754E-473A-B5FC-4C957A0C38C2}.Release|x64.ActiveCfg = Release|Any CPU
		{3B2108EE-754E-473A-B5FC-4C957A0C38C2}.Release|x64.Build.0 = Release|Any CPU
		{3B2108EE-754E-473A-B5FC-4C957A0C38C2}.Release|x86.ActiveCfg = Release|Any CPU
		{3B2108EE-754E-473A-B5FC-4C957A0C38C2}.Release|x86.Build.0 = Release|Any CPU
		{10FD039D-C0D9-41C6-A581-CB15F649AB92}.Debug|Any CPU.ActiveCfg = Debug|Any CPU
		{10FD039D-C0D9-41C6-A581-CB15F649AB92}.Debug|Any CPU.Build.0 = Debug|Any CPU
		{10FD039D-C0D9-41C6-A581-CB15F649AB92}.Debug|ARM.ActiveCfg = Debug|Any CPU
		{10FD039D-C0D9-41C6-A581-CB15F649AB92}.Debug|ARM.Build.0 = Debug|Any CPU
		{10FD039D-C0D9-41C6-A581-CB15F649AB92}.Debug|iPhone.ActiveCfg = Debug|Any CPU
		{10FD039D-C0D9-41C6-A581-CB15F649AB92}.Debug|iPhone.Build.0 = Debug|Any CPU
		{10FD039D-C0D9-41C6-A581-CB15F649AB92}.Debug|iPhoneSimulator.ActiveCfg = Debug|Any CPU
		{10FD039D-C0D9-41C6-A581-CB15F649AB92}.Debug|iPhoneSimulator.Build.0 = Debug|Any CPU
		{10FD039D-C0D9-41C6-A581-CB15F649AB92}.Debug|x64.ActiveCfg = Debug|Any CPU
		{10FD039D-C0D9-41C6-A581-CB15F649AB92}.Debug|x64.Build.0 = Debug|Any CPU
		{10FD039D-C0D9-41C6-A581-CB15F649AB92}.Debug|x86.ActiveCfg = Debug|Any CPU
		{10FD039D-C0D9-41C6-A581-CB15F649AB92}.Debug|x86.Build.0 = Debug|Any CPU
		{10FD039D-C0D9-41C6-A581-CB15F649AB92}.Release|Any CPU.ActiveCfg = Release|Any CPU
		{10FD039D-C0D9-41C6-A581-CB15F649AB92}.Release|Any CPU.Build.0 = Release|Any CPU
		{10FD039D-C0D9-41C6-A581-CB15F649AB92}.Release|ARM.ActiveCfg = Release|Any CPU
		{10FD039D-C0D9-41C6-A581-CB15F649AB92}.Release|ARM.Build.0 = Release|Any CPU
		{10FD039D-C0D9-41C6-A581-CB15F649AB92}.Release|iPhone.ActiveCfg = Release|Any CPU
		{10FD039D-C0D9-41C6-A581-CB15F649AB92}.Release|iPhone.Build.0 = Release|Any CPU
		{10FD039D-C0D9-41C6-A581-CB15F649AB92}.Release|iPhoneSimulator.ActiveCfg = Release|Any CPU
		{10FD039D-C0D9-41C6-A581-CB15F649AB92}.Release|iPhoneSimulator.Build.0 = Release|Any CPU
		{10FD039D-C0D9-41C6-A581-CB15F649AB92}.Release|x64.ActiveCfg = Release|Any CPU
		{10FD039D-C0D9-41C6-A581-CB15F649AB92}.Release|x64.Build.0 = Release|Any CPU
		{10FD039D-C0D9-41C6-A581-CB15F649AB92}.Release|x86.ActiveCfg = Release|Any CPU
		{10FD039D-C0D9-41C6-A581-CB15F649AB92}.Release|x86.Build.0 = Release|Any CPU
		{1E85F97F-E5AA-4D3B-8F00-5F4D26CBC7CF}.Debug|Any CPU.ActiveCfg = Debug|Any CPU
		{1E85F97F-E5AA-4D3B-8F00-5F4D26CBC7CF}.Debug|Any CPU.Build.0 = Debug|Any CPU
		{1E85F97F-E5AA-4D3B-8F00-5F4D26CBC7CF}.Debug|ARM.ActiveCfg = Debug|Any CPU
		{1E85F97F-E5AA-4D3B-8F00-5F4D26CBC7CF}.Debug|ARM.Build.0 = Debug|Any CPU
		{1E85F97F-E5AA-4D3B-8F00-5F4D26CBC7CF}.Debug|iPhone.ActiveCfg = Debug|Any CPU
		{1E85F97F-E5AA-4D3B-8F00-5F4D26CBC7CF}.Debug|iPhone.Build.0 = Debug|Any CPU
		{1E85F97F-E5AA-4D3B-8F00-5F4D26CBC7CF}.Debug|iPhoneSimulator.ActiveCfg = Debug|Any CPU
		{1E85F97F-E5AA-4D3B-8F00-5F4D26CBC7CF}.Debug|iPhoneSimulator.Build.0 = Debug|Any CPU
		{1E85F97F-E5AA-4D3B-8F00-5F4D26CBC7CF}.Debug|x64.ActiveCfg = Debug|Any CPU
		{1E85F97F-E5AA-4D3B-8F00-5F4D26CBC7CF}.Debug|x64.Build.0 = Debug|Any CPU
		{1E85F97F-E5AA-4D3B-8F00-5F4D26CBC7CF}.Debug|x86.ActiveCfg = Debug|Any CPU
		{1E85F97F-E5AA-4D3B-8F00-5F4D26CBC7CF}.Debug|x86.Build.0 = Debug|Any CPU
		{1E85F97F-E5AA-4D3B-8F00-5F4D26CBC7CF}.Release|Any CPU.ActiveCfg = Release|Any CPU
		{1E85F97F-E5AA-4D3B-8F00-5F4D26CBC7CF}.Release|Any CPU.Build.0 = Release|Any CPU
		{1E85F97F-E5AA-4D3B-8F00-5F4D26CBC7CF}.Release|ARM.ActiveCfg = Release|Any CPU
		{1E85F97F-E5AA-4D3B-8F00-5F4D26CBC7CF}.Release|ARM.Build.0 = Release|Any CPU
		{1E85F97F-E5AA-4D3B-8F00-5F4D26CBC7CF}.Release|iPhone.ActiveCfg = Release|Any CPU
		{1E85F97F-E5AA-4D3B-8F00-5F4D26CBC7CF}.Release|iPhone.Build.0 = Release|Any CPU
		{1E85F97F-E5AA-4D3B-8F00-5F4D26CBC7CF}.Release|iPhoneSimulator.ActiveCfg = Release|Any CPU
		{1E85F97F-E5AA-4D3B-8F00-5F4D26CBC7CF}.Release|iPhoneSimulator.Build.0 = Release|Any CPU
		{1E85F97F-E5AA-4D3B-8F00-5F4D26CBC7CF}.Release|x64.ActiveCfg = Release|Any CPU
		{1E85F97F-E5AA-4D3B-8F00-5F4D26CBC7CF}.Release|x64.Build.0 = Release|Any CPU
		{1E85F97F-E5AA-4D3B-8F00-5F4D26CBC7CF}.Release|x86.ActiveCfg = Release|Any CPU
		{1E85F97F-E5AA-4D3B-8F00-5F4D26CBC7CF}.Release|x86.Build.0 = Release|Any CPU
		{5C3BA360-BCE9-4721-9837-793CD1B063A6}.Debug|Any CPU.ActiveCfg = Debug|Any CPU
		{5C3BA360-BCE9-4721-9837-793CD1B063A6}.Debug|Any CPU.Build.0 = Debug|Any CPU
		{5C3BA360-BCE9-4721-9837-793CD1B063A6}.Debug|ARM.ActiveCfg = Debug|Any CPU
		{5C3BA360-BCE9-4721-9837-793CD1B063A6}.Debug|ARM.Build.0 = Debug|Any CPU
		{5C3BA360-BCE9-4721-9837-793CD1B063A6}.Debug|iPhone.ActiveCfg = Debug|Any CPU
		{5C3BA360-BCE9-4721-9837-793CD1B063A6}.Debug|iPhone.Build.0 = Debug|Any CPU
		{5C3BA360-BCE9-4721-9837-793CD1B063A6}.Debug|iPhoneSimulator.ActiveCfg = Debug|Any CPU
		{5C3BA360-BCE9-4721-9837-793CD1B063A6}.Debug|iPhoneSimulator.Build.0 = Debug|Any CPU
		{5C3BA360-BCE9-4721-9837-793CD1B063A6}.Debug|x64.ActiveCfg = Debug|Any CPU
		{5C3BA360-BCE9-4721-9837-793CD1B063A6}.Debug|x64.Build.0 = Debug|Any CPU
		{5C3BA360-BCE9-4721-9837-793CD1B063A6}.Debug|x86.ActiveCfg = Debug|Any CPU
		{5C3BA360-BCE9-4721-9837-793CD1B063A6}.Debug|x86.Build.0 = Debug|Any CPU
		{5C3BA360-BCE9-4721-9837-793CD1B063A6}.Release|Any CPU.ActiveCfg = Release|Any CPU
		{5C3BA360-BCE9-4721-9837-793CD1B063A6}.Release|Any CPU.Build.0 = Release|Any CPU
		{5C3BA360-BCE9-4721-9837-793CD1B063A6}.Release|ARM.ActiveCfg = Release|Any CPU
		{5C3BA360-BCE9-4721-9837-793CD1B063A6}.Release|ARM.Build.0 = Release|Any CPU
		{5C3BA360-BCE9-4721-9837-793CD1B063A6}.Release|iPhone.ActiveCfg = Release|Any CPU
		{5C3BA360-BCE9-4721-9837-793CD1B063A6}.Release|iPhone.Build.0 = Release|Any CPU
		{5C3BA360-BCE9-4721-9837-793CD1B063A6}.Release|iPhoneSimulator.ActiveCfg = Release|Any CPU
		{5C3BA360-BCE9-4721-9837-793CD1B063A6}.Release|iPhoneSimulator.Build.0 = Release|Any CPU
		{5C3BA360-BCE9-4721-9837-793CD1B063A6}.Release|x64.ActiveCfg = Release|Any CPU
		{5C3BA360-BCE9-4721-9837-793CD1B063A6}.Release|x64.Build.0 = Release|Any CPU
		{5C3BA360-BCE9-4721-9837-793CD1B063A6}.Release|x86.ActiveCfg = Release|Any CPU
		{5C3BA360-BCE9-4721-9837-793CD1B063A6}.Release|x86.Build.0 = Release|Any CPU
		{6DB1BD7B-52B0-49AD-80E7-C8B05948110D}.Debug|Any CPU.ActiveCfg = Debug|Any CPU
		{6DB1BD7B-52B0-49AD-80E7-C8B05948110D}.Debug|Any CPU.Build.0 = Debug|Any CPU
		{6DB1BD7B-52B0-49AD-80E7-C8B05948110D}.Debug|ARM.ActiveCfg = Debug|Any CPU
		{6DB1BD7B-52B0-49AD-80E7-C8B05948110D}.Debug|ARM.Build.0 = Debug|Any CPU
		{6DB1BD7B-52B0-49AD-80E7-C8B05948110D}.Debug|iPhone.ActiveCfg = Debug|Any CPU
		{6DB1BD7B-52B0-49AD-80E7-C8B05948110D}.Debug|iPhone.Build.0 = Debug|Any CPU
		{6DB1BD7B-52B0-49AD-80E7-C8B05948110D}.Debug|iPhoneSimulator.ActiveCfg = Debug|Any CPU
		{6DB1BD7B-52B0-49AD-80E7-C8B05948110D}.Debug|iPhoneSimulator.Build.0 = Debug|Any CPU
		{6DB1BD7B-52B0-49AD-80E7-C8B05948110D}.Debug|x64.ActiveCfg = Debug|Any CPU
		{6DB1BD7B-52B0-49AD-80E7-C8B05948110D}.Debug|x64.Build.0 = Debug|Any CPU
		{6DB1BD7B-52B0-49AD-80E7-C8B05948110D}.Debug|x86.ActiveCfg = Debug|Any CPU
		{6DB1BD7B-52B0-49AD-80E7-C8B05948110D}.Debug|x86.Build.0 = Debug|Any CPU
		{6DB1BD7B-52B0-49AD-80E7-C8B05948110D}.Release|Any CPU.ActiveCfg = Release|Any CPU
		{6DB1BD7B-52B0-49AD-80E7-C8B05948110D}.Release|Any CPU.Build.0 = Release|Any CPU
		{6DB1BD7B-52B0-49AD-80E7-C8B05948110D}.Release|ARM.ActiveCfg = Release|Any CPU
		{6DB1BD7B-52B0-49AD-80E7-C8B05948110D}.Release|ARM.Build.0 = Release|Any CPU
		{6DB1BD7B-52B0-49AD-80E7-C8B05948110D}.Release|iPhone.ActiveCfg = Release|Any CPU
		{6DB1BD7B-52B0-49AD-80E7-C8B05948110D}.Release|iPhone.Build.0 = Release|Any CPU
		{6DB1BD7B-52B0-49AD-80E7-C8B05948110D}.Release|iPhoneSimulator.ActiveCfg = Release|Any CPU
		{6DB1BD7B-52B0-49AD-80E7-C8B05948110D}.Release|iPhoneSimulator.Build.0 = Release|Any CPU
		{6DB1BD7B-52B0-49AD-80E7-C8B05948110D}.Release|x64.ActiveCfg = Release|Any CPU
		{6DB1BD7B-52B0-49AD-80E7-C8B05948110D}.Release|x64.Build.0 = Release|Any CPU
		{6DB1BD7B-52B0-49AD-80E7-C8B05948110D}.Release|x86.ActiveCfg = Release|Any CPU
		{6DB1BD7B-52B0-49AD-80E7-C8B05948110D}.Release|x86.Build.0 = Release|Any CPU
		{186B412A-DCC2-4961-9E39-8B2CA0FF85E7}.Debug|Any CPU.ActiveCfg = Debug|Any CPU
		{186B412A-DCC2-4961-9E39-8B2CA0FF85E7}.Debug|Any CPU.Build.0 = Debug|Any CPU
		{186B412A-DCC2-4961-9E39-8B2CA0FF85E7}.Debug|ARM.ActiveCfg = Debug|Any CPU
		{186B412A-DCC2-4961-9E39-8B2CA0FF85E7}.Debug|ARM.Build.0 = Debug|Any CPU
		{186B412A-DCC2-4961-9E39-8B2CA0FF85E7}.Debug|iPhone.ActiveCfg = Debug|Any CPU
		{186B412A-DCC2-4961-9E39-8B2CA0FF85E7}.Debug|iPhone.Build.0 = Debug|Any CPU
		{186B412A-DCC2-4961-9E39-8B2CA0FF85E7}.Debug|iPhoneSimulator.ActiveCfg = Debug|Any CPU
		{186B412A-DCC2-4961-9E39-8B2CA0FF85E7}.Debug|iPhoneSimulator.Build.0 = Debug|Any CPU
		{186B412A-DCC2-4961-9E39-8B2CA0FF85E7}.Debug|x64.ActiveCfg = Debug|Any CPU
		{186B412A-DCC2-4961-9E39-8B2CA0FF85E7}.Debug|x64.Build.0 = Debug|Any CPU
		{186B412A-DCC2-4961-9E39-8B2CA0FF85E7}.Debug|x86.ActiveCfg = Debug|Any CPU
		{186B412A-DCC2-4961-9E39-8B2CA0FF85E7}.Debug|x86.Build.0 = Debug|Any CPU
		{186B412A-DCC2-4961-9E39-8B2CA0FF85E7}.Release|Any CPU.ActiveCfg = Release|Any CPU
		{186B412A-DCC2-4961-9E39-8B2CA0FF85E7}.Release|Any CPU.Build.0 = Release|Any CPU
		{186B412A-DCC2-4961-9E39-8B2CA0FF85E7}.Release|ARM.ActiveCfg = Release|Any CPU
		{186B412A-DCC2-4961-9E39-8B2CA0FF85E7}.Release|ARM.Build.0 = Release|Any CPU
		{186B412A-DCC2-4961-9E39-8B2CA0FF85E7}.Release|iPhone.ActiveCfg = Release|Any CPU
		{186B412A-DCC2-4961-9E39-8B2CA0FF85E7}.Release|iPhone.Build.0 = Release|Any CPU
		{186B412A-DCC2-4961-9E39-8B2CA0FF85E7}.Release|iPhoneSimulator.ActiveCfg = Release|Any CPU
		{186B412A-DCC2-4961-9E39-8B2CA0FF85E7}.Release|iPhoneSimulator.Build.0 = Release|Any CPU
		{186B412A-DCC2-4961-9E39-8B2CA0FF85E7}.Release|x64.ActiveCfg = Release|Any CPU
		{186B412A-DCC2-4961-9E39-8B2CA0FF85E7}.Release|x64.Build.0 = Release|Any CPU
		{186B412A-DCC2-4961-9E39-8B2CA0FF85E7}.Release|x86.ActiveCfg = Release|Any CPU
		{186B412A-DCC2-4961-9E39-8B2CA0FF85E7}.Release|x86.Build.0 = Release|Any CPU
		{A581D808-CFB5-4EF6-B79A-5A3BF586C18A}.Debug|Any CPU.ActiveCfg = Debug|Any CPU
		{A581D808-CFB5-4EF6-B79A-5A3BF586C18A}.Debug|Any CPU.Build.0 = Debug|Any CPU
		{A581D808-CFB5-4EF6-B79A-5A3BF586C18A}.Debug|ARM.ActiveCfg = Debug|Any CPU
		{A581D808-CFB5-4EF6-B79A-5A3BF586C18A}.Debug|ARM.Build.0 = Debug|Any CPU
		{A581D808-CFB5-4EF6-B79A-5A3BF586C18A}.Debug|iPhone.ActiveCfg = Debug|Any CPU
		{A581D808-CFB5-4EF6-B79A-5A3BF586C18A}.Debug|iPhone.Build.0 = Debug|Any CPU
		{A581D808-CFB5-4EF6-B79A-5A3BF586C18A}.Debug|iPhoneSimulator.ActiveCfg = Debug|Any CPU
		{A581D808-CFB5-4EF6-B79A-5A3BF586C18A}.Debug|iPhoneSimulator.Build.0 = Debug|Any CPU
		{A581D808-CFB5-4EF6-B79A-5A3BF586C18A}.Debug|x64.ActiveCfg = Debug|Any CPU
		{A581D808-CFB5-4EF6-B79A-5A3BF586C18A}.Debug|x64.Build.0 = Debug|Any CPU
		{A581D808-CFB5-4EF6-B79A-5A3BF586C18A}.Debug|x86.ActiveCfg = Debug|Any CPU
		{A581D808-CFB5-4EF6-B79A-5A3BF586C18A}.Debug|x86.Build.0 = Debug|Any CPU
		{A581D808-CFB5-4EF6-B79A-5A3BF586C18A}.Release|Any CPU.ActiveCfg = Release|Any CPU
		{A581D808-CFB5-4EF6-B79A-5A3BF586C18A}.Release|Any CPU.Build.0 = Release|Any CPU
		{A581D808-CFB5-4EF6-B79A-5A3BF586C18A}.Release|ARM.ActiveCfg = Release|Any CPU
		{A581D808-CFB5-4EF6-B79A-5A3BF586C18A}.Release|ARM.Build.0 = Release|Any CPU
		{A581D808-CFB5-4EF6-B79A-5A3BF586C18A}.Release|iPhone.ActiveCfg = Release|Any CPU
		{A581D808-CFB5-4EF6-B79A-5A3BF586C18A}.Release|iPhone.Build.0 = Release|Any CPU
		{A581D808-CFB5-4EF6-B79A-5A3BF586C18A}.Release|iPhoneSimulator.ActiveCfg = Release|Any CPU
		{A581D808-CFB5-4EF6-B79A-5A3BF586C18A}.Release|iPhoneSimulator.Build.0 = Release|Any CPU
		{A581D808-CFB5-4EF6-B79A-5A3BF586C18A}.Release|x64.ActiveCfg = Release|Any CPU
		{A581D808-CFB5-4EF6-B79A-5A3BF586C18A}.Release|x64.Build.0 = Release|Any CPU
		{A581D808-CFB5-4EF6-B79A-5A3BF586C18A}.Release|x86.ActiveCfg = Release|Any CPU
		{A581D808-CFB5-4EF6-B79A-5A3BF586C18A}.Release|x86.Build.0 = Release|Any CPU
		{59C04CCB-EBCC-420B-A0AF-8FCF8E00CC39}.Debug|Any CPU.ActiveCfg = Debug|Any CPU
		{59C04CCB-EBCC-420B-A0AF-8FCF8E00CC39}.Debug|Any CPU.Build.0 = Debug|Any CPU
		{59C04CCB-EBCC-420B-A0AF-8FCF8E00CC39}.Debug|ARM.ActiveCfg = Debug|Any CPU
		{59C04CCB-EBCC-420B-A0AF-8FCF8E00CC39}.Debug|ARM.Build.0 = Debug|Any CPU
		{59C04CCB-EBCC-420B-A0AF-8FCF8E00CC39}.Debug|iPhone.ActiveCfg = Debug|Any CPU
		{59C04CCB-EBCC-420B-A0AF-8FCF8E00CC39}.Debug|iPhone.Build.0 = Debug|Any CPU
		{59C04CCB-EBCC-420B-A0AF-8FCF8E00CC39}.Debug|iPhoneSimulator.ActiveCfg = Debug|Any CPU
		{59C04CCB-EBCC-420B-A0AF-8FCF8E00CC39}.Debug|iPhoneSimulator.Build.0 = Debug|Any CPU
		{59C04CCB-EBCC-420B-A0AF-8FCF8E00CC39}.Debug|x64.ActiveCfg = Debug|Any CPU
		{59C04CCB-EBCC-420B-A0AF-8FCF8E00CC39}.Debug|x64.Build.0 = Debug|Any CPU
		{59C04CCB-EBCC-420B-A0AF-8FCF8E00CC39}.Debug|x86.ActiveCfg = Debug|Any CPU
		{59C04CCB-EBCC-420B-A0AF-8FCF8E00CC39}.Debug|x86.Build.0 = Debug|Any CPU
		{59C04CCB-EBCC-420B-A0AF-8FCF8E00CC39}.Release|Any CPU.ActiveCfg = Release|Any CPU
		{59C04CCB-EBCC-420B-A0AF-8FCF8E00CC39}.Release|Any CPU.Build.0 = Release|Any CPU
		{59C04CCB-EBCC-420B-A0AF-8FCF8E00CC39}.Release|ARM.ActiveCfg = Release|Any CPU
		{59C04CCB-EBCC-420B-A0AF-8FCF8E00CC39}.Release|ARM.Build.0 = Release|Any CPU
		{59C04CCB-EBCC-420B-A0AF-8FCF8E00CC39}.Release|iPhone.ActiveCfg = Release|Any CPU
		{59C04CCB-EBCC-420B-A0AF-8FCF8E00CC39}.Release|iPhone.Build.0 = Release|Any CPU
		{59C04CCB-EBCC-420B-A0AF-8FCF8E00CC39}.Release|iPhoneSimulator.ActiveCfg = Release|Any CPU
		{59C04CCB-EBCC-420B-A0AF-8FCF8E00CC39}.Release|iPhoneSimulator.Build.0 = Release|Any CPU
		{59C04CCB-EBCC-420B-A0AF-8FCF8E00CC39}.Release|x64.ActiveCfg = Release|Any CPU
		{59C04CCB-EBCC-420B-A0AF-8FCF8E00CC39}.Release|x64.Build.0 = Release|Any CPU
		{59C04CCB-EBCC-420B-A0AF-8FCF8E00CC39}.Release|x86.ActiveCfg = Release|Any CPU
		{59C04CCB-EBCC-420B-A0AF-8FCF8E00CC39}.Release|x86.Build.0 = Release|Any CPU
		{81151681-59DD-4237-BBFC-B5F8F16D725C}.Debug|Any CPU.ActiveCfg = Debug|Any CPU
		{81151681-59DD-4237-BBFC-B5F8F16D725C}.Debug|Any CPU.Build.0 = Debug|Any CPU
		{81151681-59DD-4237-BBFC-B5F8F16D725C}.Debug|ARM.ActiveCfg = Debug|Any CPU
		{81151681-59DD-4237-BBFC-B5F8F16D725C}.Debug|ARM.Build.0 = Debug|Any CPU
		{81151681-59DD-4237-BBFC-B5F8F16D725C}.Debug|iPhone.ActiveCfg = Debug|Any CPU
		{81151681-59DD-4237-BBFC-B5F8F16D725C}.Debug|iPhone.Build.0 = Debug|Any CPU
		{81151681-59DD-4237-BBFC-B5F8F16D725C}.Debug|iPhoneSimulator.ActiveCfg = Debug|Any CPU
		{81151681-59DD-4237-BBFC-B5F8F16D725C}.Debug|iPhoneSimulator.Build.0 = Debug|Any CPU
		{81151681-59DD-4237-BBFC-B5F8F16D725C}.Debug|x64.ActiveCfg = Debug|Any CPU
		{81151681-59DD-4237-BBFC-B5F8F16D725C}.Debug|x64.Build.0 = Debug|Any CPU
		{81151681-59DD-4237-BBFC-B5F8F16D725C}.Debug|x86.ActiveCfg = Debug|Any CPU
		{81151681-59DD-4237-BBFC-B5F8F16D725C}.Debug|x86.Build.0 = Debug|Any CPU
		{81151681-59DD-4237-BBFC-B5F8F16D725C}.Release|Any CPU.ActiveCfg = Release|Any CPU
		{81151681-59DD-4237-BBFC-B5F8F16D725C}.Release|Any CPU.Build.0 = Release|Any CPU
		{81151681-59DD-4237-BBFC-B5F8F16D725C}.Release|ARM.ActiveCfg = Release|Any CPU
		{81151681-59DD-4237-BBFC-B5F8F16D725C}.Release|ARM.Build.0 = Release|Any CPU
		{81151681-59DD-4237-BBFC-B5F8F16D725C}.Release|iPhone.ActiveCfg = Release|Any CPU
		{81151681-59DD-4237-BBFC-B5F8F16D725C}.Release|iPhone.Build.0 = Release|Any CPU
		{81151681-59DD-4237-BBFC-B5F8F16D725C}.Release|iPhoneSimulator.ActiveCfg = Release|Any CPU
		{81151681-59DD-4237-BBFC-B5F8F16D725C}.Release|iPhoneSimulator.Build.0 = Release|Any CPU
		{81151681-59DD-4237-BBFC-B5F8F16D725C}.Release|x64.ActiveCfg = Release|Any CPU
		{81151681-59DD-4237-BBFC-B5F8F16D725C}.Release|x64.Build.0 = Release|Any CPU
		{81151681-59DD-4237-BBFC-B5F8F16D725C}.Release|x86.ActiveCfg = Release|Any CPU
		{81151681-59DD-4237-BBFC-B5F8F16D725C}.Release|x86.Build.0 = Release|Any CPU
	EndGlobalSection
	GlobalSection(SolutionProperties) = preSolution
		HideSolutionNode = FALSE
	EndGlobalSection
	GlobalSection(NestedProjects) = preSolution
		{0F5CB7BF-7FF8-447D-9DEC-8CD0D946D208} = {291B05EE-78EA-412F-9449-5EC4D5E0FC9C}
		{D377EF6C-1DBD-42B0-90F9-1DCBA7CE7E11} = {291B05EE-78EA-412F-9449-5EC4D5E0FC9C}
		{80BFF656-3BE0-4587-A6B3-DEEEE7B653AF} = {291B05EE-78EA-412F-9449-5EC4D5E0FC9C}
		{4685F3B9-3931-449C-8C10-158FA0DB4801} = {96FC6DCB-2238-4610-BF05-8F031669948C}
		{4CB7426E-EAF9-411E-A81B-35EE7984FB52} = {96FC6DCB-2238-4610-BF05-8F031669948C}
		{BB39BB4D-AB66-4BC7-8503-6F819A0FCF89} = {96FC6DCB-2238-4610-BF05-8F031669948C}
		{346040AD-D728-41CE-BA52-1FE66FBA6B46} = {96FC6DCB-2238-4610-BF05-8F031669948C}
		{C35B31DC-A0AD-49B5-BE1E-AE02FD21B06F} = {96FC6DCB-2238-4610-BF05-8F031669948C}
		{3925E1F3-2B9D-4095-8BAC-3B7976476A79} = {96FC6DCB-2238-4610-BF05-8F031669948C}
		{05239C76-D35B-42FF-BD67-C0476616B772} = {291B05EE-78EA-412F-9449-5EC4D5E0FC9C}
		{A0F9C378-2058-48EA-8B18-75284CD6CF8C} = {96FC6DCB-2238-4610-BF05-8F031669948C}
		{850EBECE-102D-4BA4-BF20-08309BF426B8} = {291B05EE-78EA-412F-9449-5EC4D5E0FC9C}
		{E51B208C-A63A-4EA2-93B6-8AE3C263BFA9} = {96FC6DCB-2238-4610-BF05-8F031669948C}
		{3B2108EE-754E-473A-B5FC-4C957A0C38C2} = {96FC6DCB-2238-4610-BF05-8F031669948C}
		{F2A5455C-7A84-45D1-9956-0CAF4A252685} = {291B05EE-78EA-412F-9449-5EC4D5E0FC9C}
		{10FD039D-C0D9-41C6-A581-CB15F649AB92} = {F2A5455C-7A84-45D1-9956-0CAF4A252685}
		{1E85F97F-E5AA-4D3B-8F00-5F4D26CBC7CF} = {F2A5455C-7A84-45D1-9956-0CAF4A252685}
		{5C3BA360-BCE9-4721-9837-793CD1B063A6} = {F2A5455C-7A84-45D1-9956-0CAF4A252685}
		{6DB1BD7B-52B0-49AD-80E7-C8B05948110D} = {F2A5455C-7A84-45D1-9956-0CAF4A252685}
		{5DBB4E03-13ED-4151-A780-7D0ACEC61103} = {96FC6DCB-2238-4610-BF05-8F031669948C}
		{186B412A-DCC2-4961-9E39-8B2CA0FF85E7} = {5DBB4E03-13ED-4151-A780-7D0ACEC61103}
		{A581D808-CFB5-4EF6-B79A-5A3BF586C18A} = {96FC6DCB-2238-4610-BF05-8F031669948C}
		{59C04CCB-EBCC-420B-A0AF-8FCF8E00CC39} = {291B05EE-78EA-412F-9449-5EC4D5E0FC9C}
		{81151681-59DD-4237-BBFC-B5F8F16D725C} = {291B05EE-78EA-412F-9449-5EC4D5E0FC9C}
	EndGlobalSection
	GlobalSection(ExtensibilityGlobals) = postSolution
		SolutionGuid = {935D1C59-A88C-491F-B27D-3B0CF8AF2605}
		EnterpriseLibraryConfigurationToolBinariesPathV6 = packages\EnterpriseLibrary.TransientFaultHandling.6.0.1304.0\lib\portable-net45+win+wp8;packages\EnterpriseLibrary.TransientFaultHandling.Data.6.0.1304.1\lib\NET45
	EndGlobalSection
EndGlobal
