
Microsoft Visual Studio Solution File, Format Version 12.00
# Visual Studio Version 16
VisualStudioVersion = 16.0.28407.52
MinimumVisualStudioVersion = 10.0.40219.1
Project("{2150E333-8FDC-42A3-9474-1A3956D46DE8}") = "Core", "Core", "{291B05EE-78EA-412F-9449-5EC4D5E0FC9C}"
EndProject
Project("{2150E333-8FDC-42A3-9474-1A3956D46DE8}") = ".build", ".build", "{ABD253A3-63FE-4FF0-8877-E872691E8D41}"
	ProjectSection(SolutionItems) = preProject
		..\azure-pipelines.yml = ..\azure-pipelines.yml
		Directory.Build.props = Directory.Build.props
		Pending.txt = Pending.txt
	EndProjectSection
EndProject
Project("{2150E333-8FDC-42A3-9474-1A3956D46DE8}") = "Sketches", "Sketches", "{D73E328B-68C4-499C-9532-A7D9ACC4F186}"
EndProject
Project("{FAE04EC0-301F-11D3-BF4B-00C04F79EFBC}") = "DemoWpf", "sketches\DemoWpf\DemoWpf.csproj", "{66FCC1D4-F7F6-4A76-B3C3-CC1924C1CF88}"
EndProject
Project("{9A19103F-16F7-4668-BE54-9A1E7A4F7556}") = "Fuxion", "core\Fuxion\Fuxion.csproj", "{0F5CB7BF-7FF8-447D-9DEC-8CD0D946D208}"
EndProject
Project("{2150E333-8FDC-42A3-9474-1A3956D46DE8}") = "Nuget Test", "Nuget Test", "{A8AE0158-9808-4C42-B617-77E1C68C4151}"
EndProject
Project("{FAE04EC0-301F-11D3-BF4B-00C04F79EFBC}") = "Net45", "sketches\Nuget Test\Net45\Net45.csproj", "{4813D9C9-B939-4FB9-A270-6C8748B0EAB0}"
EndProject
Project("{FAE04EC0-301F-11D3-BF4B-00C04F79EFBC}") = "Net46", "sketches\Nuget Test\Net46\Net46.csproj", "{1F810074-1000-41AF-A48E-0645407B9FF0}"
EndProject
Project("{FAE04EC0-301F-11D3-BF4B-00C04F79EFBC}") = "Net462", "sketches\Nuget Test\Net462\Net462.csproj", "{CBA41551-336C-4528-8ADF-C8CB72F2BAE9}"
EndProject
Project("{FAE04EC0-301F-11D3-BF4B-00C04F79EFBC}") = "Net47", "sketches\Nuget Test\Net47\Net47.csproj", "{947EED5C-4B4D-407A-A044-D691D18EBDAF}"
EndProject
Project("{FAE04EC0-301F-11D3-BF4B-00C04F79EFBC}") = "Net472", "sketches\Nuget Test\Net472\Net472.csproj", "{28E2D50D-7B27-4CE0-8867-3A03DC13159F}"
EndProject
Project("{FAE04EC0-301F-11D3-BF4B-00C04F79EFBC}") = "Net471", "sketches\Nuget Test\Net471\Net471.csproj", "{0CD6CC5B-DA0C-497A-B52E-8CB2E9BAEFCD}"
EndProject
Project("{9A19103F-16F7-4668-BE54-9A1E7A4F7556}") = "Core21", "sketches\Nuget Test\Core21\Core21.csproj", "{F6EC05E1-F6AC-4CCA-8E71-9B6FB2073A64}"
EndProject
Project("{9A19103F-16F7-4668-BE54-9A1E7A4F7556}") = "Fuxion.Domain", "core\Domain\Fuxion.Domain.csproj", "{D377EF6C-1DBD-42B0-90F9-1DCBA7CE7E11}"
EndProject
Project("{9A19103F-16F7-4668-BE54-9A1E7A4F7556}") = "Fuxion.Application", "core\Application\Fuxion.Application.csproj", "{80BFF656-3BE0-4587-A6B3-DEEEE7B653AF}"
EndProject
Project("{2150E333-8FDC-42A3-9474-1A3956D46DE8}") = "Infrastructure", "Infrastructure", "{96FC6DCB-2238-4610-BF05-8F031669948C}"
EndProject
Project("{9A19103F-16F7-4668-BE54-9A1E7A4F7556}") = "Fuxion.AutoMapper", "Infrastructure\AutoMapper\Fuxion.AutoMapper.csproj", "{4685F3B9-3931-449C-8C10-158FA0DB4801}"
EndProject
Project("{9A19103F-16F7-4668-BE54-9A1E7A4F7556}") = "Fuxion.EntityFrameworkCore", "Infrastructure\EntityFrameworkCore\Fuxion.EntityFrameworkCore.csproj", "{4CB7426E-EAF9-411E-A81B-35EE7984FB52}"
EndProject
Project("{9A19103F-16F7-4668-BE54-9A1E7A4F7556}") = "Fuxion.EventStore", "Infrastructure\EventStore\Fuxion.EventStore.csproj", "{BB39BB4D-AB66-4BC7-8503-6F819A0FCF89}"
EndProject
Project("{9A19103F-16F7-4668-BE54-9A1E7A4F7556}") = "Fuxion.MongoDB", "Infrastructure\MongoDB\Fuxion.MongoDB.csproj", "{346040AD-D728-41CE-BA52-1FE66FBA6B46}"
EndProject
Project("{9A19103F-16F7-4668-BE54-9A1E7A4F7556}") = "Fuxion.RabbitMQ", "Infrastructure\RabbitMQ\Fuxion.RabbitMQ.csproj", "{C35B31DC-A0AD-49B5-BE1E-AE02FD21B06F}"
EndProject
Project("{9A19103F-16F7-4668-BE54-9A1E7A4F7556}") = "Fuxion.AspNet", "Infrastructure\AspNet\Fuxion.AspNet.csproj", "{769E3A19-BEED-4FC3-B87B-E2664A67AA7C}"
EndProject
Project("{2150E333-8FDC-42A3-9474-1A3956D46DE8}") = "Test", "Test", "{EA6BDD38-352C-4A52-98DE-EFA66226A78D}"
EndProject
Project("{9A19103F-16F7-4668-BE54-9A1E7A4F7556}") = "Fuxion.EntityFramework", "Infrastructure\EntityFramework\Fuxion.EntityFramework.csproj", "{3925E1F3-2B9D-4095-8BAC-3B7976476A79}"
EndProject
Project("{9A19103F-16F7-4668-BE54-9A1E7A4F7556}") = "Fuxion.Identity", "Core\Identity\Fuxion.Identity.csproj", "{05239C76-D35B-42FF-BD67-C0476616B772}"
EndProject
Project("{2150E333-8FDC-42A3-9474-1A3956D46DE8}") = "Test", "Test", "{7F571708-841B-4184-AF62-D2127502FD7E}"
EndProject
Project("{9A19103F-16F7-4668-BE54-9A1E7A4F7556}") = "Fuxion.Test", "Core\Test\Fuxion.Test\Fuxion.Test.csproj", "{BF0816DA-9BF0-4A47-B4BD-1148E48439A1}"
EndProject
Project("{9A19103F-16F7-4668-BE54-9A1E7A4F7556}") = "Fuxion.Identity.Test", "Core\Test\Fuxion.Identity.Test\Fuxion.Identity.Test.csproj", "{3C19CF94-F9FE-4FC8-BFB4-BBC3918AB537}"
EndProject
Project("{9A19103F-16F7-4668-BE54-9A1E7A4F7556}") = "Fuxion.Identity.DatabaseTest", "Core\Test\Fuxion.Identity.DatabaseTest\Fuxion.Identity.DatabaseTest.csproj", "{50BA43CD-5980-49C5-B2F6-24E5A8CEB24C}"
EndProject
Project("{9A19103F-16F7-4668-BE54-9A1E7A4F7556}") = "Fuxion.Identity.DatabaseEFTest", "Core\Test\Fuxion.Identity.DatabaseEFTest\Fuxion.Identity.DatabaseEFTest.csproj", "{012583C8-4037-4AF1-A544-AD103F4B004D}"
EndProject
Project("{9A19103F-16F7-4668-BE54-9A1E7A4F7556}") = "Fuxion.SimpleInjector", "Infrastructure\SimpleInjector\Fuxion.SimpleInjector.csproj", "{7E328E42-4948-436B-B292-18D0E6D72DAF}"
EndProject
Project("{9A19103F-16F7-4668-BE54-9A1E7A4F7556}") = "Fuxion.Log4net", "Infrastructure\Log4net\Fuxion.Log4net.csproj", "{B58A0A0C-D6D9-42F2-833F-C7D8AD9204BE}"
EndProject
Project("{9A19103F-16F7-4668-BE54-9A1E7A4F7556}") = "Fuxion.Windows", "Infrastructure\Windows\Fuxion.Windows.csproj", "{A0F9C378-2058-48EA-8B18-75284CD6CF8C}"
EndProject
Project("{9A19103F-16F7-4668-BE54-9A1E7A4F7556}") = "Fuxion.Licensing", "Core\Licensing\Fuxion.Licensing.csproj", "{850EBECE-102D-4BA4-BF20-08309BF426B8}"
EndProject
Project("{9A19103F-16F7-4668-BE54-9A1E7A4F7556}") = "Fuxion.Licensing.Test", "Core\Test\Fuxion.Licensing.Test\Fuxion.Licensing.Test.csproj", "{3C4DB006-A025-4A7D-92B4-1DC638D7A71F}"
EndProject
Project("{9A19103F-16F7-4668-BE54-9A1E7A4F7556}") = "Fuxion.Windows.Controls", "Infrastructure\Windows.Controls\Fuxion.Windows.Controls.csproj", "{E51B208C-A63A-4EA2-93B6-8AE3C263BFA9}"
EndProject
Project("{9A19103F-16F7-4668-BE54-9A1E7A4F7556}") = "Fuxion.Windows.Test", "Infrastructure\Test\Fuxion.Windows.Test\Fuxion.Windows.Test.csproj", "{1B8FD620-89F8-40CF-A818-248D583D08CE}"
EndProject
Project("{9A19103F-16F7-4668-BE54-9A1E7A4F7556}") = "Fuxion.EntityFramework.Test", "Infrastructure\Test\Fuxion.EntityFramework.Test\Fuxion.EntityFramework.Test.csproj", "{A727597B-02FA-47A6-B036-DC4ABE56AEF0}"
EndProject
Project("{9A19103F-16F7-4668-BE54-9A1E7A4F7556}") = "Fuxion.Domain.Test", "Core\Test\Fuxion.Domain.Test\Fuxion.Domain.Test.csproj", "{B5365DB4-CF53-45DF-97E7-75706888AE64}"
EndProject
Project("{9A19103F-16F7-4668-BE54-9A1E7A4F7556}") = "Fuxion.AspNetCore", "Infrastructure\AspNetCore\Fuxion.AspNetCore.csproj", "{3B2108EE-754E-473A-B5FC-4C957A0C38C2}"
EndProject
Project("{9A19103F-16F7-4668-BE54-9A1E7A4F7556}") = "Fuxion.Shell", "core\Shell\Fuxion.Shell.csproj", "{F876E12B-C7D6-416A-9F0C-36FA8564DED6}"
EndProject
Project("{2150E333-8FDC-42A3-9474-1A3956D46DE8}") = "Ordinem", "Ordinem", "{AD4FD059-1EAB-4DFA-BFA2-1B313C04BB52}"
EndProject
Project("{2150E333-8FDC-42A3-9474-1A3956D46DE8}") = "Shell", "Shell", "{0AD67880-AFE2-483F-82AD-44E0866E9935}"
EndProject
Project("{2150E333-8FDC-42A3-9474-1A3956D46DE8}") = "Wpf", "Wpf", "{1D04AE3D-7578-4053-9FCD-ADFF3E7CFB65}"
EndProject
Project("{2150E333-8FDC-42A3-9474-1A3956D46DE8}") = "Xamarin", "Xamarin", "{094C4753-8487-4684-9FF6-EE27F2340127}"
EndProject
Project("{2150E333-8FDC-42A3-9474-1A3956D46DE8}") = "Web", "Web", "{2F6DF197-E18F-4CD5-AB7A-361548987024}"
EndProject
Project("{9A19103F-16F7-4668-BE54-9A1E7A4F7556}") = "Ordinem.Shell.Wpf.Launcher", "Ordinem\Shell\Wpf\Launcher\Ordinem.Shell.Wpf.Launcher.csproj", "{E3C8718B-6C47-44A4-AB01-8B14014C9692}"
EndProject
Project("{2150E333-8FDC-42A3-9474-1A3956D46DE8}") = "Tasks", "Tasks", "{8391792B-6274-4B86-83D4-F46D045ADF7B}"
EndProject
Project("{9A19103F-16F7-4668-BE54-9A1E7A4F7556}") = "Ordinem.Tasks.Service", "Ordinem\Tasks\Service\Ordinem.Tasks.Service.csproj", "{4CD12075-B66B-414B-BAFA-848896585A3D}"
EndProject
Project("{9A19103F-16F7-4668-BE54-9A1E7A4F7556}") = "Ordinem.Tasks.Domain", "Ordinem\Tasks\Domain\Ordinem.Tasks.Domain.csproj", "{76C05531-2116-41D0-B706-B072D6102F72}"
EndProject
Project("{9A19103F-16F7-4668-BE54-9A1E7A4F7556}") = "Ordinem.Tasks.Application", "Ordinem\Tasks\Application\Ordinem.Tasks.Application.csproj", "{3D70D064-CA46-4A3C-8B0A-D74A0540A18E}"
EndProject
Project("{9A19103F-16F7-4668-BE54-9A1E7A4F7556}") = "Ordinem.Tasks.Projection", "Ordinem\Tasks\Projection\Ordinem.Tasks.Projection.csproj", "{11BDF26A-DC28-47CB-9122-5289C8766CB6}"
EndProject
Project("{9A19103F-16F7-4668-BE54-9A1E7A4F7556}") = "Ordinem.Shell.Wpf.Gateway", "Ordinem\Shell\Wpf\Gateway\Ordinem.Shell.Wpf.Gateway.csproj", "{C894C9E3-9529-4045-BB90-6A7FD6EACC2F}"
EndProject
Project("{9A19103F-16F7-4668-BE54-9A1E7A4F7556}") = "Ordinem.Tasks.Test", "Ordinem\Tasks\Test\Ordinem.Tasks.Test.csproj", "{200DC700-F2C2-4706-804D-76ABA9ACEAD0}"
EndProject
Project("{9A19103F-16F7-4668-BE54-9A1E7A4F7556}") = "Core30", "Sketches\Nuget Test\Core30\Core30.csproj", "{69778CE1-5658-46A5-A2B8-3FB1F2F5693E}"
EndProject
Project("{2150E333-8FDC-42A3-9474-1A3956D46DE8}") = "Calendar", "Calendar", "{D62FFAB8-0801-4779-AA9B-470998BE9040}"
EndProject
Project("{9A19103F-16F7-4668-BE54-9A1E7A4F7556}") = "Ordinem.Calendar.Domain", "Ordinem\Calendar\Domain\Ordinem.Calendar.Domain.csproj", "{A5485E12-9F9E-44DA-8E96-9A6358CC8F42}"
EndProject
Project("{9A19103F-16F7-4668-BE54-9A1E7A4F7556}") = "Ordinem.Calendar.Application", "Ordinem\Calendar\Application\Ordinem.Calendar.Application.csproj", "{801758EF-8958-4456-BC27-C5A74D53E8E8}"
EndProject
Project("{9A19103F-16F7-4668-BE54-9A1E7A4F7556}") = "Ordinem.Calendar.Service", "Ordinem\Calendar\Service\Ordinem.Calendar.Service.csproj", "{DCA512FF-7CF7-473D-B21A-14B36AFC4AF7}"
EndProject
Project("{9A19103F-16F7-4668-BE54-9A1E7A4F7556}") = "Ordinem.Calendar.Projection", "Ordinem\Calendar\Projection\Ordinem.Calendar.Projection.csproj", "{A4A04BA3-C939-419B-BBCF-5FBC7BE970AF}"
EndProject
Project("{9A19103F-16F7-4668-BE54-9A1E7A4F7556}") = "Ordinem.Tasks.Shell.Wpf", "Ordinem\Tasks\Shell\Wpf\Ordinem.Tasks.Shell.Wpf.csproj", "{EE846FCD-2E64-4263-A96F-9E6F308D97ED}"
EndProject
Project("{9A19103F-16F7-4668-BE54-9A1E7A4F7556}") = "Ordinem.Calendar.Shell.Wpf", "Ordinem\Calendar\Shell\Wpf\Ordinem.Calendar.Shell.Wpf.csproj", "{C29DB39E-D32C-4692-A6A7-9CA77DEB72BF}"
EndProject
Global
	GlobalSection(SolutionConfigurationPlatforms) = preSolution
		Debug|Any CPU = Debug|Any CPU
		Debug|ARM = Debug|ARM
		Debug|x64 = Debug|x64
		Debug|x86 = Debug|x86
		Release|Any CPU = Release|Any CPU
		Release|ARM = Release|ARM
		Release|x64 = Release|x64
		Release|x86 = Release|x86
	EndGlobalSection
	GlobalSection(ProjectConfigurationPlatforms) = postSolution
		{66FCC1D4-F7F6-4A76-B3C3-CC1924C1CF88}.Debug|Any CPU.ActiveCfg = Debug|Any CPU
		{66FCC1D4-F7F6-4A76-B3C3-CC1924C1CF88}.Debug|Any CPU.Build.0 = Debug|Any CPU
		{66FCC1D4-F7F6-4A76-B3C3-CC1924C1CF88}.Debug|ARM.ActiveCfg = Debug|Any CPU
		{66FCC1D4-F7F6-4A76-B3C3-CC1924C1CF88}.Debug|ARM.Build.0 = Debug|Any CPU
		{66FCC1D4-F7F6-4A76-B3C3-CC1924C1CF88}.Debug|x64.ActiveCfg = Debug|Any CPU
		{66FCC1D4-F7F6-4A76-B3C3-CC1924C1CF88}.Debug|x64.Build.0 = Debug|Any CPU
		{66FCC1D4-F7F6-4A76-B3C3-CC1924C1CF88}.Debug|x86.ActiveCfg = Debug|Any CPU
		{66FCC1D4-F7F6-4A76-B3C3-CC1924C1CF88}.Debug|x86.Build.0 = Debug|Any CPU
		{66FCC1D4-F7F6-4A76-B3C3-CC1924C1CF88}.Release|Any CPU.ActiveCfg = Release|Any CPU
		{66FCC1D4-F7F6-4A76-B3C3-CC1924C1CF88}.Release|Any CPU.Build.0 = Release|Any CPU
		{66FCC1D4-F7F6-4A76-B3C3-CC1924C1CF88}.Release|ARM.ActiveCfg = Release|Any CPU
		{66FCC1D4-F7F6-4A76-B3C3-CC1924C1CF88}.Release|ARM.Build.0 = Release|Any CPU
		{66FCC1D4-F7F6-4A76-B3C3-CC1924C1CF88}.Release|x64.ActiveCfg = Release|Any CPU
		{66FCC1D4-F7F6-4A76-B3C3-CC1924C1CF88}.Release|x64.Build.0 = Release|Any CPU
		{66FCC1D4-F7F6-4A76-B3C3-CC1924C1CF88}.Release|x86.ActiveCfg = Release|Any CPU
		{66FCC1D4-F7F6-4A76-B3C3-CC1924C1CF88}.Release|x86.Build.0 = Release|Any CPU
		{0F5CB7BF-7FF8-447D-9DEC-8CD0D946D208}.Debug|Any CPU.ActiveCfg = Debug|Any CPU
		{0F5CB7BF-7FF8-447D-9DEC-8CD0D946D208}.Debug|Any CPU.Build.0 = Debug|Any CPU
		{0F5CB7BF-7FF8-447D-9DEC-8CD0D946D208}.Debug|ARM.ActiveCfg = Debug|Any CPU
		{0F5CB7BF-7FF8-447D-9DEC-8CD0D946D208}.Debug|ARM.Build.0 = Debug|Any CPU
		{0F5CB7BF-7FF8-447D-9DEC-8CD0D946D208}.Debug|x64.ActiveCfg = Debug|Any CPU
		{0F5CB7BF-7FF8-447D-9DEC-8CD0D946D208}.Debug|x64.Build.0 = Debug|Any CPU
		{0F5CB7BF-7FF8-447D-9DEC-8CD0D946D208}.Debug|x86.ActiveCfg = Debug|Any CPU
		{0F5CB7BF-7FF8-447D-9DEC-8CD0D946D208}.Debug|x86.Build.0 = Debug|Any CPU
		{0F5CB7BF-7FF8-447D-9DEC-8CD0D946D208}.Release|Any CPU.ActiveCfg = Release|Any CPU
		{0F5CB7BF-7FF8-447D-9DEC-8CD0D946D208}.Release|Any CPU.Build.0 = Release|Any CPU
		{0F5CB7BF-7FF8-447D-9DEC-8CD0D946D208}.Release|ARM.ActiveCfg = Release|Any CPU
		{0F5CB7BF-7FF8-447D-9DEC-8CD0D946D208}.Release|ARM.Build.0 = Release|Any CPU
		{0F5CB7BF-7FF8-447D-9DEC-8CD0D946D208}.Release|x64.ActiveCfg = Release|Any CPU
		{0F5CB7BF-7FF8-447D-9DEC-8CD0D946D208}.Release|x64.Build.0 = Release|Any CPU
		{0F5CB7BF-7FF8-447D-9DEC-8CD0D946D208}.Release|x86.ActiveCfg = Release|Any CPU
		{0F5CB7BF-7FF8-447D-9DEC-8CD0D946D208}.Release|x86.Build.0 = Release|Any CPU
		{4813D9C9-B939-4FB9-A270-6C8748B0EAB0}.Debug|Any CPU.ActiveCfg = Debug|Any CPU
		{4813D9C9-B939-4FB9-A270-6C8748B0EAB0}.Debug|Any CPU.Build.0 = Debug|Any CPU
		{4813D9C9-B939-4FB9-A270-6C8748B0EAB0}.Debug|ARM.ActiveCfg = Debug|Any CPU
		{4813D9C9-B939-4FB9-A270-6C8748B0EAB0}.Debug|ARM.Build.0 = Debug|Any CPU
		{4813D9C9-B939-4FB9-A270-6C8748B0EAB0}.Debug|x64.ActiveCfg = Debug|Any CPU
		{4813D9C9-B939-4FB9-A270-6C8748B0EAB0}.Debug|x64.Build.0 = Debug|Any CPU
		{4813D9C9-B939-4FB9-A270-6C8748B0EAB0}.Debug|x86.ActiveCfg = Debug|Any CPU
		{4813D9C9-B939-4FB9-A270-6C8748B0EAB0}.Debug|x86.Build.0 = Debug|Any CPU
		{4813D9C9-B939-4FB9-A270-6C8748B0EAB0}.Release|Any CPU.ActiveCfg = Release|Any CPU
		{4813D9C9-B939-4FB9-A270-6C8748B0EAB0}.Release|Any CPU.Build.0 = Release|Any CPU
		{4813D9C9-B939-4FB9-A270-6C8748B0EAB0}.Release|ARM.ActiveCfg = Release|Any CPU
		{4813D9C9-B939-4FB9-A270-6C8748B0EAB0}.Release|ARM.Build.0 = Release|Any CPU
		{4813D9C9-B939-4FB9-A270-6C8748B0EAB0}.Release|x64.ActiveCfg = Release|Any CPU
		{4813D9C9-B939-4FB9-A270-6C8748B0EAB0}.Release|x64.Build.0 = Release|Any CPU
		{4813D9C9-B939-4FB9-A270-6C8748B0EAB0}.Release|x86.ActiveCfg = Release|Any CPU
		{4813D9C9-B939-4FB9-A270-6C8748B0EAB0}.Release|x86.Build.0 = Release|Any CPU
		{1F810074-1000-41AF-A48E-0645407B9FF0}.Debug|Any CPU.ActiveCfg = Debug|Any CPU
		{1F810074-1000-41AF-A48E-0645407B9FF0}.Debug|Any CPU.Build.0 = Debug|Any CPU
		{1F810074-1000-41AF-A48E-0645407B9FF0}.Debug|ARM.ActiveCfg = Debug|Any CPU
		{1F810074-1000-41AF-A48E-0645407B9FF0}.Debug|ARM.Build.0 = Debug|Any CPU
		{1F810074-1000-41AF-A48E-0645407B9FF0}.Debug|x64.ActiveCfg = Debug|Any CPU
		{1F810074-1000-41AF-A48E-0645407B9FF0}.Debug|x64.Build.0 = Debug|Any CPU
		{1F810074-1000-41AF-A48E-0645407B9FF0}.Debug|x86.ActiveCfg = Debug|Any CPU
		{1F810074-1000-41AF-A48E-0645407B9FF0}.Debug|x86.Build.0 = Debug|Any CPU
		{1F810074-1000-41AF-A48E-0645407B9FF0}.Release|Any CPU.ActiveCfg = Release|Any CPU
		{1F810074-1000-41AF-A48E-0645407B9FF0}.Release|Any CPU.Build.0 = Release|Any CPU
		{1F810074-1000-41AF-A48E-0645407B9FF0}.Release|ARM.ActiveCfg = Release|Any CPU
		{1F810074-1000-41AF-A48E-0645407B9FF0}.Release|ARM.Build.0 = Release|Any CPU
		{1F810074-1000-41AF-A48E-0645407B9FF0}.Release|x64.ActiveCfg = Release|Any CPU
		{1F810074-1000-41AF-A48E-0645407B9FF0}.Release|x64.Build.0 = Release|Any CPU
		{1F810074-1000-41AF-A48E-0645407B9FF0}.Release|x86.ActiveCfg = Release|Any CPU
		{1F810074-1000-41AF-A48E-0645407B9FF0}.Release|x86.Build.0 = Release|Any CPU
		{CBA41551-336C-4528-8ADF-C8CB72F2BAE9}.Debug|Any CPU.ActiveCfg = Debug|Any CPU
		{CBA41551-336C-4528-8ADF-C8CB72F2BAE9}.Debug|Any CPU.Build.0 = Debug|Any CPU
		{CBA41551-336C-4528-8ADF-C8CB72F2BAE9}.Debug|ARM.ActiveCfg = Debug|Any CPU
		{CBA41551-336C-4528-8ADF-C8CB72F2BAE9}.Debug|ARM.Build.0 = Debug|Any CPU
		{CBA41551-336C-4528-8ADF-C8CB72F2BAE9}.Debug|x64.ActiveCfg = Debug|Any CPU
		{CBA41551-336C-4528-8ADF-C8CB72F2BAE9}.Debug|x64.Build.0 = Debug|Any CPU
		{CBA41551-336C-4528-8ADF-C8CB72F2BAE9}.Debug|x86.ActiveCfg = Debug|Any CPU
		{CBA41551-336C-4528-8ADF-C8CB72F2BAE9}.Debug|x86.Build.0 = Debug|Any CPU
		{CBA41551-336C-4528-8ADF-C8CB72F2BAE9}.Release|Any CPU.ActiveCfg = Release|Any CPU
		{CBA41551-336C-4528-8ADF-C8CB72F2BAE9}.Release|Any CPU.Build.0 = Release|Any CPU
		{CBA41551-336C-4528-8ADF-C8CB72F2BAE9}.Release|ARM.ActiveCfg = Release|Any CPU
		{CBA41551-336C-4528-8ADF-C8CB72F2BAE9}.Release|ARM.Build.0 = Release|Any CPU
		{CBA41551-336C-4528-8ADF-C8CB72F2BAE9}.Release|x64.ActiveCfg = Release|Any CPU
		{CBA41551-336C-4528-8ADF-C8CB72F2BAE9}.Release|x64.Build.0 = Release|Any CPU
		{CBA41551-336C-4528-8ADF-C8CB72F2BAE9}.Release|x86.ActiveCfg = Release|Any CPU
		{CBA41551-336C-4528-8ADF-C8CB72F2BAE9}.Release|x86.Build.0 = Release|Any CPU
		{947EED5C-4B4D-407A-A044-D691D18EBDAF}.Debug|Any CPU.ActiveCfg = Debug|Any CPU
		{947EED5C-4B4D-407A-A044-D691D18EBDAF}.Debug|Any CPU.Build.0 = Debug|Any CPU
		{947EED5C-4B4D-407A-A044-D691D18EBDAF}.Debug|ARM.ActiveCfg = Debug|Any CPU
		{947EED5C-4B4D-407A-A044-D691D18EBDAF}.Debug|ARM.Build.0 = Debug|Any CPU
		{947EED5C-4B4D-407A-A044-D691D18EBDAF}.Debug|x64.ActiveCfg = Debug|Any CPU
		{947EED5C-4B4D-407A-A044-D691D18EBDAF}.Debug|x64.Build.0 = Debug|Any CPU
		{947EED5C-4B4D-407A-A044-D691D18EBDAF}.Debug|x86.ActiveCfg = Debug|Any CPU
		{947EED5C-4B4D-407A-A044-D691D18EBDAF}.Debug|x86.Build.0 = Debug|Any CPU
		{947EED5C-4B4D-407A-A044-D691D18EBDAF}.Release|Any CPU.ActiveCfg = Release|Any CPU
		{947EED5C-4B4D-407A-A044-D691D18EBDAF}.Release|Any CPU.Build.0 = Release|Any CPU
		{947EED5C-4B4D-407A-A044-D691D18EBDAF}.Release|ARM.ActiveCfg = Release|Any CPU
		{947EED5C-4B4D-407A-A044-D691D18EBDAF}.Release|ARM.Build.0 = Release|Any CPU
		{947EED5C-4B4D-407A-A044-D691D18EBDAF}.Release|x64.ActiveCfg = Release|Any CPU
		{947EED5C-4B4D-407A-A044-D691D18EBDAF}.Release|x64.Build.0 = Release|Any CPU
		{947EED5C-4B4D-407A-A044-D691D18EBDAF}.Release|x86.ActiveCfg = Release|Any CPU
		{947EED5C-4B4D-407A-A044-D691D18EBDAF}.Release|x86.Build.0 = Release|Any CPU
		{28E2D50D-7B27-4CE0-8867-3A03DC13159F}.Debug|Any CPU.ActiveCfg = Debug|Any CPU
		{28E2D50D-7B27-4CE0-8867-3A03DC13159F}.Debug|Any CPU.Build.0 = Debug|Any CPU
		{28E2D50D-7B27-4CE0-8867-3A03DC13159F}.Debug|ARM.ActiveCfg = Debug|Any CPU
		{28E2D50D-7B27-4CE0-8867-3A03DC13159F}.Debug|ARM.Build.0 = Debug|Any CPU
		{28E2D50D-7B27-4CE0-8867-3A03DC13159F}.Debug|x64.ActiveCfg = Debug|Any CPU
		{28E2D50D-7B27-4CE0-8867-3A03DC13159F}.Debug|x64.Build.0 = Debug|Any CPU
		{28E2D50D-7B27-4CE0-8867-3A03DC13159F}.Debug|x86.ActiveCfg = Debug|Any CPU
		{28E2D50D-7B27-4CE0-8867-3A03DC13159F}.Debug|x86.Build.0 = Debug|Any CPU
		{28E2D50D-7B27-4CE0-8867-3A03DC13159F}.Release|Any CPU.ActiveCfg = Release|Any CPU
		{28E2D50D-7B27-4CE0-8867-3A03DC13159F}.Release|Any CPU.Build.0 = Release|Any CPU
		{28E2D50D-7B27-4CE0-8867-3A03DC13159F}.Release|ARM.ActiveCfg = Release|Any CPU
		{28E2D50D-7B27-4CE0-8867-3A03DC13159F}.Release|ARM.Build.0 = Release|Any CPU
		{28E2D50D-7B27-4CE0-8867-3A03DC13159F}.Release|x64.ActiveCfg = Release|Any CPU
		{28E2D50D-7B27-4CE0-8867-3A03DC13159F}.Release|x64.Build.0 = Release|Any CPU
		{28E2D50D-7B27-4CE0-8867-3A03DC13159F}.Release|x86.ActiveCfg = Release|Any CPU
		{28E2D50D-7B27-4CE0-8867-3A03DC13159F}.Release|x86.Build.0 = Release|Any CPU
		{0CD6CC5B-DA0C-497A-B52E-8CB2E9BAEFCD}.Debug|Any CPU.ActiveCfg = Debug|Any CPU
		{0CD6CC5B-DA0C-497A-B52E-8CB2E9BAEFCD}.Debug|Any CPU.Build.0 = Debug|Any CPU
		{0CD6CC5B-DA0C-497A-B52E-8CB2E9BAEFCD}.Debug|ARM.ActiveCfg = Debug|Any CPU
		{0CD6CC5B-DA0C-497A-B52E-8CB2E9BAEFCD}.Debug|ARM.Build.0 = Debug|Any CPU
		{0CD6CC5B-DA0C-497A-B52E-8CB2E9BAEFCD}.Debug|x64.ActiveCfg = Debug|Any CPU
		{0CD6CC5B-DA0C-497A-B52E-8CB2E9BAEFCD}.Debug|x64.Build.0 = Debug|Any CPU
		{0CD6CC5B-DA0C-497A-B52E-8CB2E9BAEFCD}.Debug|x86.ActiveCfg = Debug|Any CPU
		{0CD6CC5B-DA0C-497A-B52E-8CB2E9BAEFCD}.Debug|x86.Build.0 = Debug|Any CPU
		{0CD6CC5B-DA0C-497A-B52E-8CB2E9BAEFCD}.Release|Any CPU.ActiveCfg = Release|Any CPU
		{0CD6CC5B-DA0C-497A-B52E-8CB2E9BAEFCD}.Release|Any CPU.Build.0 = Release|Any CPU
		{0CD6CC5B-DA0C-497A-B52E-8CB2E9BAEFCD}.Release|ARM.ActiveCfg = Release|Any CPU
		{0CD6CC5B-DA0C-497A-B52E-8CB2E9BAEFCD}.Release|ARM.Build.0 = Release|Any CPU
		{0CD6CC5B-DA0C-497A-B52E-8CB2E9BAEFCD}.Release|x64.ActiveCfg = Release|Any CPU
		{0CD6CC5B-DA0C-497A-B52E-8CB2E9BAEFCD}.Release|x64.Build.0 = Release|Any CPU
		{0CD6CC5B-DA0C-497A-B52E-8CB2E9BAEFCD}.Release|x86.ActiveCfg = Release|Any CPU
		{0CD6CC5B-DA0C-497A-B52E-8CB2E9BAEFCD}.Release|x86.Build.0 = Release|Any CPU
		{F6EC05E1-F6AC-4CCA-8E71-9B6FB2073A64}.Debug|Any CPU.ActiveCfg = Debug|Any CPU
		{F6EC05E1-F6AC-4CCA-8E71-9B6FB2073A64}.Debug|Any CPU.Build.0 = Debug|Any CPU
		{F6EC05E1-F6AC-4CCA-8E71-9B6FB2073A64}.Debug|ARM.ActiveCfg = Debug|Any CPU
		{F6EC05E1-F6AC-4CCA-8E71-9B6FB2073A64}.Debug|ARM.Build.0 = Debug|Any CPU
		{F6EC05E1-F6AC-4CCA-8E71-9B6FB2073A64}.Debug|x64.ActiveCfg = Debug|Any CPU
		{F6EC05E1-F6AC-4CCA-8E71-9B6FB2073A64}.Debug|x64.Build.0 = Debug|Any CPU
		{F6EC05E1-F6AC-4CCA-8E71-9B6FB2073A64}.Debug|x86.ActiveCfg = Debug|Any CPU
		{F6EC05E1-F6AC-4CCA-8E71-9B6FB2073A64}.Debug|x86.Build.0 = Debug|Any CPU
		{F6EC05E1-F6AC-4CCA-8E71-9B6FB2073A64}.Release|Any CPU.ActiveCfg = Release|Any CPU
		{F6EC05E1-F6AC-4CCA-8E71-9B6FB2073A64}.Release|Any CPU.Build.0 = Release|Any CPU
		{F6EC05E1-F6AC-4CCA-8E71-9B6FB2073A64}.Release|ARM.ActiveCfg = Release|Any CPU
		{F6EC05E1-F6AC-4CCA-8E71-9B6FB2073A64}.Release|ARM.Build.0 = Release|Any CPU
		{F6EC05E1-F6AC-4CCA-8E71-9B6FB2073A64}.Release|x64.ActiveCfg = Release|Any CPU
		{F6EC05E1-F6AC-4CCA-8E71-9B6FB2073A64}.Release|x64.Build.0 = Release|Any CPU
		{F6EC05E1-F6AC-4CCA-8E71-9B6FB2073A64}.Release|x86.ActiveCfg = Release|Any CPU
		{F6EC05E1-F6AC-4CCA-8E71-9B6FB2073A64}.Release|x86.Build.0 = Release|Any CPU
		{D377EF6C-1DBD-42B0-90F9-1DCBA7CE7E11}.Debug|Any CPU.ActiveCfg = Debug|Any CPU
		{D377EF6C-1DBD-42B0-90F9-1DCBA7CE7E11}.Debug|Any CPU.Build.0 = Debug|Any CPU
		{D377EF6C-1DBD-42B0-90F9-1DCBA7CE7E11}.Debug|ARM.ActiveCfg = Debug|Any CPU
		{D377EF6C-1DBD-42B0-90F9-1DCBA7CE7E11}.Debug|ARM.Build.0 = Debug|Any CPU
		{D377EF6C-1DBD-42B0-90F9-1DCBA7CE7E11}.Debug|x64.ActiveCfg = Debug|Any CPU
		{D377EF6C-1DBD-42B0-90F9-1DCBA7CE7E11}.Debug|x64.Build.0 = Debug|Any CPU
		{D377EF6C-1DBD-42B0-90F9-1DCBA7CE7E11}.Debug|x86.ActiveCfg = Debug|Any CPU
		{D377EF6C-1DBD-42B0-90F9-1DCBA7CE7E11}.Debug|x86.Build.0 = Debug|Any CPU
		{D377EF6C-1DBD-42B0-90F9-1DCBA7CE7E11}.Release|Any CPU.ActiveCfg = Release|Any CPU
		{D377EF6C-1DBD-42B0-90F9-1DCBA7CE7E11}.Release|Any CPU.Build.0 = Release|Any CPU
		{D377EF6C-1DBD-42B0-90F9-1DCBA7CE7E11}.Release|ARM.ActiveCfg = Release|Any CPU
		{D377EF6C-1DBD-42B0-90F9-1DCBA7CE7E11}.Release|ARM.Build.0 = Release|Any CPU
		{D377EF6C-1DBD-42B0-90F9-1DCBA7CE7E11}.Release|x64.ActiveCfg = Release|Any CPU
		{D377EF6C-1DBD-42B0-90F9-1DCBA7CE7E11}.Release|x64.Build.0 = Release|Any CPU
		{D377EF6C-1DBD-42B0-90F9-1DCBA7CE7E11}.Release|x86.ActiveCfg = Release|Any CPU
		{D377EF6C-1DBD-42B0-90F9-1DCBA7CE7E11}.Release|x86.Build.0 = Release|Any CPU
		{80BFF656-3BE0-4587-A6B3-DEEEE7B653AF}.Debug|Any CPU.ActiveCfg = Debug|Any CPU
		{80BFF656-3BE0-4587-A6B3-DEEEE7B653AF}.Debug|Any CPU.Build.0 = Debug|Any CPU
		{80BFF656-3BE0-4587-A6B3-DEEEE7B653AF}.Debug|ARM.ActiveCfg = Debug|Any CPU
		{80BFF656-3BE0-4587-A6B3-DEEEE7B653AF}.Debug|ARM.Build.0 = Debug|Any CPU
		{80BFF656-3BE0-4587-A6B3-DEEEE7B653AF}.Debug|x64.ActiveCfg = Debug|Any CPU
		{80BFF656-3BE0-4587-A6B3-DEEEE7B653AF}.Debug|x64.Build.0 = Debug|Any CPU
		{80BFF656-3BE0-4587-A6B3-DEEEE7B653AF}.Debug|x86.ActiveCfg = Debug|Any CPU
		{80BFF656-3BE0-4587-A6B3-DEEEE7B653AF}.Debug|x86.Build.0 = Debug|Any CPU
		{80BFF656-3BE0-4587-A6B3-DEEEE7B653AF}.Release|Any CPU.ActiveCfg = Release|Any CPU
		{80BFF656-3BE0-4587-A6B3-DEEEE7B653AF}.Release|Any CPU.Build.0 = Release|Any CPU
		{80BFF656-3BE0-4587-A6B3-DEEEE7B653AF}.Release|ARM.ActiveCfg = Release|Any CPU
		{80BFF656-3BE0-4587-A6B3-DEEEE7B653AF}.Release|ARM.Build.0 = Release|Any CPU
		{80BFF656-3BE0-4587-A6B3-DEEEE7B653AF}.Release|x64.ActiveCfg = Release|Any CPU
		{80BFF656-3BE0-4587-A6B3-DEEEE7B653AF}.Release|x64.Build.0 = Release|Any CPU
		{80BFF656-3BE0-4587-A6B3-DEEEE7B653AF}.Release|x86.ActiveCfg = Release|Any CPU
		{80BFF656-3BE0-4587-A6B3-DEEEE7B653AF}.Release|x86.Build.0 = Release|Any CPU
		{4685F3B9-3931-449C-8C10-158FA0DB4801}.Debug|Any CPU.ActiveCfg = Debug|Any CPU
		{4685F3B9-3931-449C-8C10-158FA0DB4801}.Debug|Any CPU.Build.0 = Debug|Any CPU
		{4685F3B9-3931-449C-8C10-158FA0DB4801}.Debug|ARM.ActiveCfg = Debug|Any CPU
		{4685F3B9-3931-449C-8C10-158FA0DB4801}.Debug|ARM.Build.0 = Debug|Any CPU
		{4685F3B9-3931-449C-8C10-158FA0DB4801}.Debug|x64.ActiveCfg = Debug|Any CPU
		{4685F3B9-3931-449C-8C10-158FA0DB4801}.Debug|x64.Build.0 = Debug|Any CPU
		{4685F3B9-3931-449C-8C10-158FA0DB4801}.Debug|x86.ActiveCfg = Debug|Any CPU
		{4685F3B9-3931-449C-8C10-158FA0DB4801}.Debug|x86.Build.0 = Debug|Any CPU
		{4685F3B9-3931-449C-8C10-158FA0DB4801}.Release|Any CPU.ActiveCfg = Release|Any CPU
		{4685F3B9-3931-449C-8C10-158FA0DB4801}.Release|Any CPU.Build.0 = Release|Any CPU
		{4685F3B9-3931-449C-8C10-158FA0DB4801}.Release|ARM.ActiveCfg = Release|Any CPU
		{4685F3B9-3931-449C-8C10-158FA0DB4801}.Release|ARM.Build.0 = Release|Any CPU
		{4685F3B9-3931-449C-8C10-158FA0DB4801}.Release|x64.ActiveCfg = Release|Any CPU
		{4685F3B9-3931-449C-8C10-158FA0DB4801}.Release|x64.Build.0 = Release|Any CPU
		{4685F3B9-3931-449C-8C10-158FA0DB4801}.Release|x86.ActiveCfg = Release|Any CPU
		{4685F3B9-3931-449C-8C10-158FA0DB4801}.Release|x86.Build.0 = Release|Any CPU
		{4CB7426E-EAF9-411E-A81B-35EE7984FB52}.Debug|Any CPU.ActiveCfg = Debug|Any CPU
		{4CB7426E-EAF9-411E-A81B-35EE7984FB52}.Debug|Any CPU.Build.0 = Debug|Any CPU
		{4CB7426E-EAF9-411E-A81B-35EE7984FB52}.Debug|ARM.ActiveCfg = Debug|Any CPU
		{4CB7426E-EAF9-411E-A81B-35EE7984FB52}.Debug|ARM.Build.0 = Debug|Any CPU
		{4CB7426E-EAF9-411E-A81B-35EE7984FB52}.Debug|x64.ActiveCfg = Debug|Any CPU
		{4CB7426E-EAF9-411E-A81B-35EE7984FB52}.Debug|x64.Build.0 = Debug|Any CPU
		{4CB7426E-EAF9-411E-A81B-35EE7984FB52}.Debug|x86.ActiveCfg = Debug|Any CPU
		{4CB7426E-EAF9-411E-A81B-35EE7984FB52}.Debug|x86.Build.0 = Debug|Any CPU
		{4CB7426E-EAF9-411E-A81B-35EE7984FB52}.Release|Any CPU.ActiveCfg = Release|Any CPU
		{4CB7426E-EAF9-411E-A81B-35EE7984FB52}.Release|Any CPU.Build.0 = Release|Any CPU
		{4CB7426E-EAF9-411E-A81B-35EE7984FB52}.Release|ARM.ActiveCfg = Release|Any CPU
		{4CB7426E-EAF9-411E-A81B-35EE7984FB52}.Release|ARM.Build.0 = Release|Any CPU
		{4CB7426E-EAF9-411E-A81B-35EE7984FB52}.Release|x64.ActiveCfg = Release|Any CPU
		{4CB7426E-EAF9-411E-A81B-35EE7984FB52}.Release|x64.Build.0 = Release|Any CPU
		{4CB7426E-EAF9-411E-A81B-35EE7984FB52}.Release|x86.ActiveCfg = Release|Any CPU
		{4CB7426E-EAF9-411E-A81B-35EE7984FB52}.Release|x86.Build.0 = Release|Any CPU
		{BB39BB4D-AB66-4BC7-8503-6F819A0FCF89}.Debug|Any CPU.ActiveCfg = Debug|Any CPU
		{BB39BB4D-AB66-4BC7-8503-6F819A0FCF89}.Debug|Any CPU.Build.0 = Debug|Any CPU
		{BB39BB4D-AB66-4BC7-8503-6F819A0FCF89}.Debug|ARM.ActiveCfg = Debug|Any CPU
		{BB39BB4D-AB66-4BC7-8503-6F819A0FCF89}.Debug|ARM.Build.0 = Debug|Any CPU
		{BB39BB4D-AB66-4BC7-8503-6F819A0FCF89}.Debug|x64.ActiveCfg = Debug|Any CPU
		{BB39BB4D-AB66-4BC7-8503-6F819A0FCF89}.Debug|x64.Build.0 = Debug|Any CPU
		{BB39BB4D-AB66-4BC7-8503-6F819A0FCF89}.Debug|x86.ActiveCfg = Debug|Any CPU
		{BB39BB4D-AB66-4BC7-8503-6F819A0FCF89}.Debug|x86.Build.0 = Debug|Any CPU
		{BB39BB4D-AB66-4BC7-8503-6F819A0FCF89}.Release|Any CPU.ActiveCfg = Release|Any CPU
		{BB39BB4D-AB66-4BC7-8503-6F819A0FCF89}.Release|Any CPU.Build.0 = Release|Any CPU
		{BB39BB4D-AB66-4BC7-8503-6F819A0FCF89}.Release|ARM.ActiveCfg = Release|Any CPU
		{BB39BB4D-AB66-4BC7-8503-6F819A0FCF89}.Release|ARM.Build.0 = Release|Any CPU
		{BB39BB4D-AB66-4BC7-8503-6F819A0FCF89}.Release|x64.ActiveCfg = Release|Any CPU
		{BB39BB4D-AB66-4BC7-8503-6F819A0FCF89}.Release|x64.Build.0 = Release|Any CPU
		{BB39BB4D-AB66-4BC7-8503-6F819A0FCF89}.Release|x86.ActiveCfg = Release|Any CPU
		{BB39BB4D-AB66-4BC7-8503-6F819A0FCF89}.Release|x86.Build.0 = Release|Any CPU
		{346040AD-D728-41CE-BA52-1FE66FBA6B46}.Debug|Any CPU.ActiveCfg = Debug|Any CPU
		{346040AD-D728-41CE-BA52-1FE66FBA6B46}.Debug|Any CPU.Build.0 = Debug|Any CPU
		{346040AD-D728-41CE-BA52-1FE66FBA6B46}.Debug|ARM.ActiveCfg = Debug|Any CPU
		{346040AD-D728-41CE-BA52-1FE66FBA6B46}.Debug|ARM.Build.0 = Debug|Any CPU
		{346040AD-D728-41CE-BA52-1FE66FBA6B46}.Debug|x64.ActiveCfg = Debug|Any CPU
		{346040AD-D728-41CE-BA52-1FE66FBA6B46}.Debug|x64.Build.0 = Debug|Any CPU
		{346040AD-D728-41CE-BA52-1FE66FBA6B46}.Debug|x86.ActiveCfg = Debug|Any CPU
		{346040AD-D728-41CE-BA52-1FE66FBA6B46}.Debug|x86.Build.0 = Debug|Any CPU
		{346040AD-D728-41CE-BA52-1FE66FBA6B46}.Release|Any CPU.ActiveCfg = Release|Any CPU
		{346040AD-D728-41CE-BA52-1FE66FBA6B46}.Release|Any CPU.Build.0 = Release|Any CPU
		{346040AD-D728-41CE-BA52-1FE66FBA6B46}.Release|ARM.ActiveCfg = Release|Any CPU
		{346040AD-D728-41CE-BA52-1FE66FBA6B46}.Release|ARM.Build.0 = Release|Any CPU
		{346040AD-D728-41CE-BA52-1FE66FBA6B46}.Release|x64.ActiveCfg = Release|Any CPU
		{346040AD-D728-41CE-BA52-1FE66FBA6B46}.Release|x64.Build.0 = Release|Any CPU
		{346040AD-D728-41CE-BA52-1FE66FBA6B46}.Release|x86.ActiveCfg = Release|Any CPU
		{346040AD-D728-41CE-BA52-1FE66FBA6B46}.Release|x86.Build.0 = Release|Any CPU
		{C35B31DC-A0AD-49B5-BE1E-AE02FD21B06F}.Debug|Any CPU.ActiveCfg = Debug|Any CPU
		{C35B31DC-A0AD-49B5-BE1E-AE02FD21B06F}.Debug|Any CPU.Build.0 = Debug|Any CPU
		{C35B31DC-A0AD-49B5-BE1E-AE02FD21B06F}.Debug|ARM.ActiveCfg = Debug|Any CPU
		{C35B31DC-A0AD-49B5-BE1E-AE02FD21B06F}.Debug|ARM.Build.0 = Debug|Any CPU
		{C35B31DC-A0AD-49B5-BE1E-AE02FD21B06F}.Debug|x64.ActiveCfg = Debug|Any CPU
		{C35B31DC-A0AD-49B5-BE1E-AE02FD21B06F}.Debug|x64.Build.0 = Debug|Any CPU
		{C35B31DC-A0AD-49B5-BE1E-AE02FD21B06F}.Debug|x86.ActiveCfg = Debug|Any CPU
		{C35B31DC-A0AD-49B5-BE1E-AE02FD21B06F}.Debug|x86.Build.0 = Debug|Any CPU
		{C35B31DC-A0AD-49B5-BE1E-AE02FD21B06F}.Release|Any CPU.ActiveCfg = Release|Any CPU
		{C35B31DC-A0AD-49B5-BE1E-AE02FD21B06F}.Release|Any CPU.Build.0 = Release|Any CPU
		{C35B31DC-A0AD-49B5-BE1E-AE02FD21B06F}.Release|ARM.ActiveCfg = Release|Any CPU
		{C35B31DC-A0AD-49B5-BE1E-AE02FD21B06F}.Release|ARM.Build.0 = Release|Any CPU
		{C35B31DC-A0AD-49B5-BE1E-AE02FD21B06F}.Release|x64.ActiveCfg = Release|Any CPU
		{C35B31DC-A0AD-49B5-BE1E-AE02FD21B06F}.Release|x64.Build.0 = Release|Any CPU
		{C35B31DC-A0AD-49B5-BE1E-AE02FD21B06F}.Release|x86.ActiveCfg = Release|Any CPU
		{C35B31DC-A0AD-49B5-BE1E-AE02FD21B06F}.Release|x86.Build.0 = Release|Any CPU
		{769E3A19-BEED-4FC3-B87B-E2664A67AA7C}.Debug|Any CPU.ActiveCfg = Debug|Any CPU
		{769E3A19-BEED-4FC3-B87B-E2664A67AA7C}.Debug|Any CPU.Build.0 = Debug|Any CPU
		{769E3A19-BEED-4FC3-B87B-E2664A67AA7C}.Debug|ARM.ActiveCfg = Debug|Any CPU
		{769E3A19-BEED-4FC3-B87B-E2664A67AA7C}.Debug|ARM.Build.0 = Debug|Any CPU
		{769E3A19-BEED-4FC3-B87B-E2664A67AA7C}.Debug|x64.ActiveCfg = Debug|Any CPU
		{769E3A19-BEED-4FC3-B87B-E2664A67AA7C}.Debug|x64.Build.0 = Debug|Any CPU
		{769E3A19-BEED-4FC3-B87B-E2664A67AA7C}.Debug|x86.ActiveCfg = Debug|Any CPU
		{769E3A19-BEED-4FC3-B87B-E2664A67AA7C}.Debug|x86.Build.0 = Debug|Any CPU
		{769E3A19-BEED-4FC3-B87B-E2664A67AA7C}.Release|Any CPU.ActiveCfg = Release|Any CPU
		{769E3A19-BEED-4FC3-B87B-E2664A67AA7C}.Release|Any CPU.Build.0 = Release|Any CPU
		{769E3A19-BEED-4FC3-B87B-E2664A67AA7C}.Release|ARM.ActiveCfg = Release|Any CPU
		{769E3A19-BEED-4FC3-B87B-E2664A67AA7C}.Release|ARM.Build.0 = Release|Any CPU
		{769E3A19-BEED-4FC3-B87B-E2664A67AA7C}.Release|x64.ActiveCfg = Release|Any CPU
		{769E3A19-BEED-4FC3-B87B-E2664A67AA7C}.Release|x64.Build.0 = Release|Any CPU
		{769E3A19-BEED-4FC3-B87B-E2664A67AA7C}.Release|x86.ActiveCfg = Release|Any CPU
		{769E3A19-BEED-4FC3-B87B-E2664A67AA7C}.Release|x86.Build.0 = Release|Any CPU
		{3925E1F3-2B9D-4095-8BAC-3B7976476A79}.Debug|Any CPU.ActiveCfg = Debug|Any CPU
		{3925E1F3-2B9D-4095-8BAC-3B7976476A79}.Debug|Any CPU.Build.0 = Debug|Any CPU
		{3925E1F3-2B9D-4095-8BAC-3B7976476A79}.Debug|ARM.ActiveCfg = Debug|Any CPU
		{3925E1F3-2B9D-4095-8BAC-3B7976476A79}.Debug|ARM.Build.0 = Debug|Any CPU
		{3925E1F3-2B9D-4095-8BAC-3B7976476A79}.Debug|x64.ActiveCfg = Debug|Any CPU
		{3925E1F3-2B9D-4095-8BAC-3B7976476A79}.Debug|x64.Build.0 = Debug|Any CPU
		{3925E1F3-2B9D-4095-8BAC-3B7976476A79}.Debug|x86.ActiveCfg = Debug|Any CPU
		{3925E1F3-2B9D-4095-8BAC-3B7976476A79}.Debug|x86.Build.0 = Debug|Any CPU
		{3925E1F3-2B9D-4095-8BAC-3B7976476A79}.Release|Any CPU.ActiveCfg = Release|Any CPU
		{3925E1F3-2B9D-4095-8BAC-3B7976476A79}.Release|Any CPU.Build.0 = Release|Any CPU
		{3925E1F3-2B9D-4095-8BAC-3B7976476A79}.Release|ARM.ActiveCfg = Release|Any CPU
		{3925E1F3-2B9D-4095-8BAC-3B7976476A79}.Release|ARM.Build.0 = Release|Any CPU
		{3925E1F3-2B9D-4095-8BAC-3B7976476A79}.Release|x64.ActiveCfg = Release|Any CPU
		{3925E1F3-2B9D-4095-8BAC-3B7976476A79}.Release|x64.Build.0 = Release|Any CPU
		{3925E1F3-2B9D-4095-8BAC-3B7976476A79}.Release|x86.ActiveCfg = Release|Any CPU
		{3925E1F3-2B9D-4095-8BAC-3B7976476A79}.Release|x86.Build.0 = Release|Any CPU
		{05239C76-D35B-42FF-BD67-C0476616B772}.Debug|Any CPU.ActiveCfg = Debug|Any CPU
		{05239C76-D35B-42FF-BD67-C0476616B772}.Debug|Any CPU.Build.0 = Debug|Any CPU
		{05239C76-D35B-42FF-BD67-C0476616B772}.Debug|ARM.ActiveCfg = Debug|Any CPU
		{05239C76-D35B-42FF-BD67-C0476616B772}.Debug|ARM.Build.0 = Debug|Any CPU
		{05239C76-D35B-42FF-BD67-C0476616B772}.Debug|x64.ActiveCfg = Debug|Any CPU
		{05239C76-D35B-42FF-BD67-C0476616B772}.Debug|x64.Build.0 = Debug|Any CPU
		{05239C76-D35B-42FF-BD67-C0476616B772}.Debug|x86.ActiveCfg = Debug|Any CPU
		{05239C76-D35B-42FF-BD67-C0476616B772}.Debug|x86.Build.0 = Debug|Any CPU
		{05239C76-D35B-42FF-BD67-C0476616B772}.Release|Any CPU.ActiveCfg = Release|Any CPU
		{05239C76-D35B-42FF-BD67-C0476616B772}.Release|Any CPU.Build.0 = Release|Any CPU
		{05239C76-D35B-42FF-BD67-C0476616B772}.Release|ARM.ActiveCfg = Release|Any CPU
		{05239C76-D35B-42FF-BD67-C0476616B772}.Release|ARM.Build.0 = Release|Any CPU
		{05239C76-D35B-42FF-BD67-C0476616B772}.Release|x64.ActiveCfg = Release|Any CPU
		{05239C76-D35B-42FF-BD67-C0476616B772}.Release|x64.Build.0 = Release|Any CPU
		{05239C76-D35B-42FF-BD67-C0476616B772}.Release|x86.ActiveCfg = Release|Any CPU
		{05239C76-D35B-42FF-BD67-C0476616B772}.Release|x86.Build.0 = Release|Any CPU
		{BF0816DA-9BF0-4A47-B4BD-1148E48439A1}.Debug|Any CPU.ActiveCfg = Debug|Any CPU
		{BF0816DA-9BF0-4A47-B4BD-1148E48439A1}.Debug|Any CPU.Build.0 = Debug|Any CPU
		{BF0816DA-9BF0-4A47-B4BD-1148E48439A1}.Debug|ARM.ActiveCfg = Debug|Any CPU
		{BF0816DA-9BF0-4A47-B4BD-1148E48439A1}.Debug|ARM.Build.0 = Debug|Any CPU
		{BF0816DA-9BF0-4A47-B4BD-1148E48439A1}.Debug|x64.ActiveCfg = Debug|Any CPU
		{BF0816DA-9BF0-4A47-B4BD-1148E48439A1}.Debug|x64.Build.0 = Debug|Any CPU
		{BF0816DA-9BF0-4A47-B4BD-1148E48439A1}.Debug|x86.ActiveCfg = Debug|Any CPU
		{BF0816DA-9BF0-4A47-B4BD-1148E48439A1}.Debug|x86.Build.0 = Debug|Any CPU
		{BF0816DA-9BF0-4A47-B4BD-1148E48439A1}.Release|Any CPU.ActiveCfg = Release|Any CPU
		{BF0816DA-9BF0-4A47-B4BD-1148E48439A1}.Release|Any CPU.Build.0 = Release|Any CPU
		{BF0816DA-9BF0-4A47-B4BD-1148E48439A1}.Release|ARM.ActiveCfg = Release|Any CPU
		{BF0816DA-9BF0-4A47-B4BD-1148E48439A1}.Release|ARM.Build.0 = Release|Any CPU
		{BF0816DA-9BF0-4A47-B4BD-1148E48439A1}.Release|x64.ActiveCfg = Release|Any CPU
		{BF0816DA-9BF0-4A47-B4BD-1148E48439A1}.Release|x64.Build.0 = Release|Any CPU
		{BF0816DA-9BF0-4A47-B4BD-1148E48439A1}.Release|x86.ActiveCfg = Release|Any CPU
		{BF0816DA-9BF0-4A47-B4BD-1148E48439A1}.Release|x86.Build.0 = Release|Any CPU
		{3C19CF94-F9FE-4FC8-BFB4-BBC3918AB537}.Debug|Any CPU.ActiveCfg = Debug|Any CPU
		{3C19CF94-F9FE-4FC8-BFB4-BBC3918AB537}.Debug|Any CPU.Build.0 = Debug|Any CPU
		{3C19CF94-F9FE-4FC8-BFB4-BBC3918AB537}.Debug|ARM.ActiveCfg = Debug|Any CPU
		{3C19CF94-F9FE-4FC8-BFB4-BBC3918AB537}.Debug|ARM.Build.0 = Debug|Any CPU
		{3C19CF94-F9FE-4FC8-BFB4-BBC3918AB537}.Debug|x64.ActiveCfg = Debug|Any CPU
		{3C19CF94-F9FE-4FC8-BFB4-BBC3918AB537}.Debug|x64.Build.0 = Debug|Any CPU
		{3C19CF94-F9FE-4FC8-BFB4-BBC3918AB537}.Debug|x86.ActiveCfg = Debug|Any CPU
		{3C19CF94-F9FE-4FC8-BFB4-BBC3918AB537}.Debug|x86.Build.0 = Debug|Any CPU
		{3C19CF94-F9FE-4FC8-BFB4-BBC3918AB537}.Release|Any CPU.ActiveCfg = Release|Any CPU
		{3C19CF94-F9FE-4FC8-BFB4-BBC3918AB537}.Release|Any CPU.Build.0 = Release|Any CPU
		{3C19CF94-F9FE-4FC8-BFB4-BBC3918AB537}.Release|ARM.ActiveCfg = Release|Any CPU
		{3C19CF94-F9FE-4FC8-BFB4-BBC3918AB537}.Release|ARM.Build.0 = Release|Any CPU
		{3C19CF94-F9FE-4FC8-BFB4-BBC3918AB537}.Release|x64.ActiveCfg = Release|Any CPU
		{3C19CF94-F9FE-4FC8-BFB4-BBC3918AB537}.Release|x64.Build.0 = Release|Any CPU
		{3C19CF94-F9FE-4FC8-BFB4-BBC3918AB537}.Release|x86.ActiveCfg = Release|Any CPU
		{3C19CF94-F9FE-4FC8-BFB4-BBC3918AB537}.Release|x86.Build.0 = Release|Any CPU
		{50BA43CD-5980-49C5-B2F6-24E5A8CEB24C}.Debug|Any CPU.ActiveCfg = Debug|Any CPU
		{50BA43CD-5980-49C5-B2F6-24E5A8CEB24C}.Debug|Any CPU.Build.0 = Debug|Any CPU
		{50BA43CD-5980-49C5-B2F6-24E5A8CEB24C}.Debug|ARM.ActiveCfg = Debug|Any CPU
		{50BA43CD-5980-49C5-B2F6-24E5A8CEB24C}.Debug|ARM.Build.0 = Debug|Any CPU
		{50BA43CD-5980-49C5-B2F6-24E5A8CEB24C}.Debug|x64.ActiveCfg = Debug|Any CPU
		{50BA43CD-5980-49C5-B2F6-24E5A8CEB24C}.Debug|x64.Build.0 = Debug|Any CPU
		{50BA43CD-5980-49C5-B2F6-24E5A8CEB24C}.Debug|x86.ActiveCfg = Debug|Any CPU
		{50BA43CD-5980-49C5-B2F6-24E5A8CEB24C}.Debug|x86.Build.0 = Debug|Any CPU
		{50BA43CD-5980-49C5-B2F6-24E5A8CEB24C}.Release|Any CPU.ActiveCfg = Release|Any CPU
		{50BA43CD-5980-49C5-B2F6-24E5A8CEB24C}.Release|Any CPU.Build.0 = Release|Any CPU
		{50BA43CD-5980-49C5-B2F6-24E5A8CEB24C}.Release|ARM.ActiveCfg = Release|Any CPU
		{50BA43CD-5980-49C5-B2F6-24E5A8CEB24C}.Release|ARM.Build.0 = Release|Any CPU
		{50BA43CD-5980-49C5-B2F6-24E5A8CEB24C}.Release|x64.ActiveCfg = Release|Any CPU
		{50BA43CD-5980-49C5-B2F6-24E5A8CEB24C}.Release|x64.Build.0 = Release|Any CPU
		{50BA43CD-5980-49C5-B2F6-24E5A8CEB24C}.Release|x86.ActiveCfg = Release|Any CPU
		{50BA43CD-5980-49C5-B2F6-24E5A8CEB24C}.Release|x86.Build.0 = Release|Any CPU
		{012583C8-4037-4AF1-A544-AD103F4B004D}.Debug|Any CPU.ActiveCfg = Debug|Any CPU
		{012583C8-4037-4AF1-A544-AD103F4B004D}.Debug|Any CPU.Build.0 = Debug|Any CPU
		{012583C8-4037-4AF1-A544-AD103F4B004D}.Debug|ARM.ActiveCfg = Debug|Any CPU
		{012583C8-4037-4AF1-A544-AD103F4B004D}.Debug|ARM.Build.0 = Debug|Any CPU
		{012583C8-4037-4AF1-A544-AD103F4B004D}.Debug|x64.ActiveCfg = Debug|Any CPU
		{012583C8-4037-4AF1-A544-AD103F4B004D}.Debug|x64.Build.0 = Debug|Any CPU
		{012583C8-4037-4AF1-A544-AD103F4B004D}.Debug|x86.ActiveCfg = Debug|Any CPU
		{012583C8-4037-4AF1-A544-AD103F4B004D}.Debug|x86.Build.0 = Debug|Any CPU
		{012583C8-4037-4AF1-A544-AD103F4B004D}.Release|Any CPU.ActiveCfg = Release|Any CPU
		{012583C8-4037-4AF1-A544-AD103F4B004D}.Release|Any CPU.Build.0 = Release|Any CPU
		{012583C8-4037-4AF1-A544-AD103F4B004D}.Release|ARM.ActiveCfg = Release|Any CPU
		{012583C8-4037-4AF1-A544-AD103F4B004D}.Release|ARM.Build.0 = Release|Any CPU
		{012583C8-4037-4AF1-A544-AD103F4B004D}.Release|x64.ActiveCfg = Release|Any CPU
		{012583C8-4037-4AF1-A544-AD103F4B004D}.Release|x64.Build.0 = Release|Any CPU
		{012583C8-4037-4AF1-A544-AD103F4B004D}.Release|x86.ActiveCfg = Release|Any CPU
		{012583C8-4037-4AF1-A544-AD103F4B004D}.Release|x86.Build.0 = Release|Any CPU
		{7E328E42-4948-436B-B292-18D0E6D72DAF}.Debug|Any CPU.ActiveCfg = Debug|Any CPU
		{7E328E42-4948-436B-B292-18D0E6D72DAF}.Debug|Any CPU.Build.0 = Debug|Any CPU
		{7E328E42-4948-436B-B292-18D0E6D72DAF}.Debug|ARM.ActiveCfg = Debug|Any CPU
		{7E328E42-4948-436B-B292-18D0E6D72DAF}.Debug|ARM.Build.0 = Debug|Any CPU
		{7E328E42-4948-436B-B292-18D0E6D72DAF}.Debug|x64.ActiveCfg = Debug|Any CPU
		{7E328E42-4948-436B-B292-18D0E6D72DAF}.Debug|x64.Build.0 = Debug|Any CPU
		{7E328E42-4948-436B-B292-18D0E6D72DAF}.Debug|x86.ActiveCfg = Debug|Any CPU
		{7E328E42-4948-436B-B292-18D0E6D72DAF}.Debug|x86.Build.0 = Debug|Any CPU
		{7E328E42-4948-436B-B292-18D0E6D72DAF}.Release|Any CPU.ActiveCfg = Release|Any CPU
		{7E328E42-4948-436B-B292-18D0E6D72DAF}.Release|Any CPU.Build.0 = Release|Any CPU
		{7E328E42-4948-436B-B292-18D0E6D72DAF}.Release|ARM.ActiveCfg = Release|Any CPU
		{7E328E42-4948-436B-B292-18D0E6D72DAF}.Release|ARM.Build.0 = Release|Any CPU
		{7E328E42-4948-436B-B292-18D0E6D72DAF}.Release|x64.ActiveCfg = Release|Any CPU
		{7E328E42-4948-436B-B292-18D0E6D72DAF}.Release|x64.Build.0 = Release|Any CPU
		{7E328E42-4948-436B-B292-18D0E6D72DAF}.Release|x86.ActiveCfg = Release|Any CPU
		{7E328E42-4948-436B-B292-18D0E6D72DAF}.Release|x86.Build.0 = Release|Any CPU
		{B58A0A0C-D6D9-42F2-833F-C7D8AD9204BE}.Debug|Any CPU.ActiveCfg = Debug|Any CPU
		{B58A0A0C-D6D9-42F2-833F-C7D8AD9204BE}.Debug|Any CPU.Build.0 = Debug|Any CPU
		{B58A0A0C-D6D9-42F2-833F-C7D8AD9204BE}.Debug|ARM.ActiveCfg = Debug|Any CPU
		{B58A0A0C-D6D9-42F2-833F-C7D8AD9204BE}.Debug|ARM.Build.0 = Debug|Any CPU
		{B58A0A0C-D6D9-42F2-833F-C7D8AD9204BE}.Debug|x64.ActiveCfg = Debug|Any CPU
		{B58A0A0C-D6D9-42F2-833F-C7D8AD9204BE}.Debug|x64.Build.0 = Debug|Any CPU
		{B58A0A0C-D6D9-42F2-833F-C7D8AD9204BE}.Debug|x86.ActiveCfg = Debug|Any CPU
		{B58A0A0C-D6D9-42F2-833F-C7D8AD9204BE}.Debug|x86.Build.0 = Debug|Any CPU
		{B58A0A0C-D6D9-42F2-833F-C7D8AD9204BE}.Release|Any CPU.ActiveCfg = Release|Any CPU
		{B58A0A0C-D6D9-42F2-833F-C7D8AD9204BE}.Release|Any CPU.Build.0 = Release|Any CPU
		{B58A0A0C-D6D9-42F2-833F-C7D8AD9204BE}.Release|ARM.ActiveCfg = Release|Any CPU
		{B58A0A0C-D6D9-42F2-833F-C7D8AD9204BE}.Release|ARM.Build.0 = Release|Any CPU
		{B58A0A0C-D6D9-42F2-833F-C7D8AD9204BE}.Release|x64.ActiveCfg = Release|Any CPU
		{B58A0A0C-D6D9-42F2-833F-C7D8AD9204BE}.Release|x64.Build.0 = Release|Any CPU
		{B58A0A0C-D6D9-42F2-833F-C7D8AD9204BE}.Release|x86.ActiveCfg = Release|Any CPU
		{B58A0A0C-D6D9-42F2-833F-C7D8AD9204BE}.Release|x86.Build.0 = Release|Any CPU
		{A0F9C378-2058-48EA-8B18-75284CD6CF8C}.Debug|Any CPU.ActiveCfg = Debug|Any CPU
		{A0F9C378-2058-48EA-8B18-75284CD6CF8C}.Debug|Any CPU.Build.0 = Debug|Any CPU
		{A0F9C378-2058-48EA-8B18-75284CD6CF8C}.Debug|ARM.ActiveCfg = Debug|Any CPU
		{A0F9C378-2058-48EA-8B18-75284CD6CF8C}.Debug|ARM.Build.0 = Debug|Any CPU
		{A0F9C378-2058-48EA-8B18-75284CD6CF8C}.Debug|x64.ActiveCfg = Debug|Any CPU
		{A0F9C378-2058-48EA-8B18-75284CD6CF8C}.Debug|x64.Build.0 = Debug|Any CPU
		{A0F9C378-2058-48EA-8B18-75284CD6CF8C}.Debug|x86.ActiveCfg = Debug|Any CPU
		{A0F9C378-2058-48EA-8B18-75284CD6CF8C}.Debug|x86.Build.0 = Debug|Any CPU
		{A0F9C378-2058-48EA-8B18-75284CD6CF8C}.Release|Any CPU.ActiveCfg = Release|Any CPU
		{A0F9C378-2058-48EA-8B18-75284CD6CF8C}.Release|Any CPU.Build.0 = Release|Any CPU
		{A0F9C378-2058-48EA-8B18-75284CD6CF8C}.Release|ARM.ActiveCfg = Release|Any CPU
		{A0F9C378-2058-48EA-8B18-75284CD6CF8C}.Release|ARM.Build.0 = Release|Any CPU
		{A0F9C378-2058-48EA-8B18-75284CD6CF8C}.Release|x64.ActiveCfg = Release|Any CPU
		{A0F9C378-2058-48EA-8B18-75284CD6CF8C}.Release|x64.Build.0 = Release|Any CPU
		{A0F9C378-2058-48EA-8B18-75284CD6CF8C}.Release|x86.ActiveCfg = Release|Any CPU
		{A0F9C378-2058-48EA-8B18-75284CD6CF8C}.Release|x86.Build.0 = Release|Any CPU
		{850EBECE-102D-4BA4-BF20-08309BF426B8}.Debug|Any CPU.ActiveCfg = Debug|Any CPU
		{850EBECE-102D-4BA4-BF20-08309BF426B8}.Debug|Any CPU.Build.0 = Debug|Any CPU
		{850EBECE-102D-4BA4-BF20-08309BF426B8}.Debug|ARM.ActiveCfg = Debug|Any CPU
		{850EBECE-102D-4BA4-BF20-08309BF426B8}.Debug|ARM.Build.0 = Debug|Any CPU
		{850EBECE-102D-4BA4-BF20-08309BF426B8}.Debug|x64.ActiveCfg = Debug|Any CPU
		{850EBECE-102D-4BA4-BF20-08309BF426B8}.Debug|x64.Build.0 = Debug|Any CPU
		{850EBECE-102D-4BA4-BF20-08309BF426B8}.Debug|x86.ActiveCfg = Debug|Any CPU
		{850EBECE-102D-4BA4-BF20-08309BF426B8}.Debug|x86.Build.0 = Debug|Any CPU
		{850EBECE-102D-4BA4-BF20-08309BF426B8}.Release|Any CPU.ActiveCfg = Release|Any CPU
		{850EBECE-102D-4BA4-BF20-08309BF426B8}.Release|Any CPU.Build.0 = Release|Any CPU
		{850EBECE-102D-4BA4-BF20-08309BF426B8}.Release|ARM.ActiveCfg = Release|Any CPU
		{850EBECE-102D-4BA4-BF20-08309BF426B8}.Release|ARM.Build.0 = Release|Any CPU
		{850EBECE-102D-4BA4-BF20-08309BF426B8}.Release|x64.ActiveCfg = Release|Any CPU
		{850EBECE-102D-4BA4-BF20-08309BF426B8}.Release|x64.Build.0 = Release|Any CPU
		{850EBECE-102D-4BA4-BF20-08309BF426B8}.Release|x86.ActiveCfg = Release|Any CPU
		{850EBECE-102D-4BA4-BF20-08309BF426B8}.Release|x86.Build.0 = Release|Any CPU
		{3C4DB006-A025-4A7D-92B4-1DC638D7A71F}.Debug|Any CPU.ActiveCfg = Debug|Any CPU
		{3C4DB006-A025-4A7D-92B4-1DC638D7A71F}.Debug|Any CPU.Build.0 = Debug|Any CPU
		{3C4DB006-A025-4A7D-92B4-1DC638D7A71F}.Debug|ARM.ActiveCfg = Debug|Any CPU
		{3C4DB006-A025-4A7D-92B4-1DC638D7A71F}.Debug|ARM.Build.0 = Debug|Any CPU
		{3C4DB006-A025-4A7D-92B4-1DC638D7A71F}.Debug|x64.ActiveCfg = Debug|Any CPU
		{3C4DB006-A025-4A7D-92B4-1DC638D7A71F}.Debug|x64.Build.0 = Debug|Any CPU
		{3C4DB006-A025-4A7D-92B4-1DC638D7A71F}.Debug|x86.ActiveCfg = Debug|Any CPU
		{3C4DB006-A025-4A7D-92B4-1DC638D7A71F}.Debug|x86.Build.0 = Debug|Any CPU
		{3C4DB006-A025-4A7D-92B4-1DC638D7A71F}.Release|Any CPU.ActiveCfg = Release|Any CPU
		{3C4DB006-A025-4A7D-92B4-1DC638D7A71F}.Release|Any CPU.Build.0 = Release|Any CPU
		{3C4DB006-A025-4A7D-92B4-1DC638D7A71F}.Release|ARM.ActiveCfg = Release|Any CPU
		{3C4DB006-A025-4A7D-92B4-1DC638D7A71F}.Release|ARM.Build.0 = Release|Any CPU
		{3C4DB006-A025-4A7D-92B4-1DC638D7A71F}.Release|x64.ActiveCfg = Release|Any CPU
		{3C4DB006-A025-4A7D-92B4-1DC638D7A71F}.Release|x64.Build.0 = Release|Any CPU
		{3C4DB006-A025-4A7D-92B4-1DC638D7A71F}.Release|x86.ActiveCfg = Release|Any CPU
		{3C4DB006-A025-4A7D-92B4-1DC638D7A71F}.Release|x86.Build.0 = Release|Any CPU
		{E51B208C-A63A-4EA2-93B6-8AE3C263BFA9}.Debug|Any CPU.ActiveCfg = Debug|Any CPU
		{E51B208C-A63A-4EA2-93B6-8AE3C263BFA9}.Debug|Any CPU.Build.0 = Debug|Any CPU
		{E51B208C-A63A-4EA2-93B6-8AE3C263BFA9}.Debug|ARM.ActiveCfg = Debug|Any CPU
		{E51B208C-A63A-4EA2-93B6-8AE3C263BFA9}.Debug|ARM.Build.0 = Debug|Any CPU
		{E51B208C-A63A-4EA2-93B6-8AE3C263BFA9}.Debug|x64.ActiveCfg = Debug|Any CPU
		{E51B208C-A63A-4EA2-93B6-8AE3C263BFA9}.Debug|x64.Build.0 = Debug|Any CPU
		{E51B208C-A63A-4EA2-93B6-8AE3C263BFA9}.Debug|x86.ActiveCfg = Debug|Any CPU
		{E51B208C-A63A-4EA2-93B6-8AE3C263BFA9}.Debug|x86.Build.0 = Debug|Any CPU
		{E51B208C-A63A-4EA2-93B6-8AE3C263BFA9}.Release|Any CPU.ActiveCfg = Release|Any CPU
		{E51B208C-A63A-4EA2-93B6-8AE3C263BFA9}.Release|Any CPU.Build.0 = Release|Any CPU
		{E51B208C-A63A-4EA2-93B6-8AE3C263BFA9}.Release|ARM.ActiveCfg = Release|Any CPU
		{E51B208C-A63A-4EA2-93B6-8AE3C263BFA9}.Release|ARM.Build.0 = Release|Any CPU
		{E51B208C-A63A-4EA2-93B6-8AE3C263BFA9}.Release|x64.ActiveCfg = Release|Any CPU
		{E51B208C-A63A-4EA2-93B6-8AE3C263BFA9}.Release|x64.Build.0 = Release|Any CPU
		{E51B208C-A63A-4EA2-93B6-8AE3C263BFA9}.Release|x86.ActiveCfg = Release|Any CPU
		{E51B208C-A63A-4EA2-93B6-8AE3C263BFA9}.Release|x86.Build.0 = Release|Any CPU
		{1B8FD620-89F8-40CF-A818-248D583D08CE}.Debug|Any CPU.ActiveCfg = Debug|Any CPU
		{1B8FD620-89F8-40CF-A818-248D583D08CE}.Debug|Any CPU.Build.0 = Debug|Any CPU
		{1B8FD620-89F8-40CF-A818-248D583D08CE}.Debug|ARM.ActiveCfg = Debug|Any CPU
		{1B8FD620-89F8-40CF-A818-248D583D08CE}.Debug|ARM.Build.0 = Debug|Any CPU
		{1B8FD620-89F8-40CF-A818-248D583D08CE}.Debug|x64.ActiveCfg = Debug|Any CPU
		{1B8FD620-89F8-40CF-A818-248D583D08CE}.Debug|x64.Build.0 = Debug|Any CPU
		{1B8FD620-89F8-40CF-A818-248D583D08CE}.Debug|x86.ActiveCfg = Debug|Any CPU
		{1B8FD620-89F8-40CF-A818-248D583D08CE}.Debug|x86.Build.0 = Debug|Any CPU
		{1B8FD620-89F8-40CF-A818-248D583D08CE}.Release|Any CPU.ActiveCfg = Release|Any CPU
		{1B8FD620-89F8-40CF-A818-248D583D08CE}.Release|Any CPU.Build.0 = Release|Any CPU
		{1B8FD620-89F8-40CF-A818-248D583D08CE}.Release|ARM.ActiveCfg = Release|Any CPU
		{1B8FD620-89F8-40CF-A818-248D583D08CE}.Release|ARM.Build.0 = Release|Any CPU
		{1B8FD620-89F8-40CF-A818-248D583D08CE}.Release|x64.ActiveCfg = Release|Any CPU
		{1B8FD620-89F8-40CF-A818-248D583D08CE}.Release|x64.Build.0 = Release|Any CPU
		{1B8FD620-89F8-40CF-A818-248D583D08CE}.Release|x86.ActiveCfg = Release|Any CPU
		{1B8FD620-89F8-40CF-A818-248D583D08CE}.Release|x86.Build.0 = Release|Any CPU
		{A727597B-02FA-47A6-B036-DC4ABE56AEF0}.Debug|Any CPU.ActiveCfg = Debug|Any CPU
		{A727597B-02FA-47A6-B036-DC4ABE56AEF0}.Debug|Any CPU.Build.0 = Debug|Any CPU
		{A727597B-02FA-47A6-B036-DC4ABE56AEF0}.Debug|ARM.ActiveCfg = Debug|Any CPU
		{A727597B-02FA-47A6-B036-DC4ABE56AEF0}.Debug|ARM.Build.0 = Debug|Any CPU
		{A727597B-02FA-47A6-B036-DC4ABE56AEF0}.Debug|x64.ActiveCfg = Debug|Any CPU
		{A727597B-02FA-47A6-B036-DC4ABE56AEF0}.Debug|x64.Build.0 = Debug|Any CPU
		{A727597B-02FA-47A6-B036-DC4ABE56AEF0}.Debug|x86.ActiveCfg = Debug|Any CPU
		{A727597B-02FA-47A6-B036-DC4ABE56AEF0}.Debug|x86.Build.0 = Debug|Any CPU
		{A727597B-02FA-47A6-B036-DC4ABE56AEF0}.Release|Any CPU.ActiveCfg = Release|Any CPU
		{A727597B-02FA-47A6-B036-DC4ABE56AEF0}.Release|Any CPU.Build.0 = Release|Any CPU
		{A727597B-02FA-47A6-B036-DC4ABE56AEF0}.Release|ARM.ActiveCfg = Release|Any CPU
		{A727597B-02FA-47A6-B036-DC4ABE56AEF0}.Release|ARM.Build.0 = Release|Any CPU
		{A727597B-02FA-47A6-B036-DC4ABE56AEF0}.Release|x64.ActiveCfg = Release|Any CPU
		{A727597B-02FA-47A6-B036-DC4ABE56AEF0}.Release|x64.Build.0 = Release|Any CPU
		{A727597B-02FA-47A6-B036-DC4ABE56AEF0}.Release|x86.ActiveCfg = Release|Any CPU
		{A727597B-02FA-47A6-B036-DC4ABE56AEF0}.Release|x86.Build.0 = Release|Any CPU
		{B5365DB4-CF53-45DF-97E7-75706888AE64}.Debug|Any CPU.ActiveCfg = Debug|Any CPU
		{B5365DB4-CF53-45DF-97E7-75706888AE64}.Debug|Any CPU.Build.0 = Debug|Any CPU
		{B5365DB4-CF53-45DF-97E7-75706888AE64}.Debug|ARM.ActiveCfg = Debug|Any CPU
		{B5365DB4-CF53-45DF-97E7-75706888AE64}.Debug|ARM.Build.0 = Debug|Any CPU
		{B5365DB4-CF53-45DF-97E7-75706888AE64}.Debug|x64.ActiveCfg = Debug|Any CPU
		{B5365DB4-CF53-45DF-97E7-75706888AE64}.Debug|x64.Build.0 = Debug|Any CPU
		{B5365DB4-CF53-45DF-97E7-75706888AE64}.Debug|x86.ActiveCfg = Debug|Any CPU
		{B5365DB4-CF53-45DF-97E7-75706888AE64}.Debug|x86.Build.0 = Debug|Any CPU
		{B5365DB4-CF53-45DF-97E7-75706888AE64}.Release|Any CPU.ActiveCfg = Release|Any CPU
		{B5365DB4-CF53-45DF-97E7-75706888AE64}.Release|Any CPU.Build.0 = Release|Any CPU
		{B5365DB4-CF53-45DF-97E7-75706888AE64}.Release|ARM.ActiveCfg = Release|Any CPU
		{B5365DB4-CF53-45DF-97E7-75706888AE64}.Release|ARM.Build.0 = Release|Any CPU
		{B5365DB4-CF53-45DF-97E7-75706888AE64}.Release|x64.ActiveCfg = Release|Any CPU
		{B5365DB4-CF53-45DF-97E7-75706888AE64}.Release|x64.Build.0 = Release|Any CPU
		{B5365DB4-CF53-45DF-97E7-75706888AE64}.Release|x86.ActiveCfg = Release|Any CPU
		{B5365DB4-CF53-45DF-97E7-75706888AE64}.Release|x86.Build.0 = Release|Any CPU
		{3B2108EE-754E-473A-B5FC-4C957A0C38C2}.Debug|Any CPU.ActiveCfg = Debug|Any CPU
		{3B2108EE-754E-473A-B5FC-4C957A0C38C2}.Debug|Any CPU.Build.0 = Debug|Any CPU
		{3B2108EE-754E-473A-B5FC-4C957A0C38C2}.Debug|ARM.ActiveCfg = Debug|Any CPU
		{3B2108EE-754E-473A-B5FC-4C957A0C38C2}.Debug|ARM.Build.0 = Debug|Any CPU
		{3B2108EE-754E-473A-B5FC-4C957A0C38C2}.Debug|x64.ActiveCfg = Debug|Any CPU
		{3B2108EE-754E-473A-B5FC-4C957A0C38C2}.Debug|x64.Build.0 = Debug|Any CPU
		{3B2108EE-754E-473A-B5FC-4C957A0C38C2}.Debug|x86.ActiveCfg = Debug|Any CPU
		{3B2108EE-754E-473A-B5FC-4C957A0C38C2}.Debug|x86.Build.0 = Debug|Any CPU
		{3B2108EE-754E-473A-B5FC-4C957A0C38C2}.Release|Any CPU.ActiveCfg = Release|Any CPU
		{3B2108EE-754E-473A-B5FC-4C957A0C38C2}.Release|Any CPU.Build.0 = Release|Any CPU
		{3B2108EE-754E-473A-B5FC-4C957A0C38C2}.Release|ARM.ActiveCfg = Release|Any CPU
		{3B2108EE-754E-473A-B5FC-4C957A0C38C2}.Release|ARM.Build.0 = Release|Any CPU
		{3B2108EE-754E-473A-B5FC-4C957A0C38C2}.Release|x64.ActiveCfg = Release|Any CPU
		{3B2108EE-754E-473A-B5FC-4C957A0C38C2}.Release|x64.Build.0 = Release|Any CPU
		{3B2108EE-754E-473A-B5FC-4C957A0C38C2}.Release|x86.ActiveCfg = Release|Any CPU
		{3B2108EE-754E-473A-B5FC-4C957A0C38C2}.Release|x86.Build.0 = Release|Any CPU
		{F876E12B-C7D6-416A-9F0C-36FA8564DED6}.Debug|Any CPU.ActiveCfg = Debug|Any CPU
		{F876E12B-C7D6-416A-9F0C-36FA8564DED6}.Debug|Any CPU.Build.0 = Debug|Any CPU
		{F876E12B-C7D6-416A-9F0C-36FA8564DED6}.Debug|ARM.ActiveCfg = Debug|Any CPU
		{F876E12B-C7D6-416A-9F0C-36FA8564DED6}.Debug|ARM.Build.0 = Debug|Any CPU
		{F876E12B-C7D6-416A-9F0C-36FA8564DED6}.Debug|x64.ActiveCfg = Debug|Any CPU
		{F876E12B-C7D6-416A-9F0C-36FA8564DED6}.Debug|x64.Build.0 = Debug|Any CPU
		{F876E12B-C7D6-416A-9F0C-36FA8564DED6}.Debug|x86.ActiveCfg = Debug|Any CPU
		{F876E12B-C7D6-416A-9F0C-36FA8564DED6}.Debug|x86.Build.0 = Debug|Any CPU
		{F876E12B-C7D6-416A-9F0C-36FA8564DED6}.Release|Any CPU.ActiveCfg = Release|Any CPU
		{F876E12B-C7D6-416A-9F0C-36FA8564DED6}.Release|Any CPU.Build.0 = Release|Any CPU
		{F876E12B-C7D6-416A-9F0C-36FA8564DED6}.Release|ARM.ActiveCfg = Release|Any CPU
		{F876E12B-C7D6-416A-9F0C-36FA8564DED6}.Release|ARM.Build.0 = Release|Any CPU
		{F876E12B-C7D6-416A-9F0C-36FA8564DED6}.Release|x64.ActiveCfg = Release|Any CPU
		{F876E12B-C7D6-416A-9F0C-36FA8564DED6}.Release|x64.Build.0 = Release|Any CPU
		{F876E12B-C7D6-416A-9F0C-36FA8564DED6}.Release|x86.ActiveCfg = Release|Any CPU
		{F876E12B-C7D6-416A-9F0C-36FA8564DED6}.Release|x86.Build.0 = Release|Any CPU
		{E3C8718B-6C47-44A4-AB01-8B14014C9692}.Debug|Any CPU.ActiveCfg = Debug|Any CPU
		{E3C8718B-6C47-44A4-AB01-8B14014C9692}.Debug|Any CPU.Build.0 = Debug|Any CPU
		{E3C8718B-6C47-44A4-AB01-8B14014C9692}.Debug|ARM.ActiveCfg = Debug|Any CPU
		{E3C8718B-6C47-44A4-AB01-8B14014C9692}.Debug|ARM.Build.0 = Debug|Any CPU
		{E3C8718B-6C47-44A4-AB01-8B14014C9692}.Debug|x64.ActiveCfg = Debug|Any CPU
		{E3C8718B-6C47-44A4-AB01-8B14014C9692}.Debug|x64.Build.0 = Debug|Any CPU
		{E3C8718B-6C47-44A4-AB01-8B14014C9692}.Debug|x86.ActiveCfg = Debug|Any CPU
		{E3C8718B-6C47-44A4-AB01-8B14014C9692}.Debug|x86.Build.0 = Debug|Any CPU
		{E3C8718B-6C47-44A4-AB01-8B14014C9692}.Release|Any CPU.ActiveCfg = Release|Any CPU
		{E3C8718B-6C47-44A4-AB01-8B14014C9692}.Release|Any CPU.Build.0 = Release|Any CPU
		{E3C8718B-6C47-44A4-AB01-8B14014C9692}.Release|ARM.ActiveCfg = Release|Any CPU
		{E3C8718B-6C47-44A4-AB01-8B14014C9692}.Release|ARM.Build.0 = Release|Any CPU
		{E3C8718B-6C47-44A4-AB01-8B14014C9692}.Release|x64.ActiveCfg = Release|Any CPU
		{E3C8718B-6C47-44A4-AB01-8B14014C9692}.Release|x64.Build.0 = Release|Any CPU
		{E3C8718B-6C47-44A4-AB01-8B14014C9692}.Release|x86.ActiveCfg = Release|Any CPU
		{E3C8718B-6C47-44A4-AB01-8B14014C9692}.Release|x86.Build.0 = Release|Any CPU
		{4CD12075-B66B-414B-BAFA-848896585A3D}.Debug|Any CPU.ActiveCfg = Debug|Any CPU
		{4CD12075-B66B-414B-BAFA-848896585A3D}.Debug|Any CPU.Build.0 = Debug|Any CPU
		{4CD12075-B66B-414B-BAFA-848896585A3D}.Debug|ARM.ActiveCfg = Debug|Any CPU
		{4CD12075-B66B-414B-BAFA-848896585A3D}.Debug|ARM.Build.0 = Debug|Any CPU
		{4CD12075-B66B-414B-BAFA-848896585A3D}.Debug|x64.ActiveCfg = Debug|Any CPU
		{4CD12075-B66B-414B-BAFA-848896585A3D}.Debug|x64.Build.0 = Debug|Any CPU
		{4CD12075-B66B-414B-BAFA-848896585A3D}.Debug|x86.ActiveCfg = Debug|Any CPU
		{4CD12075-B66B-414B-BAFA-848896585A3D}.Debug|x86.Build.0 = Debug|Any CPU
		{4CD12075-B66B-414B-BAFA-848896585A3D}.Release|Any CPU.ActiveCfg = Release|Any CPU
		{4CD12075-B66B-414B-BAFA-848896585A3D}.Release|Any CPU.Build.0 = Release|Any CPU
		{4CD12075-B66B-414B-BAFA-848896585A3D}.Release|ARM.ActiveCfg = Release|Any CPU
		{4CD12075-B66B-414B-BAFA-848896585A3D}.Release|ARM.Build.0 = Release|Any CPU
		{4CD12075-B66B-414B-BAFA-848896585A3D}.Release|x64.ActiveCfg = Release|Any CPU
		{4CD12075-B66B-414B-BAFA-848896585A3D}.Release|x64.Build.0 = Release|Any CPU
		{4CD12075-B66B-414B-BAFA-848896585A3D}.Release|x86.ActiveCfg = Release|Any CPU
		{4CD12075-B66B-414B-BAFA-848896585A3D}.Release|x86.Build.0 = Release|Any CPU
		{76C05531-2116-41D0-B706-B072D6102F72}.Debug|Any CPU.ActiveCfg = Debug|Any CPU
		{76C05531-2116-41D0-B706-B072D6102F72}.Debug|Any CPU.Build.0 = Debug|Any CPU
		{76C05531-2116-41D0-B706-B072D6102F72}.Debug|ARM.ActiveCfg = Debug|Any CPU
		{76C05531-2116-41D0-B706-B072D6102F72}.Debug|ARM.Build.0 = Debug|Any CPU
		{76C05531-2116-41D0-B706-B072D6102F72}.Debug|x64.ActiveCfg = Debug|Any CPU
		{76C05531-2116-41D0-B706-B072D6102F72}.Debug|x64.Build.0 = Debug|Any CPU
		{76C05531-2116-41D0-B706-B072D6102F72}.Debug|x86.ActiveCfg = Debug|Any CPU
		{76C05531-2116-41D0-B706-B072D6102F72}.Debug|x86.Build.0 = Debug|Any CPU
		{76C05531-2116-41D0-B706-B072D6102F72}.Release|Any CPU.ActiveCfg = Release|Any CPU
		{76C05531-2116-41D0-B706-B072D6102F72}.Release|Any CPU.Build.0 = Release|Any CPU
		{76C05531-2116-41D0-B706-B072D6102F72}.Release|ARM.ActiveCfg = Release|Any CPU
		{76C05531-2116-41D0-B706-B072D6102F72}.Release|ARM.Build.0 = Release|Any CPU
		{76C05531-2116-41D0-B706-B072D6102F72}.Release|x64.ActiveCfg = Release|Any CPU
		{76C05531-2116-41D0-B706-B072D6102F72}.Release|x64.Build.0 = Release|Any CPU
		{76C05531-2116-41D0-B706-B072D6102F72}.Release|x86.ActiveCfg = Release|Any CPU
		{76C05531-2116-41D0-B706-B072D6102F72}.Release|x86.Build.0 = Release|Any CPU
		{3D70D064-CA46-4A3C-8B0A-D74A0540A18E}.Debug|Any CPU.ActiveCfg = Debug|Any CPU
		{3D70D064-CA46-4A3C-8B0A-D74A0540A18E}.Debug|Any CPU.Build.0 = Debug|Any CPU
		{3D70D064-CA46-4A3C-8B0A-D74A0540A18E}.Debug|ARM.ActiveCfg = Debug|Any CPU
		{3D70D064-CA46-4A3C-8B0A-D74A0540A18E}.Debug|ARM.Build.0 = Debug|Any CPU
		{3D70D064-CA46-4A3C-8B0A-D74A0540A18E}.Debug|x64.ActiveCfg = Debug|Any CPU
		{3D70D064-CA46-4A3C-8B0A-D74A0540A18E}.Debug|x64.Build.0 = Debug|Any CPU
		{3D70D064-CA46-4A3C-8B0A-D74A0540A18E}.Debug|x86.ActiveCfg = Debug|Any CPU
		{3D70D064-CA46-4A3C-8B0A-D74A0540A18E}.Debug|x86.Build.0 = Debug|Any CPU
		{3D70D064-CA46-4A3C-8B0A-D74A0540A18E}.Release|Any CPU.ActiveCfg = Release|Any CPU
		{3D70D064-CA46-4A3C-8B0A-D74A0540A18E}.Release|Any CPU.Build.0 = Release|Any CPU
		{3D70D064-CA46-4A3C-8B0A-D74A0540A18E}.Release|ARM.ActiveCfg = Release|Any CPU
		{3D70D064-CA46-4A3C-8B0A-D74A0540A18E}.Release|ARM.Build.0 = Release|Any CPU
		{3D70D064-CA46-4A3C-8B0A-D74A0540A18E}.Release|x64.ActiveCfg = Release|Any CPU
		{3D70D064-CA46-4A3C-8B0A-D74A0540A18E}.Release|x64.Build.0 = Release|Any CPU
		{3D70D064-CA46-4A3C-8B0A-D74A0540A18E}.Release|x86.ActiveCfg = Release|Any CPU
		{3D70D064-CA46-4A3C-8B0A-D74A0540A18E}.Release|x86.Build.0 = Release|Any CPU
		{11BDF26A-DC28-47CB-9122-5289C8766CB6}.Debug|Any CPU.ActiveCfg = Debug|Any CPU
		{11BDF26A-DC28-47CB-9122-5289C8766CB6}.Debug|Any CPU.Build.0 = Debug|Any CPU
		{11BDF26A-DC28-47CB-9122-5289C8766CB6}.Debug|ARM.ActiveCfg = Debug|Any CPU
		{11BDF26A-DC28-47CB-9122-5289C8766CB6}.Debug|ARM.Build.0 = Debug|Any CPU
		{11BDF26A-DC28-47CB-9122-5289C8766CB6}.Debug|x64.ActiveCfg = Debug|Any CPU
		{11BDF26A-DC28-47CB-9122-5289C8766CB6}.Debug|x64.Build.0 = Debug|Any CPU
		{11BDF26A-DC28-47CB-9122-5289C8766CB6}.Debug|x86.ActiveCfg = Debug|Any CPU
		{11BDF26A-DC28-47CB-9122-5289C8766CB6}.Debug|x86.Build.0 = Debug|Any CPU
		{11BDF26A-DC28-47CB-9122-5289C8766CB6}.Release|Any CPU.ActiveCfg = Release|Any CPU
		{11BDF26A-DC28-47CB-9122-5289C8766CB6}.Release|Any CPU.Build.0 = Release|Any CPU
		{11BDF26A-DC28-47CB-9122-5289C8766CB6}.Release|ARM.ActiveCfg = Release|Any CPU
		{11BDF26A-DC28-47CB-9122-5289C8766CB6}.Release|ARM.Build.0 = Release|Any CPU
		{11BDF26A-DC28-47CB-9122-5289C8766CB6}.Release|x64.ActiveCfg = Release|Any CPU
		{11BDF26A-DC28-47CB-9122-5289C8766CB6}.Release|x64.Build.0 = Release|Any CPU
		{11BDF26A-DC28-47CB-9122-5289C8766CB6}.Release|x86.ActiveCfg = Release|Any CPU
		{11BDF26A-DC28-47CB-9122-5289C8766CB6}.Release|x86.Build.0 = Release|Any CPU
		{C894C9E3-9529-4045-BB90-6A7FD6EACC2F}.Debug|Any CPU.ActiveCfg = Debug|Any CPU
		{C894C9E3-9529-4045-BB90-6A7FD6EACC2F}.Debug|Any CPU.Build.0 = Debug|Any CPU
		{C894C9E3-9529-4045-BB90-6A7FD6EACC2F}.Debug|ARM.ActiveCfg = Debug|Any CPU
		{C894C9E3-9529-4045-BB90-6A7FD6EACC2F}.Debug|ARM.Build.0 = Debug|Any CPU
		{C894C9E3-9529-4045-BB90-6A7FD6EACC2F}.Debug|x64.ActiveCfg = Debug|Any CPU
		{C894C9E3-9529-4045-BB90-6A7FD6EACC2F}.Debug|x64.Build.0 = Debug|Any CPU
		{C894C9E3-9529-4045-BB90-6A7FD6EACC2F}.Debug|x86.ActiveCfg = Debug|Any CPU
		{C894C9E3-9529-4045-BB90-6A7FD6EACC2F}.Debug|x86.Build.0 = Debug|Any CPU
		{C894C9E3-9529-4045-BB90-6A7FD6EACC2F}.Release|Any CPU.ActiveCfg = Release|Any CPU
		{C894C9E3-9529-4045-BB90-6A7FD6EACC2F}.Release|Any CPU.Build.0 = Release|Any CPU
		{C894C9E3-9529-4045-BB90-6A7FD6EACC2F}.Release|ARM.ActiveCfg = Release|Any CPU
		{C894C9E3-9529-4045-BB90-6A7FD6EACC2F}.Release|ARM.Build.0 = Release|Any CPU
		{C894C9E3-9529-4045-BB90-6A7FD6EACC2F}.Release|x64.ActiveCfg = Release|Any CPU
		{C894C9E3-9529-4045-BB90-6A7FD6EACC2F}.Release|x64.Build.0 = Release|Any CPU
		{C894C9E3-9529-4045-BB90-6A7FD6EACC2F}.Release|x86.ActiveCfg = Release|Any CPU
		{C894C9E3-9529-4045-BB90-6A7FD6EACC2F}.Release|x86.Build.0 = Release|Any CPU
		{200DC700-F2C2-4706-804D-76ABA9ACEAD0}.Debug|Any CPU.ActiveCfg = Debug|Any CPU
		{200DC700-F2C2-4706-804D-76ABA9ACEAD0}.Debug|Any CPU.Build.0 = Debug|Any CPU
		{200DC700-F2C2-4706-804D-76ABA9ACEAD0}.Debug|ARM.ActiveCfg = Debug|Any CPU
		{200DC700-F2C2-4706-804D-76ABA9ACEAD0}.Debug|ARM.Build.0 = Debug|Any CPU
		{200DC700-F2C2-4706-804D-76ABA9ACEAD0}.Debug|x64.ActiveCfg = Debug|Any CPU
		{200DC700-F2C2-4706-804D-76ABA9ACEAD0}.Debug|x64.Build.0 = Debug|Any CPU
		{200DC700-F2C2-4706-804D-76ABA9ACEAD0}.Debug|x86.ActiveCfg = Debug|Any CPU
		{200DC700-F2C2-4706-804D-76ABA9ACEAD0}.Debug|x86.Build.0 = Debug|Any CPU
		{200DC700-F2C2-4706-804D-76ABA9ACEAD0}.Release|Any CPU.ActiveCfg = Release|Any CPU
		{200DC700-F2C2-4706-804D-76ABA9ACEAD0}.Release|Any CPU.Build.0 = Release|Any CPU
		{200DC700-F2C2-4706-804D-76ABA9ACEAD0}.Release|ARM.ActiveCfg = Release|Any CPU
		{200DC700-F2C2-4706-804D-76ABA9ACEAD0}.Release|ARM.Build.0 = Release|Any CPU
		{200DC700-F2C2-4706-804D-76ABA9ACEAD0}.Release|x64.ActiveCfg = Release|Any CPU
		{200DC700-F2C2-4706-804D-76ABA9ACEAD0}.Release|x64.Build.0 = Release|Any CPU
		{200DC700-F2C2-4706-804D-76ABA9ACEAD0}.Release|x86.ActiveCfg = Release|Any CPU
		{200DC700-F2C2-4706-804D-76ABA9ACEAD0}.Release|x86.Build.0 = Release|Any CPU
		{69778CE1-5658-46A5-A2B8-3FB1F2F5693E}.Debug|Any CPU.ActiveCfg = Debug|Any CPU
		{69778CE1-5658-46A5-A2B8-3FB1F2F5693E}.Debug|Any CPU.Build.0 = Debug|Any CPU
		{69778CE1-5658-46A5-A2B8-3FB1F2F5693E}.Debug|ARM.ActiveCfg = Debug|Any CPU
		{69778CE1-5658-46A5-A2B8-3FB1F2F5693E}.Debug|ARM.Build.0 = Debug|Any CPU
		{69778CE1-5658-46A5-A2B8-3FB1F2F5693E}.Debug|x64.ActiveCfg = Debug|Any CPU
		{69778CE1-5658-46A5-A2B8-3FB1F2F5693E}.Debug|x64.Build.0 = Debug|Any CPU
		{69778CE1-5658-46A5-A2B8-3FB1F2F5693E}.Debug|x86.ActiveCfg = Debug|Any CPU
		{69778CE1-5658-46A5-A2B8-3FB1F2F5693E}.Debug|x86.Build.0 = Debug|Any CPU
		{69778CE1-5658-46A5-A2B8-3FB1F2F5693E}.Release|Any CPU.ActiveCfg = Release|Any CPU
		{69778CE1-5658-46A5-A2B8-3FB1F2F5693E}.Release|Any CPU.Build.0 = Release|Any CPU
		{69778CE1-5658-46A5-A2B8-3FB1F2F5693E}.Release|ARM.ActiveCfg = Release|Any CPU
		{69778CE1-5658-46A5-A2B8-3FB1F2F5693E}.Release|ARM.Build.0 = Release|Any CPU
		{69778CE1-5658-46A5-A2B8-3FB1F2F5693E}.Release|x64.ActiveCfg = Release|Any CPU
		{69778CE1-5658-46A5-A2B8-3FB1F2F5693E}.Release|x64.Build.0 = Release|Any CPU
		{69778CE1-5658-46A5-A2B8-3FB1F2F5693E}.Release|x86.ActiveCfg = Release|Any CPU
		{69778CE1-5658-46A5-A2B8-3FB1F2F5693E}.Release|x86.Build.0 = Release|Any CPU
		{A5485E12-9F9E-44DA-8E96-9A6358CC8F42}.Debug|Any CPU.ActiveCfg = Debug|Any CPU
		{A5485E12-9F9E-44DA-8E96-9A6358CC8F42}.Debug|Any CPU.Build.0 = Debug|Any CPU
		{A5485E12-9F9E-44DA-8E96-9A6358CC8F42}.Debug|ARM.ActiveCfg = Debug|Any CPU
		{A5485E12-9F9E-44DA-8E96-9A6358CC8F42}.Debug|ARM.Build.0 = Debug|Any CPU
		{A5485E12-9F9E-44DA-8E96-9A6358CC8F42}.Debug|x64.ActiveCfg = Debug|Any CPU
		{A5485E12-9F9E-44DA-8E96-9A6358CC8F42}.Debug|x64.Build.0 = Debug|Any CPU
		{A5485E12-9F9E-44DA-8E96-9A6358CC8F42}.Debug|x86.ActiveCfg = Debug|Any CPU
		{A5485E12-9F9E-44DA-8E96-9A6358CC8F42}.Debug|x86.Build.0 = Debug|Any CPU
		{A5485E12-9F9E-44DA-8E96-9A6358CC8F42}.Release|Any CPU.ActiveCfg = Release|Any CPU
		{A5485E12-9F9E-44DA-8E96-9A6358CC8F42}.Release|Any CPU.Build.0 = Release|Any CPU
		{A5485E12-9F9E-44DA-8E96-9A6358CC8F42}.Release|ARM.ActiveCfg = Release|Any CPU
		{A5485E12-9F9E-44DA-8E96-9A6358CC8F42}.Release|ARM.Build.0 = Release|Any CPU
		{A5485E12-9F9E-44DA-8E96-9A6358CC8F42}.Release|x64.ActiveCfg = Release|Any CPU
		{A5485E12-9F9E-44DA-8E96-9A6358CC8F42}.Release|x64.Build.0 = Release|Any CPU
		{A5485E12-9F9E-44DA-8E96-9A6358CC8F42}.Release|x86.ActiveCfg = Release|Any CPU
		{A5485E12-9F9E-44DA-8E96-9A6358CC8F42}.Release|x86.Build.0 = Release|Any CPU
		{801758EF-8958-4456-BC27-C5A74D53E8E8}.Debug|Any CPU.ActiveCfg = Debug|Any CPU
		{801758EF-8958-4456-BC27-C5A74D53E8E8}.Debug|Any CPU.Build.0 = Debug|Any CPU
		{801758EF-8958-4456-BC27-C5A74D53E8E8}.Debug|ARM.ActiveCfg = Debug|Any CPU
		{801758EF-8958-4456-BC27-C5A74D53E8E8}.Debug|ARM.Build.0 = Debug|Any CPU
		{801758EF-8958-4456-BC27-C5A74D53E8E8}.Debug|x64.ActiveCfg = Debug|Any CPU
		{801758EF-8958-4456-BC27-C5A74D53E8E8}.Debug|x64.Build.0 = Debug|Any CPU
		{801758EF-8958-4456-BC27-C5A74D53E8E8}.Debug|x86.ActiveCfg = Debug|Any CPU
		{801758EF-8958-4456-BC27-C5A74D53E8E8}.Debug|x86.Build.0 = Debug|Any CPU
		{801758EF-8958-4456-BC27-C5A74D53E8E8}.Release|Any CPU.ActiveCfg = Release|Any CPU
		{801758EF-8958-4456-BC27-C5A74D53E8E8}.Release|Any CPU.Build.0 = Release|Any CPU
		{801758EF-8958-4456-BC27-C5A74D53E8E8}.Release|ARM.ActiveCfg = Release|Any CPU
		{801758EF-8958-4456-BC27-C5A74D53E8E8}.Release|ARM.Build.0 = Release|Any CPU
		{801758EF-8958-4456-BC27-C5A74D53E8E8}.Release|x64.ActiveCfg = Release|Any CPU
		{801758EF-8958-4456-BC27-C5A74D53E8E8}.Release|x64.Build.0 = Release|Any CPU
		{801758EF-8958-4456-BC27-C5A74D53E8E8}.Release|x86.ActiveCfg = Release|Any CPU
		{801758EF-8958-4456-BC27-C5A74D53E8E8}.Release|x86.Build.0 = Release|Any CPU
		{DCA512FF-7CF7-473D-B21A-14B36AFC4AF7}.Debug|Any CPU.ActiveCfg = Debug|Any CPU
		{DCA512FF-7CF7-473D-B21A-14B36AFC4AF7}.Debug|Any CPU.Build.0 = Debug|Any CPU
		{DCA512FF-7CF7-473D-B21A-14B36AFC4AF7}.Debug|ARM.ActiveCfg = Debug|Any CPU
		{DCA512FF-7CF7-473D-B21A-14B36AFC4AF7}.Debug|ARM.Build.0 = Debug|Any CPU
		{DCA512FF-7CF7-473D-B21A-14B36AFC4AF7}.Debug|x64.ActiveCfg = Debug|Any CPU
		{DCA512FF-7CF7-473D-B21A-14B36AFC4AF7}.Debug|x64.Build.0 = Debug|Any CPU
		{DCA512FF-7CF7-473D-B21A-14B36AFC4AF7}.Debug|x86.ActiveCfg = Debug|Any CPU
		{DCA512FF-7CF7-473D-B21A-14B36AFC4AF7}.Debug|x86.Build.0 = Debug|Any CPU
		{DCA512FF-7CF7-473D-B21A-14B36AFC4AF7}.Release|Any CPU.ActiveCfg = Release|Any CPU
		{DCA512FF-7CF7-473D-B21A-14B36AFC4AF7}.Release|Any CPU.Build.0 = Release|Any CPU
		{DCA512FF-7CF7-473D-B21A-14B36AFC4AF7}.Release|ARM.ActiveCfg = Release|Any CPU
		{DCA512FF-7CF7-473D-B21A-14B36AFC4AF7}.Release|ARM.Build.0 = Release|Any CPU
		{DCA512FF-7CF7-473D-B21A-14B36AFC4AF7}.Release|x64.ActiveCfg = Release|Any CPU
		{DCA512FF-7CF7-473D-B21A-14B36AFC4AF7}.Release|x64.Build.0 = Release|Any CPU
		{DCA512FF-7CF7-473D-B21A-14B36AFC4AF7}.Release|x86.ActiveCfg = Release|Any CPU
		{DCA512FF-7CF7-473D-B21A-14B36AFC4AF7}.Release|x86.Build.0 = Release|Any CPU
		{A4A04BA3-C939-419B-BBCF-5FBC7BE970AF}.Debug|Any CPU.ActiveCfg = Debug|Any CPU
		{A4A04BA3-C939-419B-BBCF-5FBC7BE970AF}.Debug|Any CPU.Build.0 = Debug|Any CPU
		{A4A04BA3-C939-419B-BBCF-5FBC7BE970AF}.Debug|ARM.ActiveCfg = Debug|Any CPU
		{A4A04BA3-C939-419B-BBCF-5FBC7BE970AF}.Debug|ARM.Build.0 = Debug|Any CPU
		{A4A04BA3-C939-419B-BBCF-5FBC7BE970AF}.Debug|x64.ActiveCfg = Debug|Any CPU
		{A4A04BA3-C939-419B-BBCF-5FBC7BE970AF}.Debug|x64.Build.0 = Debug|Any CPU
		{A4A04BA3-C939-419B-BBCF-5FBC7BE970AF}.Debug|x86.ActiveCfg = Debug|Any CPU
		{A4A04BA3-C939-419B-BBCF-5FBC7BE970AF}.Debug|x86.Build.0 = Debug|Any CPU
		{A4A04BA3-C939-419B-BBCF-5FBC7BE970AF}.Release|Any CPU.ActiveCfg = Release|Any CPU
		{A4A04BA3-C939-419B-BBCF-5FBC7BE970AF}.Release|Any CPU.Build.0 = Release|Any CPU
		{A4A04BA3-C939-419B-BBCF-5FBC7BE970AF}.Release|ARM.ActiveCfg = Release|Any CPU
		{A4A04BA3-C939-419B-BBCF-5FBC7BE970AF}.Release|ARM.Build.0 = Release|Any CPU
		{A4A04BA3-C939-419B-BBCF-5FBC7BE970AF}.Release|x64.ActiveCfg = Release|Any CPU
		{A4A04BA3-C939-419B-BBCF-5FBC7BE970AF}.Release|x64.Build.0 = Release|Any CPU
		{A4A04BA3-C939-419B-BBCF-5FBC7BE970AF}.Release|x86.ActiveCfg = Release|Any CPU
		{A4A04BA3-C939-419B-BBCF-5FBC7BE970AF}.Release|x86.Build.0 = Release|Any CPU
		{EE846FCD-2E64-4263-A96F-9E6F308D97ED}.Debug|Any CPU.ActiveCfg = Debug|Any CPU
		{EE846FCD-2E64-4263-A96F-9E6F308D97ED}.Debug|Any CPU.Build.0 = Debug|Any CPU
		{EE846FCD-2E64-4263-A96F-9E6F308D97ED}.Debug|ARM.ActiveCfg = Debug|Any CPU
		{EE846FCD-2E64-4263-A96F-9E6F308D97ED}.Debug|ARM.Build.0 = Debug|Any CPU
		{EE846FCD-2E64-4263-A96F-9E6F308D97ED}.Debug|x64.ActiveCfg = Debug|Any CPU
		{EE846FCD-2E64-4263-A96F-9E6F308D97ED}.Debug|x64.Build.0 = Debug|Any CPU
		{EE846FCD-2E64-4263-A96F-9E6F308D97ED}.Debug|x86.ActiveCfg = Debug|Any CPU
		{EE846FCD-2E64-4263-A96F-9E6F308D97ED}.Debug|x86.Build.0 = Debug|Any CPU
		{EE846FCD-2E64-4263-A96F-9E6F308D97ED}.Release|Any CPU.ActiveCfg = Release|Any CPU
		{EE846FCD-2E64-4263-A96F-9E6F308D97ED}.Release|Any CPU.Build.0 = Release|Any CPU
		{EE846FCD-2E64-4263-A96F-9E6F308D97ED}.Release|ARM.ActiveCfg = Release|Any CPU
		{EE846FCD-2E64-4263-A96F-9E6F308D97ED}.Release|ARM.Build.0 = Release|Any CPU
		{EE846FCD-2E64-4263-A96F-9E6F308D97ED}.Release|x64.ActiveCfg = Release|Any CPU
		{EE846FCD-2E64-4263-A96F-9E6F308D97ED}.Release|x64.Build.0 = Release|Any CPU
		{EE846FCD-2E64-4263-A96F-9E6F308D97ED}.Release|x86.ActiveCfg = Release|Any CPU
		{EE846FCD-2E64-4263-A96F-9E6F308D97ED}.Release|x86.Build.0 = Release|Any CPU
		{C29DB39E-D32C-4692-A6A7-9CA77DEB72BF}.Debug|Any CPU.ActiveCfg = Debug|Any CPU
		{C29DB39E-D32C-4692-A6A7-9CA77DEB72BF}.Debug|Any CPU.Build.0 = Debug|Any CPU
		{C29DB39E-D32C-4692-A6A7-9CA77DEB72BF}.Debug|ARM.ActiveCfg = Debug|Any CPU
		{C29DB39E-D32C-4692-A6A7-9CA77DEB72BF}.Debug|ARM.Build.0 = Debug|Any CPU
		{C29DB39E-D32C-4692-A6A7-9CA77DEB72BF}.Debug|x64.ActiveCfg = Debug|Any CPU
		{C29DB39E-D32C-4692-A6A7-9CA77DEB72BF}.Debug|x64.Build.0 = Debug|Any CPU
		{C29DB39E-D32C-4692-A6A7-9CA77DEB72BF}.Debug|x86.ActiveCfg = Debug|Any CPU
		{C29DB39E-D32C-4692-A6A7-9CA77DEB72BF}.Debug|x86.Build.0 = Debug|Any CPU
		{C29DB39E-D32C-4692-A6A7-9CA77DEB72BF}.Release|Any CPU.ActiveCfg = Release|Any CPU
		{C29DB39E-D32C-4692-A6A7-9CA77DEB72BF}.Release|Any CPU.Build.0 = Release|Any CPU
		{C29DB39E-D32C-4692-A6A7-9CA77DEB72BF}.Release|ARM.ActiveCfg = Release|Any CPU
		{C29DB39E-D32C-4692-A6A7-9CA77DEB72BF}.Release|ARM.Build.0 = Release|Any CPU
		{C29DB39E-D32C-4692-A6A7-9CA77DEB72BF}.Release|x64.ActiveCfg = Release|Any CPU
		{C29DB39E-D32C-4692-A6A7-9CA77DEB72BF}.Release|x64.Build.0 = Release|Any CPU
		{C29DB39E-D32C-4692-A6A7-9CA77DEB72BF}.Release|x86.ActiveCfg = Release|Any CPU
		{C29DB39E-D32C-4692-A6A7-9CA77DEB72BF}.Release|x86.Build.0 = Release|Any CPU
	EndGlobalSection
	GlobalSection(SolutionProperties) = preSolution
		HideSolutionNode = FALSE
	EndGlobalSection
	GlobalSection(NestedProjects) = preSolution
		{66FCC1D4-F7F6-4A76-B3C3-CC1924C1CF88} = {D73E328B-68C4-499C-9532-A7D9ACC4F186}
		{0F5CB7BF-7FF8-447D-9DEC-8CD0D946D208} = {291B05EE-78EA-412F-9449-5EC4D5E0FC9C}
		{A8AE0158-9808-4C42-B617-77E1C68C4151} = {D73E328B-68C4-499C-9532-A7D9ACC4F186}
		{4813D9C9-B939-4FB9-A270-6C8748B0EAB0} = {A8AE0158-9808-4C42-B617-77E1C68C4151}
		{1F810074-1000-41AF-A48E-0645407B9FF0} = {A8AE0158-9808-4C42-B617-77E1C68C4151}
		{CBA41551-336C-4528-8ADF-C8CB72F2BAE9} = {A8AE0158-9808-4C42-B617-77E1C68C4151}
		{947EED5C-4B4D-407A-A044-D691D18EBDAF} = {A8AE0158-9808-4C42-B617-77E1C68C4151}
		{28E2D50D-7B27-4CE0-8867-3A03DC13159F} = {A8AE0158-9808-4C42-B617-77E1C68C4151}
		{0CD6CC5B-DA0C-497A-B52E-8CB2E9BAEFCD} = {A8AE0158-9808-4C42-B617-77E1C68C4151}
		{F6EC05E1-F6AC-4CCA-8E71-9B6FB2073A64} = {A8AE0158-9808-4C42-B617-77E1C68C4151}
		{D377EF6C-1DBD-42B0-90F9-1DCBA7CE7E11} = {291B05EE-78EA-412F-9449-5EC4D5E0FC9C}
		{80BFF656-3BE0-4587-A6B3-DEEEE7B653AF} = {291B05EE-78EA-412F-9449-5EC4D5E0FC9C}
		{4685F3B9-3931-449C-8C10-158FA0DB4801} = {96FC6DCB-2238-4610-BF05-8F031669948C}
		{4CB7426E-EAF9-411E-A81B-35EE7984FB52} = {96FC6DCB-2238-4610-BF05-8F031669948C}
		{BB39BB4D-AB66-4BC7-8503-6F819A0FCF89} = {96FC6DCB-2238-4610-BF05-8F031669948C}
		{346040AD-D728-41CE-BA52-1FE66FBA6B46} = {96FC6DCB-2238-4610-BF05-8F031669948C}
		{C35B31DC-A0AD-49B5-BE1E-AE02FD21B06F} = {96FC6DCB-2238-4610-BF05-8F031669948C}
		{769E3A19-BEED-4FC3-B87B-E2664A67AA7C} = {96FC6DCB-2238-4610-BF05-8F031669948C}
		{EA6BDD38-352C-4A52-98DE-EFA66226A78D} = {96FC6DCB-2238-4610-BF05-8F031669948C}
		{3925E1F3-2B9D-4095-8BAC-3B7976476A79} = {96FC6DCB-2238-4610-BF05-8F031669948C}
		{05239C76-D35B-42FF-BD67-C0476616B772} = {291B05EE-78EA-412F-9449-5EC4D5E0FC9C}
		{7F571708-841B-4184-AF62-D2127502FD7E} = {291B05EE-78EA-412F-9449-5EC4D5E0FC9C}
		{BF0816DA-9BF0-4A47-B4BD-1148E48439A1} = {7F571708-841B-4184-AF62-D2127502FD7E}
		{3C19CF94-F9FE-4FC8-BFB4-BBC3918AB537} = {7F571708-841B-4184-AF62-D2127502FD7E}
		{50BA43CD-5980-49C5-B2F6-24E5A8CEB24C} = {7F571708-841B-4184-AF62-D2127502FD7E}
		{012583C8-4037-4AF1-A544-AD103F4B004D} = {7F571708-841B-4184-AF62-D2127502FD7E}
		{7E328E42-4948-436B-B292-18D0E6D72DAF} = {96FC6DCB-2238-4610-BF05-8F031669948C}
		{B58A0A0C-D6D9-42F2-833F-C7D8AD9204BE} = {96FC6DCB-2238-4610-BF05-8F031669948C}
		{A0F9C378-2058-48EA-8B18-75284CD6CF8C} = {96FC6DCB-2238-4610-BF05-8F031669948C}
		{850EBECE-102D-4BA4-BF20-08309BF426B8} = {291B05EE-78EA-412F-9449-5EC4D5E0FC9C}
		{3C4DB006-A025-4A7D-92B4-1DC638D7A71F} = {7F571708-841B-4184-AF62-D2127502FD7E}
		{E51B208C-A63A-4EA2-93B6-8AE3C263BFA9} = {96FC6DCB-2238-4610-BF05-8F031669948C}
		{1B8FD620-89F8-40CF-A818-248D583D08CE} = {EA6BDD38-352C-4A52-98DE-EFA66226A78D}
		{A727597B-02FA-47A6-B036-DC4ABE56AEF0} = {EA6BDD38-352C-4A52-98DE-EFA66226A78D}
		{B5365DB4-CF53-45DF-97E7-75706888AE64} = {7F571708-841B-4184-AF62-D2127502FD7E}
		{3B2108EE-754E-473A-B5FC-4C957A0C38C2} = {96FC6DCB-2238-4610-BF05-8F031669948C}
		{F876E12B-C7D6-416A-9F0C-36FA8564DED6} = {291B05EE-78EA-412F-9449-5EC4D5E0FC9C}
		{0AD67880-AFE2-483F-82AD-44E0866E9935} = {AD4FD059-1EAB-4DFA-BFA2-1B313C04BB52}
		{1D04AE3D-7578-4053-9FCD-ADFF3E7CFB65} = {0AD67880-AFE2-483F-82AD-44E0866E9935}
		{094C4753-8487-4684-9FF6-EE27F2340127} = {0AD67880-AFE2-483F-82AD-44E0866E9935}
		{2F6DF197-E18F-4CD5-AB7A-361548987024} = {0AD67880-AFE2-483F-82AD-44E0866E9935}
		{E3C8718B-6C47-44A4-AB01-8B14014C9692} = {1D04AE3D-7578-4053-9FCD-ADFF3E7CFB65}
		{8391792B-6274-4B86-83D4-F46D045ADF7B} = {AD4FD059-1EAB-4DFA-BFA2-1B313C04BB52}
		{4CD12075-B66B-414B-BAFA-848896585A3D} = {8391792B-6274-4B86-83D4-F46D045ADF7B}
		{76C05531-2116-41D0-B706-B072D6102F72} = {8391792B-6274-4B86-83D4-F46D045ADF7B}
		{3D70D064-CA46-4A3C-8B0A-D74A0540A18E} = {8391792B-6274-4B86-83D4-F46D045ADF7B}
		{11BDF26A-DC28-47CB-9122-5289C8766CB6} = {8391792B-6274-4B86-83D4-F46D045ADF7B}
		{C894C9E3-9529-4045-BB90-6A7FD6EACC2F} = {1D04AE3D-7578-4053-9FCD-ADFF3E7CFB65}
		{200DC700-F2C2-4706-804D-76ABA9ACEAD0} = {8391792B-6274-4B86-83D4-F46D045ADF7B}
		{69778CE1-5658-46A5-A2B8-3FB1F2F5693E} = {A8AE0158-9808-4C42-B617-77E1C68C4151}
		{D62FFAB8-0801-4779-AA9B-470998BE9040} = {AD4FD059-1EAB-4DFA-BFA2-1B313C04BB52}
		{A5485E12-9F9E-44DA-8E96-9A6358CC8F42} = {D62FFAB8-0801-4779-AA9B-470998BE9040}
		{801758EF-8958-4456-BC27-C5A74D53E8E8} = {D62FFAB8-0801-4779-AA9B-470998BE9040}
		{DCA512FF-7CF7-473D-B21A-14B36AFC4AF7} = {D62FFAB8-0801-4779-AA9B-470998BE9040}
		{A4A04BA3-C939-419B-BBCF-5FBC7BE970AF} = {D62FFAB8-0801-4779-AA9B-470998BE9040}
		{EE846FCD-2E64-4263-A96F-9E6F308D97ED} = {8391792B-6274-4B86-83D4-F46D045ADF7B}
		{C29DB39E-D32C-4692-A6A7-9CA77DEB72BF} = {D62FFAB8-0801-4779-AA9B-470998BE9040}
	EndGlobalSection
	GlobalSection(ExtensibilityGlobals) = postSolution
		EnterpriseLibraryConfigurationToolBinariesPathV6 = packages\EnterpriseLibrary.TransientFaultHandling.6.0.1304.0\lib\portable-net45+win+wp8;packages\EnterpriseLibrary.TransientFaultHandling.Data.6.0.1304.1\lib\NET45
		SolutionGuid = {935D1C59-A88C-491F-B27D-3B0CF8AF2605}
	EndGlobalSection
EndGlobal
