
Microsoft Visual Studio Solution File, Format Version 12.00
# Visual Studio Version 17
VisualStudioVersion = 17.0.32014.148
MinimumVisualStudioVersion = 10.0.40219.1
Project("{2150E333-8FDC-42A3-9474-1A3956D46DE8}") = "Core", "Core", "{291B05EE-78EA-412F-9449-5EC4D5E0FC9C}"
EndProject
Project("{2150E333-8FDC-42A3-9474-1A3956D46DE8}") = ".build", ".build", "{ABD253A3-63FE-4FF0-8877-E872691E8D41}"
	ProjectSection(SolutionItems) = preProject
		Directory.Build.props = Directory.Build.props
		..\.github\workflows\dotnet-core.yml = ..\.github\workflows\dotnet-core.yml
		..\GitVersion.yml = ..\GitVersion.yml
	EndProjectSection
EndProject
Project("{9A19103F-16F7-4668-BE54-9A1E7A4F7556}") = "Fuxion", "core\Fuxion\Fuxion.csproj", "{0F5CB7BF-7FF8-447D-9DEC-8CD0D946D208}"
EndProject
Project("{9A19103F-16F7-4668-BE54-9A1E7A4F7556}") = "Fuxion.Domain", "core\Domain\Fuxion.Domain.csproj", "{D377EF6C-1DBD-42B0-90F9-1DCBA7CE7E11}"
EndProject
Project("{9A19103F-16F7-4668-BE54-9A1E7A4F7556}") = "Fuxion.Application", "core\Application\Fuxion.Application.csproj", "{80BFF656-3BE0-4587-A6B3-DEEEE7B653AF}"
EndProject
Project("{2150E333-8FDC-42A3-9474-1A3956D46DE8}") = "Infrastructure", "Infrastructure", "{96FC6DCB-2238-4610-BF05-8F031669948C}"
EndProject
Project("{9A19103F-16F7-4668-BE54-9A1E7A4F7556}") = "Fuxion.AutoMapper", "Infrastructure\AutoMapper\Fuxion.AutoMapper.csproj", "{4685F3B9-3931-449C-8C10-158FA0DB4801}"
EndProject
Project("{9A19103F-16F7-4668-BE54-9A1E7A4F7556}") = "Fuxion.EntityFrameworkCore", "Infrastructure\EntityFrameworkCore\Fuxion.EntityFrameworkCore.csproj", "{4CB7426E-EAF9-411E-A81B-35EE7984FB52}"
EndProject
Project("{9A19103F-16F7-4668-BE54-9A1E7A4F7556}") = "Fuxion.EventStore", "Infrastructure\EventStore\Fuxion.EventStore.csproj", "{BB39BB4D-AB66-4BC7-8503-6F819A0FCF89}"
EndProject
Project("{9A19103F-16F7-4668-BE54-9A1E7A4F7556}") = "Fuxion.MongoDB", "Infrastructure\MongoDB\Fuxion.MongoDB.csproj", "{346040AD-D728-41CE-BA52-1FE66FBA6B46}"
EndProject
Project("{9A19103F-16F7-4668-BE54-9A1E7A4F7556}") = "Fuxion.RabbitMQ", "Infrastructure\RabbitMQ\Fuxion.RabbitMQ.csproj", "{C35B31DC-A0AD-49B5-BE1E-AE02FD21B06F}"
EndProject
Project("{9A19103F-16F7-4668-BE54-9A1E7A4F7556}") = "Fuxion.EntityFramework", "Infrastructure\EntityFramework\Fuxion.EntityFramework.csproj", "{3925E1F3-2B9D-4095-8BAC-3B7976476A79}"
EndProject
Project("{9A19103F-16F7-4668-BE54-9A1E7A4F7556}") = "Fuxion.Identity", "Core\Identity\Fuxion.Identity.csproj", "{05239C76-D35B-42FF-BD67-C0476616B772}"
EndProject
Project("{9A19103F-16F7-4668-BE54-9A1E7A4F7556}") = "Fuxion.Windows", "Infrastructure\Windows\Fuxion.Windows.csproj", "{A0F9C378-2058-48EA-8B18-75284CD6CF8C}"
EndProject
Project("{9A19103F-16F7-4668-BE54-9A1E7A4F7556}") = "Fuxion.Licensing", "Core\Licensing\Fuxion.Licensing.csproj", "{850EBECE-102D-4BA4-BF20-08309BF426B8}"
EndProject
Project("{9A19103F-16F7-4668-BE54-9A1E7A4F7556}") = "Fuxion.Windows.Controls", "Infrastructure\Windows.Controls\Fuxion.Windows.Controls.csproj", "{E51B208C-A63A-4EA2-93B6-8AE3C263BFA9}"
EndProject
Project("{9A19103F-16F7-4668-BE54-9A1E7A4F7556}") = "Fuxion.AspNetCore", "Infrastructure\AspNetCore\Fuxion.AspNetCore.csproj", "{3B2108EE-754E-473A-B5FC-4C957A0C38C2}"
EndProject
Project("{9A19103F-16F7-4668-BE54-9A1E7A4F7556}") = "Fuxion.MassTransit", "Infrastructure\MassTransit\Fuxion.MassTransit.csproj", "{A581D808-CFB5-4EF6-B79A-5A3BF586C18A}"
EndProject
Project("{9A19103F-16F7-4668-BE54-9A1E7A4F7556}") = "Fuxion.Testing", "core\Testing\Fuxion.Testing.csproj", "{59C04CCB-EBCC-420B-A0AF-8FCF8E00CC39}"
EndProject
Project("{9A19103F-16F7-4668-BE54-9A1E7A4F7556}") = "Fuxion.Drawing", "core\Drawing\Fuxion.Drawing.csproj", "{81151681-59DD-4237-BBFC-B5F8F16D725C}"
EndProject
Project("{9A19103F-16F7-4668-BE54-9A1E7A4F7556}") = "Fuxion.Orleans", "infrastructure\Orleans\Fuxion.Orleans.csproj", "{A6A68F73-5D5F-456D-AE4F-81360E91A4AC}"
EndProject
Project("{FAE04EC0-301F-11D3-BF4B-00C04F79EFBC}") = "Fuxion.EntityFrameworkCore.SqlServer", "infrastructure\EntityFrameworkCore.SqlServer\Fuxion.EntityFrameworkCore.SqlServer.csproj", "{6376E982-F7A4-4E3D-ACD3-9D822F065571}"
EndProject
Project("{FAE04EC0-301F-11D3-BF4B-00C04F79EFBC}") = "Fuxion.EntityFrameworkCore.InMemory", "infrastructure\EntityFrameworkCore.InMemory\Fuxion.EntityFrameworkCore.InMemory.csproj", "{3C52DEC3-CD6F-4E10-AB16-856CC43FA8D6}"
EndProject
Project("{FAE04EC0-301F-11D3-BF4B-00C04F79EFBC}") = "Fuxion.Shell", "core\Shell\Fuxion.Shell.csproj", "{1D215A29-8B49-4179-9107-4AD723C9B282}"
EndProject
Global
	GlobalSection(SolutionConfigurationPlatforms) = preSolution
		Debug|Any CPU = Debug|Any CPU
		Debug|ARM = Debug|ARM
		Debug|iPhone = Debug|iPhone
		Debug|iPhoneSimulator = Debug|iPhoneSimulator
		Debug|x64 = Debug|x64
		Debug|x86 = Debug|x86
		Release|Any CPU = Release|Any CPU
		Release|ARM = Release|ARM
		Release|iPhone = Release|iPhone
		Release|iPhoneSimulator = Release|iPhoneSimulator
		Release|x64 = Release|x64
		Release|x86 = Release|x86
	EndGlobalSection
	GlobalSection(ProjectConfigurationPlatforms) = postSolution
		{0F5CB7BF-7FF8-447D-9DEC-8CD0D946D208}.Debug|Any CPU.ActiveCfg = Debug|Any CPU
		{0F5CB7BF-7FF8-447D-9DEC-8CD0D946D208}.Debug|Any CPU.Build.0 = Debug|Any CPU
		{0F5CB7BF-7FF8-447D-9DEC-8CD0D946D208}.Debug|ARM.ActiveCfg = Debug|Any CPU
		{0F5CB7BF-7FF8-447D-9DEC-8CD0D946D208}.Debug|ARM.Build.0 = Debug|Any CPU
		{0F5CB7BF-7FF8-447D-9DEC-8CD0D946D208}.Debug|iPhone.ActiveCfg = Debug|Any CPU
		{0F5CB7BF-7FF8-447D-9DEC-8CD0D946D208}.Debug|iPhone.Build.0 = Debug|Any CPU
		{0F5CB7BF-7FF8-447D-9DEC-8CD0D946D208}.Debug|iPhoneSimulator.ActiveCfg = Debug|Any CPU
		{0F5CB7BF-7FF8-447D-9DEC-8CD0D946D208}.Debug|iPhoneSimulator.Build.0 = Debug|Any CPU
		{0F5CB7BF-7FF8-447D-9DEC-8CD0D946D208}.Debug|x64.ActiveCfg = Debug|Any CPU
		{0F5CB7BF-7FF8-447D-9DEC-8CD0D946D208}.Debug|x64.Build.0 = Debug|Any CPU
		{0F5CB7BF-7FF8-447D-9DEC-8CD0D946D208}.Debug|x86.ActiveCfg = Debug|Any CPU
		{0F5CB7BF-7FF8-447D-9DEC-8CD0D946D208}.Debug|x86.Build.0 = Debug|Any CPU
		{0F5CB7BF-7FF8-447D-9DEC-8CD0D946D208}.Release|Any CPU.ActiveCfg = Release|Any CPU
		{0F5CB7BF-7FF8-447D-9DEC-8CD0D946D208}.Release|Any CPU.Build.0 = Release|Any CPU
		{0F5CB7BF-7FF8-447D-9DEC-8CD0D946D208}.Release|ARM.ActiveCfg = Release|Any CPU
		{0F5CB7BF-7FF8-447D-9DEC-8CD0D946D208}.Release|ARM.Build.0 = Release|Any CPU
		{0F5CB7BF-7FF8-447D-9DEC-8CD0D946D208}.Release|iPhone.ActiveCfg = Release|Any CPU
		{0F5CB7BF-7FF8-447D-9DEC-8CD0D946D208}.Release|iPhone.Build.0 = Release|Any CPU
		{0F5CB7BF-7FF8-447D-9DEC-8CD0D946D208}.Release|iPhoneSimulator.ActiveCfg = Release|Any CPU
		{0F5CB7BF-7FF8-447D-9DEC-8CD0D946D208}.Release|iPhoneSimulator.Build.0 = Release|Any CPU
		{0F5CB7BF-7FF8-447D-9DEC-8CD0D946D208}.Release|x64.ActiveCfg = Release|Any CPU
		{0F5CB7BF-7FF8-447D-9DEC-8CD0D946D208}.Release|x64.Build.0 = Release|Any CPU
		{0F5CB7BF-7FF8-447D-9DEC-8CD0D946D208}.Release|x86.ActiveCfg = Release|Any CPU
		{0F5CB7BF-7FF8-447D-9DEC-8CD0D946D208}.Release|x86.Build.0 = Release|Any CPU
		{D377EF6C-1DBD-42B0-90F9-1DCBA7CE7E11}.Debug|Any CPU.ActiveCfg = Debug|Any CPU
		{D377EF6C-1DBD-42B0-90F9-1DCBA7CE7E11}.Debug|Any CPU.Build.0 = Debug|Any CPU
		{D377EF6C-1DBD-42B0-90F9-1DCBA7CE7E11}.Debug|ARM.ActiveCfg = Debug|Any CPU
		{D377EF6C-1DBD-42B0-90F9-1DCBA7CE7E11}.Debug|ARM.Build.0 = Debug|Any CPU
		{D377EF6C-1DBD-42B0-90F9-1DCBA7CE7E11}.Debug|iPhone.ActiveCfg = Debug|Any CPU
		{D377EF6C-1DBD-42B0-90F9-1DCBA7CE7E11}.Debug|iPhone.Build.0 = Debug|Any CPU
		{D377EF6C-1DBD-42B0-90F9-1DCBA7CE7E11}.Debug|iPhoneSimulator.ActiveCfg = Debug|Any CPU
		{D377EF6C-1DBD-42B0-90F9-1DCBA7CE7E11}.Debug|iPhoneSimulator.Build.0 = Debug|Any CPU
		{D377EF6C-1DBD-42B0-90F9-1DCBA7CE7E11}.Debug|x64.ActiveCfg = Debug|Any CPU
		{D377EF6C-1DBD-42B0-90F9-1DCBA7CE7E11}.Debug|x64.Build.0 = Debug|Any CPU
		{D377EF6C-1DBD-42B0-90F9-1DCBA7CE7E11}.Debug|x86.ActiveCfg = Debug|Any CPU
		{D377EF6C-1DBD-42B0-90F9-1DCBA7CE7E11}.Debug|x86.Build.0 = Debug|Any CPU
		{D377EF6C-1DBD-42B0-90F9-1DCBA7CE7E11}.Release|Any CPU.ActiveCfg = Release|Any CPU
		{D377EF6C-1DBD-42B0-90F9-1DCBA7CE7E11}.Release|Any CPU.Build.0 = Release|Any CPU
		{D377EF6C-1DBD-42B0-90F9-1DCBA7CE7E11}.Release|ARM.ActiveCfg = Release|Any CPU
		{D377EF6C-1DBD-42B0-90F9-1DCBA7CE7E11}.Release|ARM.Build.0 = Release|Any CPU
		{D377EF6C-1DBD-42B0-90F9-1DCBA7CE7E11}.Release|iPhone.ActiveCfg = Release|Any CPU
		{D377EF6C-1DBD-42B0-90F9-1DCBA7CE7E11}.Release|iPhone.Build.0 = Release|Any CPU
		{D377EF6C-1DBD-42B0-90F9-1DCBA7CE7E11}.Release|iPhoneSimulator.ActiveCfg = Release|Any CPU
		{D377EF6C-1DBD-42B0-90F9-1DCBA7CE7E11}.Release|iPhoneSimulator.Build.0 = Release|Any CPU
		{D377EF6C-1DBD-42B0-90F9-1DCBA7CE7E11}.Release|x64.ActiveCfg = Release|Any CPU
		{D377EF6C-1DBD-42B0-90F9-1DCBA7CE7E11}.Release|x64.Build.0 = Release|Any CPU
		{D377EF6C-1DBD-42B0-90F9-1DCBA7CE7E11}.Release|x86.ActiveCfg = Release|Any CPU
		{D377EF6C-1DBD-42B0-90F9-1DCBA7CE7E11}.Release|x86.Build.0 = Release|Any CPU
		{80BFF656-3BE0-4587-A6B3-DEEEE7B653AF}.Debug|Any CPU.ActiveCfg = Debug|Any CPU
		{80BFF656-3BE0-4587-A6B3-DEEEE7B653AF}.Debug|Any CPU.Build.0 = Debug|Any CPU
		{80BFF656-3BE0-4587-A6B3-DEEEE7B653AF}.Debug|ARM.ActiveCfg = Debug|Any CPU
		{80BFF656-3BE0-4587-A6B3-DEEEE7B653AF}.Debug|ARM.Build.0 = Debug|Any CPU
		{80BFF656-3BE0-4587-A6B3-DEEEE7B653AF}.Debug|iPhone.ActiveCfg = Debug|Any CPU
		{80BFF656-3BE0-4587-A6B3-DEEEE7B653AF}.Debug|iPhone.Build.0 = Debug|Any CPU
		{80BFF656-3BE0-4587-A6B3-DEEEE7B653AF}.Debug|iPhoneSimulator.ActiveCfg = Debug|Any CPU
		{80BFF656-3BE0-4587-A6B3-DEEEE7B653AF}.Debug|iPhoneSimulator.Build.0 = Debug|Any CPU
		{80BFF656-3BE0-4587-A6B3-DEEEE7B653AF}.Debug|x64.ActiveCfg = Debug|Any CPU
		{80BFF656-3BE0-4587-A6B3-DEEEE7B653AF}.Debug|x64.Build.0 = Debug|Any CPU
		{80BFF656-3BE0-4587-A6B3-DEEEE7B653AF}.Debug|x86.ActiveCfg = Debug|Any CPU
		{80BFF656-3BE0-4587-A6B3-DEEEE7B653AF}.Debug|x86.Build.0 = Debug|Any CPU
		{80BFF656-3BE0-4587-A6B3-DEEEE7B653AF}.Release|Any CPU.ActiveCfg = Release|Any CPU
		{80BFF656-3BE0-4587-A6B3-DEEEE7B653AF}.Release|Any CPU.Build.0 = Release|Any CPU
		{80BFF656-3BE0-4587-A6B3-DEEEE7B653AF}.Release|ARM.ActiveCfg = Release|Any CPU
		{80BFF656-3BE0-4587-A6B3-DEEEE7B653AF}.Release|ARM.Build.0 = Release|Any CPU
		{80BFF656-3BE0-4587-A6B3-DEEEE7B653AF}.Release|iPhone.ActiveCfg = Release|Any CPU
		{80BFF656-3BE0-4587-A6B3-DEEEE7B653AF}.Release|iPhone.Build.0 = Release|Any CPU
		{80BFF656-3BE0-4587-A6B3-DEEEE7B653AF}.Release|iPhoneSimulator.ActiveCfg = Release|Any CPU
		{80BFF656-3BE0-4587-A6B3-DEEEE7B653AF}.Release|iPhoneSimulator.Build.0 = Release|Any CPU
		{80BFF656-3BE0-4587-A6B3-DEEEE7B653AF}.Release|x64.ActiveCfg = Release|Any CPU
		{80BFF656-3BE0-4587-A6B3-DEEEE7B653AF}.Release|x64.Build.0 = Release|Any CPU
		{80BFF656-3BE0-4587-A6B3-DEEEE7B653AF}.Release|x86.ActiveCfg = Release|Any CPU
		{80BFF656-3BE0-4587-A6B3-DEEEE7B653AF}.Release|x86.Build.0 = Release|Any CPU
		{4685F3B9-3931-449C-8C10-158FA0DB4801}.Debug|Any CPU.ActiveCfg = Debug|Any CPU
		{4685F3B9-3931-449C-8C10-158FA0DB4801}.Debug|Any CPU.Build.0 = Debug|Any CPU
		{4685F3B9-3931-449C-8C10-158FA0DB4801}.Debug|ARM.ActiveCfg = Debug|Any CPU
		{4685F3B9-3931-449C-8C10-158FA0DB4801}.Debug|ARM.Build.0 = Debug|Any CPU
		{4685F3B9-3931-449C-8C10-158FA0DB4801}.Debug|iPhone.ActiveCfg = Debug|Any CPU
		{4685F3B9-3931-449C-8C10-158FA0DB4801}.Debug|iPhone.Build.0 = Debug|Any CPU
		{4685F3B9-3931-449C-8C10-158FA0DB4801}.Debug|iPhoneSimulator.ActiveCfg = Debug|Any CPU
		{4685F3B9-3931-449C-8C10-158FA0DB4801}.Debug|iPhoneSimulator.Build.0 = Debug|Any CPU
		{4685F3B9-3931-449C-8C10-158FA0DB4801}.Debug|x64.ActiveCfg = Debug|Any CPU
		{4685F3B9-3931-449C-8C10-158FA0DB4801}.Debug|x64.Build.0 = Debug|Any CPU
		{4685F3B9-3931-449C-8C10-158FA0DB4801}.Debug|x86.ActiveCfg = Debug|Any CPU
		{4685F3B9-3931-449C-8C10-158FA0DB4801}.Debug|x86.Build.0 = Debug|Any CPU
		{4685F3B9-3931-449C-8C10-158FA0DB4801}.Release|Any CPU.ActiveCfg = Release|Any CPU
		{4685F3B9-3931-449C-8C10-158FA0DB4801}.Release|Any CPU.Build.0 = Release|Any CPU
		{4685F3B9-3931-449C-8C10-158FA0DB4801}.Release|ARM.ActiveCfg = Release|Any CPU
		{4685F3B9-3931-449C-8C10-158FA0DB4801}.Release|ARM.Build.0 = Release|Any CPU
		{4685F3B9-3931-449C-8C10-158FA0DB4801}.Release|iPhone.ActiveCfg = Release|Any CPU
		{4685F3B9-3931-449C-8C10-158FA0DB4801}.Release|iPhone.Build.0 = Release|Any CPU
		{4685F3B9-3931-449C-8C10-158FA0DB4801}.Release|iPhoneSimulator.ActiveCfg = Release|Any CPU
		{4685F3B9-3931-449C-8C10-158FA0DB4801}.Release|iPhoneSimulator.Build.0 = Release|Any CPU
		{4685F3B9-3931-449C-8C10-158FA0DB4801}.Release|x64.ActiveCfg = Release|Any CPU
		{4685F3B9-3931-449C-8C10-158FA0DB4801}.Release|x64.Build.0 = Release|Any CPU
		{4685F3B9-3931-449C-8C10-158FA0DB4801}.Release|x86.ActiveCfg = Release|Any CPU
		{4685F3B9-3931-449C-8C10-158FA0DB4801}.Release|x86.Build.0 = Release|Any CPU
		{4CB7426E-EAF9-411E-A81B-35EE7984FB52}.Debug|Any CPU.ActiveCfg = Debug|Any CPU
		{4CB7426E-EAF9-411E-A81B-35EE7984FB52}.Debug|Any CPU.Build.0 = Debug|Any CPU
		{4CB7426E-EAF9-411E-A81B-35EE7984FB52}.Debug|ARM.ActiveCfg = Debug|Any CPU
		{4CB7426E-EAF9-411E-A81B-35EE7984FB52}.Debug|ARM.Build.0 = Debug|Any CPU
		{4CB7426E-EAF9-411E-A81B-35EE7984FB52}.Debug|iPhone.ActiveCfg = Debug|Any CPU
		{4CB7426E-EAF9-411E-A81B-35EE7984FB52}.Debug|iPhone.Build.0 = Debug|Any CPU
		{4CB7426E-EAF9-411E-A81B-35EE7984FB52}.Debug|iPhoneSimulator.ActiveCfg = Debug|Any CPU
		{4CB7426E-EAF9-411E-A81B-35EE7984FB52}.Debug|iPhoneSimulator.Build.0 = Debug|Any CPU
		{4CB7426E-EAF9-411E-A81B-35EE7984FB52}.Debug|x64.ActiveCfg = Debug|Any CPU
		{4CB7426E-EAF9-411E-A81B-35EE7984FB52}.Debug|x64.Build.0 = Debug|Any CPU
		{4CB7426E-EAF9-411E-A81B-35EE7984FB52}.Debug|x86.ActiveCfg = Debug|Any CPU
		{4CB7426E-EAF9-411E-A81B-35EE7984FB52}.Debug|x86.Build.0 = Debug|Any CPU
		{4CB7426E-EAF9-411E-A81B-35EE7984FB52}.Release|Any CPU.ActiveCfg = Release|Any CPU
		{4CB7426E-EAF9-411E-A81B-35EE7984FB52}.Release|Any CPU.Build.0 = Release|Any CPU
		{4CB7426E-EAF9-411E-A81B-35EE7984FB52}.Release|ARM.ActiveCfg = Release|Any CPU
		{4CB7426E-EAF9-411E-A81B-35EE7984FB52}.Release|ARM.Build.0 = Release|Any CPU
		{4CB7426E-EAF9-411E-A81B-35EE7984FB52}.Release|iPhone.ActiveCfg = Release|Any CPU
		{4CB7426E-EAF9-411E-A81B-35EE7984FB52}.Release|iPhone.Build.0 = Release|Any CPU
		{4CB7426E-EAF9-411E-A81B-35EE7984FB52}.Release|iPhoneSimulator.ActiveCfg = Release|Any CPU
		{4CB7426E-EAF9-411E-A81B-35EE7984FB52}.Release|iPhoneSimulator.Build.0 = Release|Any CPU
		{4CB7426E-EAF9-411E-A81B-35EE7984FB52}.Release|x64.ActiveCfg = Release|Any CPU
		{4CB7426E-EAF9-411E-A81B-35EE7984FB52}.Release|x64.Build.0 = Release|Any CPU
		{4CB7426E-EAF9-411E-A81B-35EE7984FB52}.Release|x86.ActiveCfg = Release|Any CPU
		{4CB7426E-EAF9-411E-A81B-35EE7984FB52}.Release|x86.Build.0 = Release|Any CPU
		{BB39BB4D-AB66-4BC7-8503-6F819A0FCF89}.Debug|Any CPU.ActiveCfg = Debug|Any CPU
		{BB39BB4D-AB66-4BC7-8503-6F819A0FCF89}.Debug|Any CPU.Build.0 = Debug|Any CPU
		{BB39BB4D-AB66-4BC7-8503-6F819A0FCF89}.Debug|ARM.ActiveCfg = Debug|Any CPU
		{BB39BB4D-AB66-4BC7-8503-6F819A0FCF89}.Debug|ARM.Build.0 = Debug|Any CPU
		{BB39BB4D-AB66-4BC7-8503-6F819A0FCF89}.Debug|iPhone.ActiveCfg = Debug|Any CPU
		{BB39BB4D-AB66-4BC7-8503-6F819A0FCF89}.Debug|iPhone.Build.0 = Debug|Any CPU
		{BB39BB4D-AB66-4BC7-8503-6F819A0FCF89}.Debug|iPhoneSimulator.ActiveCfg = Debug|Any CPU
		{BB39BB4D-AB66-4BC7-8503-6F819A0FCF89}.Debug|iPhoneSimulator.Build.0 = Debug|Any CPU
		{BB39BB4D-AB66-4BC7-8503-6F819A0FCF89}.Debug|x64.ActiveCfg = Debug|Any CPU
		{BB39BB4D-AB66-4BC7-8503-6F819A0FCF89}.Debug|x64.Build.0 = Debug|Any CPU
		{BB39BB4D-AB66-4BC7-8503-6F819A0FCF89}.Debug|x86.ActiveCfg = Debug|Any CPU
		{BB39BB4D-AB66-4BC7-8503-6F819A0FCF89}.Debug|x86.Build.0 = Debug|Any CPU
		{BB39BB4D-AB66-4BC7-8503-6F819A0FCF89}.Release|Any CPU.ActiveCfg = Release|Any CPU
		{BB39BB4D-AB66-4BC7-8503-6F819A0FCF89}.Release|Any CPU.Build.0 = Release|Any CPU
		{BB39BB4D-AB66-4BC7-8503-6F819A0FCF89}.Release|ARM.ActiveCfg = Release|Any CPU
		{BB39BB4D-AB66-4BC7-8503-6F819A0FCF89}.Release|ARM.Build.0 = Release|Any CPU
		{BB39BB4D-AB66-4BC7-8503-6F819A0FCF89}.Release|iPhone.ActiveCfg = Release|Any CPU
		{BB39BB4D-AB66-4BC7-8503-6F819A0FCF89}.Release|iPhone.Build.0 = Release|Any CPU
		{BB39BB4D-AB66-4BC7-8503-6F819A0FCF89}.Release|iPhoneSimulator.ActiveCfg = Release|Any CPU
		{BB39BB4D-AB66-4BC7-8503-6F819A0FCF89}.Release|iPhoneSimulator.Build.0 = Release|Any CPU
		{BB39BB4D-AB66-4BC7-8503-6F819A0FCF89}.Release|x64.ActiveCfg = Release|Any CPU
		{BB39BB4D-AB66-4BC7-8503-6F819A0FCF89}.Release|x64.Build.0 = Release|Any CPU
		{BB39BB4D-AB66-4BC7-8503-6F819A0FCF89}.Release|x86.ActiveCfg = Release|Any CPU
		{BB39BB4D-AB66-4BC7-8503-6F819A0FCF89}.Release|x86.Build.0 = Release|Any CPU
		{346040AD-D728-41CE-BA52-1FE66FBA6B46}.Debug|Any CPU.ActiveCfg = Debug|Any CPU
		{346040AD-D728-41CE-BA52-1FE66FBA6B46}.Debug|Any CPU.Build.0 = Debug|Any CPU
		{346040AD-D728-41CE-BA52-1FE66FBA6B46}.Debug|ARM.ActiveCfg = Debug|Any CPU
		{346040AD-D728-41CE-BA52-1FE66FBA6B46}.Debug|ARM.Build.0 = Debug|Any CPU
		{346040AD-D728-41CE-BA52-1FE66FBA6B46}.Debug|iPhone.ActiveCfg = Debug|Any CPU
		{346040AD-D728-41CE-BA52-1FE66FBA6B46}.Debug|iPhone.Build.0 = Debug|Any CPU
		{346040AD-D728-41CE-BA52-1FE66FBA6B46}.Debug|iPhoneSimulator.ActiveCfg = Debug|Any CPU
		{346040AD-D728-41CE-BA52-1FE66FBA6B46}.Debug|iPhoneSimulator.Build.0 = Debug|Any CPU
		{346040AD-D728-41CE-BA52-1FE66FBA6B46}.Debug|x64.ActiveCfg = Debug|Any CPU
		{346040AD-D728-41CE-BA52-1FE66FBA6B46}.Debug|x64.Build.0 = Debug|Any CPU
		{346040AD-D728-41CE-BA52-1FE66FBA6B46}.Debug|x86.ActiveCfg = Debug|Any CPU
		{346040AD-D728-41CE-BA52-1FE66FBA6B46}.Debug|x86.Build.0 = Debug|Any CPU
		{346040AD-D728-41CE-BA52-1FE66FBA6B46}.Release|Any CPU.ActiveCfg = Release|Any CPU
		{346040AD-D728-41CE-BA52-1FE66FBA6B46}.Release|Any CPU.Build.0 = Release|Any CPU
		{346040AD-D728-41CE-BA52-1FE66FBA6B46}.Release|ARM.ActiveCfg = Release|Any CPU
		{346040AD-D728-41CE-BA52-1FE66FBA6B46}.Release|ARM.Build.0 = Release|Any CPU
		{346040AD-D728-41CE-BA52-1FE66FBA6B46}.Release|iPhone.ActiveCfg = Release|Any CPU
		{346040AD-D728-41CE-BA52-1FE66FBA6B46}.Release|iPhone.Build.0 = Release|Any CPU
		{346040AD-D728-41CE-BA52-1FE66FBA6B46}.Release|iPhoneSimulator.ActiveCfg = Release|Any CPU
		{346040AD-D728-41CE-BA52-1FE66FBA6B46}.Release|iPhoneSimulator.Build.0 = Release|Any CPU
		{346040AD-D728-41CE-BA52-1FE66FBA6B46}.Release|x64.ActiveCfg = Release|Any CPU
		{346040AD-D728-41CE-BA52-1FE66FBA6B46}.Release|x64.Build.0 = Release|Any CPU
		{346040AD-D728-41CE-BA52-1FE66FBA6B46}.Release|x86.ActiveCfg = Release|Any CPU
		{346040AD-D728-41CE-BA52-1FE66FBA6B46}.Release|x86.Build.0 = Release|Any CPU
		{C35B31DC-A0AD-49B5-BE1E-AE02FD21B06F}.Debug|Any CPU.ActiveCfg = Debug|Any CPU
		{C35B31DC-A0AD-49B5-BE1E-AE02FD21B06F}.Debug|Any CPU.Build.0 = Debug|Any CPU
		{C35B31DC-A0AD-49B5-BE1E-AE02FD21B06F}.Debug|ARM.ActiveCfg = Debug|Any CPU
		{C35B31DC-A0AD-49B5-BE1E-AE02FD21B06F}.Debug|ARM.Build.0 = Debug|Any CPU
		{C35B31DC-A0AD-49B5-BE1E-AE02FD21B06F}.Debug|iPhone.ActiveCfg = Debug|Any CPU
		{C35B31DC-A0AD-49B5-BE1E-AE02FD21B06F}.Debug|iPhone.Build.0 = Debug|Any CPU
		{C35B31DC-A0AD-49B5-BE1E-AE02FD21B06F}.Debug|iPhoneSimulator.ActiveCfg = Debug|Any CPU
		{C35B31DC-A0AD-49B5-BE1E-AE02FD21B06F}.Debug|iPhoneSimulator.Build.0 = Debug|Any CPU
		{C35B31DC-A0AD-49B5-BE1E-AE02FD21B06F}.Debug|x64.ActiveCfg = Debug|Any CPU
		{C35B31DC-A0AD-49B5-BE1E-AE02FD21B06F}.Debug|x64.Build.0 = Debug|Any CPU
		{C35B31DC-A0AD-49B5-BE1E-AE02FD21B06F}.Debug|x86.ActiveCfg = Debug|Any CPU
		{C35B31DC-A0AD-49B5-BE1E-AE02FD21B06F}.Debug|x86.Build.0 = Debug|Any CPU
		{C35B31DC-A0AD-49B5-BE1E-AE02FD21B06F}.Release|Any CPU.ActiveCfg = Release|Any CPU
		{C35B31DC-A0AD-49B5-BE1E-AE02FD21B06F}.Release|Any CPU.Build.0 = Release|Any CPU
		{C35B31DC-A0AD-49B5-BE1E-AE02FD21B06F}.Release|ARM.ActiveCfg = Release|Any CPU
		{C35B31DC-A0AD-49B5-BE1E-AE02FD21B06F}.Release|ARM.Build.0 = Release|Any CPU
		{C35B31DC-A0AD-49B5-BE1E-AE02FD21B06F}.Release|iPhone.ActiveCfg = Release|Any CPU
		{C35B31DC-A0AD-49B5-BE1E-AE02FD21B06F}.Release|iPhone.Build.0 = Release|Any CPU
		{C35B31DC-A0AD-49B5-BE1E-AE02FD21B06F}.Release|iPhoneSimulator.ActiveCfg = Release|Any CPU
		{C35B31DC-A0AD-49B5-BE1E-AE02FD21B06F}.Release|iPhoneSimulator.Build.0 = Release|Any CPU
		{C35B31DC-A0AD-49B5-BE1E-AE02FD21B06F}.Release|x64.ActiveCfg = Release|Any CPU
		{C35B31DC-A0AD-49B5-BE1E-AE02FD21B06F}.Release|x64.Build.0 = Release|Any CPU
		{C35B31DC-A0AD-49B5-BE1E-AE02FD21B06F}.Release|x86.ActiveCfg = Release|Any CPU
		{C35B31DC-A0AD-49B5-BE1E-AE02FD21B06F}.Release|x86.Build.0 = Release|Any CPU
		{3925E1F3-2B9D-4095-8BAC-3B7976476A79}.Debug|Any CPU.ActiveCfg = Debug|Any CPU
		{3925E1F3-2B9D-4095-8BAC-3B7976476A79}.Debug|Any CPU.Build.0 = Debug|Any CPU
		{3925E1F3-2B9D-4095-8BAC-3B7976476A79}.Debug|ARM.ActiveCfg = Debug|Any CPU
		{3925E1F3-2B9D-4095-8BAC-3B7976476A79}.Debug|ARM.Build.0 = Debug|Any CPU
		{3925E1F3-2B9D-4095-8BAC-3B7976476A79}.Debug|iPhone.ActiveCfg = Debug|Any CPU
		{3925E1F3-2B9D-4095-8BAC-3B7976476A79}.Debug|iPhone.Build.0 = Debug|Any CPU
		{3925E1F3-2B9D-4095-8BAC-3B7976476A79}.Debug|iPhoneSimulator.ActiveCfg = Debug|Any CPU
		{3925E1F3-2B9D-4095-8BAC-3B7976476A79}.Debug|iPhoneSimulator.Build.0 = Debug|Any CPU
		{3925E1F3-2B9D-4095-8BAC-3B7976476A79}.Debug|x64.ActiveCfg = Debug|Any CPU
		{3925E1F3-2B9D-4095-8BAC-3B7976476A79}.Debug|x64.Build.0 = Debug|Any CPU
		{3925E1F3-2B9D-4095-8BAC-3B7976476A79}.Debug|x86.ActiveCfg = Debug|Any CPU
		{3925E1F3-2B9D-4095-8BAC-3B7976476A79}.Debug|x86.Build.0 = Debug|Any CPU
		{3925E1F3-2B9D-4095-8BAC-3B7976476A79}.Release|Any CPU.ActiveCfg = Release|Any CPU
		{3925E1F3-2B9D-4095-8BAC-3B7976476A79}.Release|Any CPU.Build.0 = Release|Any CPU
		{3925E1F3-2B9D-4095-8BAC-3B7976476A79}.Release|ARM.ActiveCfg = Release|Any CPU
		{3925E1F3-2B9D-4095-8BAC-3B7976476A79}.Release|ARM.Build.0 = Release|Any CPU
		{3925E1F3-2B9D-4095-8BAC-3B7976476A79}.Release|iPhone.ActiveCfg = Release|Any CPU
		{3925E1F3-2B9D-4095-8BAC-3B7976476A79}.Release|iPhone.Build.0 = Release|Any CPU
		{3925E1F3-2B9D-4095-8BAC-3B7976476A79}.Release|iPhoneSimulator.ActiveCfg = Release|Any CPU
		{3925E1F3-2B9D-4095-8BAC-3B7976476A79}.Release|iPhoneSimulator.Build.0 = Release|Any CPU
		{3925E1F3-2B9D-4095-8BAC-3B7976476A79}.Release|x64.ActiveCfg = Release|Any CPU
		{3925E1F3-2B9D-4095-8BAC-3B7976476A79}.Release|x64.Build.0 = Release|Any CPU
		{3925E1F3-2B9D-4095-8BAC-3B7976476A79}.Release|x86.ActiveCfg = Release|Any CPU
		{3925E1F3-2B9D-4095-8BAC-3B7976476A79}.Release|x86.Build.0 = Release|Any CPU
		{05239C76-D35B-42FF-BD67-C0476616B772}.Debug|Any CPU.ActiveCfg = Debug|Any CPU
		{05239C76-D35B-42FF-BD67-C0476616B772}.Debug|Any CPU.Build.0 = Debug|Any CPU
		{05239C76-D35B-42FF-BD67-C0476616B772}.Debug|ARM.ActiveCfg = Debug|Any CPU
		{05239C76-D35B-42FF-BD67-C0476616B772}.Debug|ARM.Build.0 = Debug|Any CPU
		{05239C76-D35B-42FF-BD67-C0476616B772}.Debug|iPhone.ActiveCfg = Debug|Any CPU
		{05239C76-D35B-42FF-BD67-C0476616B772}.Debug|iPhone.Build.0 = Debug|Any CPU
		{05239C76-D35B-42FF-BD67-C0476616B772}.Debug|iPhoneSimulator.ActiveCfg = Debug|Any CPU
		{05239C76-D35B-42FF-BD67-C0476616B772}.Debug|iPhoneSimulator.Build.0 = Debug|Any CPU
		{05239C76-D35B-42FF-BD67-C0476616B772}.Debug|x64.ActiveCfg = Debug|Any CPU
		{05239C76-D35B-42FF-BD67-C0476616B772}.Debug|x64.Build.0 = Debug|Any CPU
		{05239C76-D35B-42FF-BD67-C0476616B772}.Debug|x86.ActiveCfg = Debug|Any CPU
		{05239C76-D35B-42FF-BD67-C0476616B772}.Debug|x86.Build.0 = Debug|Any CPU
		{05239C76-D35B-42FF-BD67-C0476616B772}.Release|Any CPU.ActiveCfg = Release|Any CPU
		{05239C76-D35B-42FF-BD67-C0476616B772}.Release|Any CPU.Build.0 = Release|Any CPU
		{05239C76-D35B-42FF-BD67-C0476616B772}.Release|ARM.ActiveCfg = Release|Any CPU
		{05239C76-D35B-42FF-BD67-C0476616B772}.Release|ARM.Build.0 = Release|Any CPU
		{05239C76-D35B-42FF-BD67-C0476616B772}.Release|iPhone.ActiveCfg = Release|Any CPU
		{05239C76-D35B-42FF-BD67-C0476616B772}.Release|iPhone.Build.0 = Release|Any CPU
		{05239C76-D35B-42FF-BD67-C0476616B772}.Release|iPhoneSimulator.ActiveCfg = Release|Any CPU
		{05239C76-D35B-42FF-BD67-C0476616B772}.Release|iPhoneSimulator.Build.0 = Release|Any CPU
		{05239C76-D35B-42FF-BD67-C0476616B772}.Release|x64.ActiveCfg = Release|Any CPU
		{05239C76-D35B-42FF-BD67-C0476616B772}.Release|x64.Build.0 = Release|Any CPU
		{05239C76-D35B-42FF-BD67-C0476616B772}.Release|x86.ActiveCfg = Release|Any CPU
		{05239C76-D35B-42FF-BD67-C0476616B772}.Release|x86.Build.0 = Release|Any CPU
		{A0F9C378-2058-48EA-8B18-75284CD6CF8C}.Debug|Any CPU.ActiveCfg = Debug|Any CPU
		{A0F9C378-2058-48EA-8B18-75284CD6CF8C}.Debug|Any CPU.Build.0 = Debug|Any CPU
		{A0F9C378-2058-48EA-8B18-75284CD6CF8C}.Debug|ARM.ActiveCfg = Debug|Any CPU
		{A0F9C378-2058-48EA-8B18-75284CD6CF8C}.Debug|ARM.Build.0 = Debug|Any CPU
		{A0F9C378-2058-48EA-8B18-75284CD6CF8C}.Debug|iPhone.ActiveCfg = Debug|Any CPU
		{A0F9C378-2058-48EA-8B18-75284CD6CF8C}.Debug|iPhone.Build.0 = Debug|Any CPU
		{A0F9C378-2058-48EA-8B18-75284CD6CF8C}.Debug|iPhoneSimulator.ActiveCfg = Debug|Any CPU
		{A0F9C378-2058-48EA-8B18-75284CD6CF8C}.Debug|iPhoneSimulator.Build.0 = Debug|Any CPU
		{A0F9C378-2058-48EA-8B18-75284CD6CF8C}.Debug|x64.ActiveCfg = Debug|Any CPU
		{A0F9C378-2058-48EA-8B18-75284CD6CF8C}.Debug|x64.Build.0 = Debug|Any CPU
		{A0F9C378-2058-48EA-8B18-75284CD6CF8C}.Debug|x86.ActiveCfg = Debug|Any CPU
		{A0F9C378-2058-48EA-8B18-75284CD6CF8C}.Debug|x86.Build.0 = Debug|Any CPU
		{A0F9C378-2058-48EA-8B18-75284CD6CF8C}.Release|Any CPU.ActiveCfg = Release|Any CPU
		{A0F9C378-2058-48EA-8B18-75284CD6CF8C}.Release|Any CPU.Build.0 = Release|Any CPU
		{A0F9C378-2058-48EA-8B18-75284CD6CF8C}.Release|ARM.ActiveCfg = Release|Any CPU
		{A0F9C378-2058-48EA-8B18-75284CD6CF8C}.Release|ARM.Build.0 = Release|Any CPU
		{A0F9C378-2058-48EA-8B18-75284CD6CF8C}.Release|iPhone.ActiveCfg = Release|Any CPU
		{A0F9C378-2058-48EA-8B18-75284CD6CF8C}.Release|iPhone.Build.0 = Release|Any CPU
		{A0F9C378-2058-48EA-8B18-75284CD6CF8C}.Release|iPhoneSimulator.ActiveCfg = Release|Any CPU
		{A0F9C378-2058-48EA-8B18-75284CD6CF8C}.Release|iPhoneSimulator.Build.0 = Release|Any CPU
		{A0F9C378-2058-48EA-8B18-75284CD6CF8C}.Release|x64.ActiveCfg = Release|Any CPU
		{A0F9C378-2058-48EA-8B18-75284CD6CF8C}.Release|x64.Build.0 = Release|Any CPU
		{A0F9C378-2058-48EA-8B18-75284CD6CF8C}.Release|x86.ActiveCfg = Release|Any CPU
		{A0F9C378-2058-48EA-8B18-75284CD6CF8C}.Release|x86.Build.0 = Release|Any CPU
		{850EBECE-102D-4BA4-BF20-08309BF426B8}.Debug|Any CPU.ActiveCfg = Debug|Any CPU
		{850EBECE-102D-4BA4-BF20-08309BF426B8}.Debug|Any CPU.Build.0 = Debug|Any CPU
		{850EBECE-102D-4BA4-BF20-08309BF426B8}.Debug|ARM.ActiveCfg = Debug|Any CPU
		{850EBECE-102D-4BA4-BF20-08309BF426B8}.Debug|ARM.Build.0 = Debug|Any CPU
		{850EBECE-102D-4BA4-BF20-08309BF426B8}.Debug|iPhone.ActiveCfg = Debug|Any CPU
		{850EBECE-102D-4BA4-BF20-08309BF426B8}.Debug|iPhone.Build.0 = Debug|Any CPU
		{850EBECE-102D-4BA4-BF20-08309BF426B8}.Debug|iPhoneSimulator.ActiveCfg = Debug|Any CPU
		{850EBECE-102D-4BA4-BF20-08309BF426B8}.Debug|iPhoneSimulator.Build.0 = Debug|Any CPU
		{850EBECE-102D-4BA4-BF20-08309BF426B8}.Debug|x64.ActiveCfg = Debug|Any CPU
		{850EBECE-102D-4BA4-BF20-08309BF426B8}.Debug|x64.Build.0 = Debug|Any CPU
		{850EBECE-102D-4BA4-BF20-08309BF426B8}.Debug|x86.ActiveCfg = Debug|Any CPU
		{850EBECE-102D-4BA4-BF20-08309BF426B8}.Debug|x86.Build.0 = Debug|Any CPU
		{850EBECE-102D-4BA4-BF20-08309BF426B8}.Release|Any CPU.ActiveCfg = Release|Any CPU
		{850EBECE-102D-4BA4-BF20-08309BF426B8}.Release|Any CPU.Build.0 = Release|Any CPU
		{850EBECE-102D-4BA4-BF20-08309BF426B8}.Release|ARM.ActiveCfg = Release|Any CPU
		{850EBECE-102D-4BA4-BF20-08309BF426B8}.Release|ARM.Build.0 = Release|Any CPU
		{850EBECE-102D-4BA4-BF20-08309BF426B8}.Release|iPhone.ActiveCfg = Release|Any CPU
		{850EBECE-102D-4BA4-BF20-08309BF426B8}.Release|iPhone.Build.0 = Release|Any CPU
		{850EBECE-102D-4BA4-BF20-08309BF426B8}.Release|iPhoneSimulator.ActiveCfg = Release|Any CPU
		{850EBECE-102D-4BA4-BF20-08309BF426B8}.Release|iPhoneSimulator.Build.0 = Release|Any CPU
		{850EBECE-102D-4BA4-BF20-08309BF426B8}.Release|x64.ActiveCfg = Release|Any CPU
		{850EBECE-102D-4BA4-BF20-08309BF426B8}.Release|x64.Build.0 = Release|Any CPU
		{850EBECE-102D-4BA4-BF20-08309BF426B8}.Release|x86.ActiveCfg = Release|Any CPU
		{850EBECE-102D-4BA4-BF20-08309BF426B8}.Release|x86.Build.0 = Release|Any CPU
		{E51B208C-A63A-4EA2-93B6-8AE3C263BFA9}.Debug|Any CPU.ActiveCfg = Debug|Any CPU
		{E51B208C-A63A-4EA2-93B6-8AE3C263BFA9}.Debug|Any CPU.Build.0 = Debug|Any CPU
		{E51B208C-A63A-4EA2-93B6-8AE3C263BFA9}.Debug|ARM.ActiveCfg = Debug|Any CPU
		{E51B208C-A63A-4EA2-93B6-8AE3C263BFA9}.Debug|ARM.Build.0 = Debug|Any CPU
		{E51B208C-A63A-4EA2-93B6-8AE3C263BFA9}.Debug|iPhone.ActiveCfg = Debug|Any CPU
		{E51B208C-A63A-4EA2-93B6-8AE3C263BFA9}.Debug|iPhone.Build.0 = Debug|Any CPU
		{E51B208C-A63A-4EA2-93B6-8AE3C263BFA9}.Debug|iPhoneSimulator.ActiveCfg = Debug|Any CPU
		{E51B208C-A63A-4EA2-93B6-8AE3C263BFA9}.Debug|iPhoneSimulator.Build.0 = Debug|Any CPU
		{E51B208C-A63A-4EA2-93B6-8AE3C263BFA9}.Debug|x64.ActiveCfg = Debug|Any CPU
		{E51B208C-A63A-4EA2-93B6-8AE3C263BFA9}.Debug|x64.Build.0 = Debug|Any CPU
		{E51B208C-A63A-4EA2-93B6-8AE3C263BFA9}.Debug|x86.ActiveCfg = Debug|Any CPU
		{E51B208C-A63A-4EA2-93B6-8AE3C263BFA9}.Debug|x86.Build.0 = Debug|Any CPU
		{E51B208C-A63A-4EA2-93B6-8AE3C263BFA9}.Release|Any CPU.ActiveCfg = Release|Any CPU
		{E51B208C-A63A-4EA2-93B6-8AE3C263BFA9}.Release|Any CPU.Build.0 = Release|Any CPU
		{E51B208C-A63A-4EA2-93B6-8AE3C263BFA9}.Release|ARM.ActiveCfg = Release|Any CPU
		{E51B208C-A63A-4EA2-93B6-8AE3C263BFA9}.Release|ARM.Build.0 = Release|Any CPU
		{E51B208C-A63A-4EA2-93B6-8AE3C263BFA9}.Release|iPhone.ActiveCfg = Release|Any CPU
		{E51B208C-A63A-4EA2-93B6-8AE3C263BFA9}.Release|iPhone.Build.0 = Release|Any CPU
		{E51B208C-A63A-4EA2-93B6-8AE3C263BFA9}.Release|iPhoneSimulator.ActiveCfg = Release|Any CPU
		{E51B208C-A63A-4EA2-93B6-8AE3C263BFA9}.Release|iPhoneSimulator.Build.0 = Release|Any CPU
		{E51B208C-A63A-4EA2-93B6-8AE3C263BFA9}.Release|x64.ActiveCfg = Release|Any CPU
		{E51B208C-A63A-4EA2-93B6-8AE3C263BFA9}.Release|x64.Build.0 = Release|Any CPU
		{E51B208C-A63A-4EA2-93B6-8AE3C263BFA9}.Release|x86.ActiveCfg = Release|Any CPU
		{E51B208C-A63A-4EA2-93B6-8AE3C263BFA9}.Release|x86.Build.0 = Release|Any CPU
		{3B2108EE-754E-473A-B5FC-4C957A0C38C2}.Debug|Any CPU.ActiveCfg = Debug|Any CPU
		{3B2108EE-754E-473A-B5FC-4C957A0C38C2}.Debug|Any CPU.Build.0 = Debug|Any CPU
		{3B2108EE-754E-473A-B5FC-4C957A0C38C2}.Debug|ARM.ActiveCfg = Debug|Any CPU
		{3B2108EE-754E-473A-B5FC-4C957A0C38C2}.Debug|ARM.Build.0 = Debug|Any CPU
		{3B2108EE-754E-473A-B5FC-4C957A0C38C2}.Debug|iPhone.ActiveCfg = Debug|Any CPU
		{3B2108EE-754E-473A-B5FC-4C957A0C38C2}.Debug|iPhone.Build.0 = Debug|Any CPU
		{3B2108EE-754E-473A-B5FC-4C957A0C38C2}.Debug|iPhoneSimulator.ActiveCfg = Debug|Any CPU
		{3B2108EE-754E-473A-B5FC-4C957A0C38C2}.Debug|iPhoneSimulator.Build.0 = Debug|Any CPU
		{3B2108EE-754E-473A-B5FC-4C957A0C38C2}.Debug|x64.ActiveCfg = Debug|Any CPU
		{3B2108EE-754E-473A-B5FC-4C957A0C38C2}.Debug|x64.Build.0 = Debug|Any CPU
		{3B2108EE-754E-473A-B5FC-4C957A0C38C2}.Debug|x86.ActiveCfg = Debug|Any CPU
		{3B2108EE-754E-473A-B5FC-4C957A0C38C2}.Debug|x86.Build.0 = Debug|Any CPU
		{3B2108EE-754E-473A-B5FC-4C957A0C38C2}.Release|Any CPU.ActiveCfg = Release|Any CPU
		{3B2108EE-754E-473A-B5FC-4C957A0C38C2}.Release|Any CPU.Build.0 = Release|Any CPU
		{3B2108EE-754E-473A-B5FC-4C957A0C38C2}.Release|ARM.ActiveCfg = Release|Any CPU
		{3B2108EE-754E-473A-B5FC-4C957A0C38C2}.Release|ARM.Build.0 = Release|Any CPU
		{3B2108EE-754E-473A-B5FC-4C957A0C38C2}.Release|iPhone.ActiveCfg = Release|Any CPU
		{3B2108EE-754E-473A-B5FC-4C957A0C38C2}.Release|iPhone.Build.0 = Release|Any CPU
		{3B2108EE-754E-473A-B5FC-4C957A0C38C2}.Release|iPhoneSimulator.ActiveCfg = Release|Any CPU
		{3B2108EE-754E-473A-B5FC-4C957A0C38C2}.Release|iPhoneSimulator.Build.0 = Release|Any CPU
		{3B2108EE-754E-473A-B5FC-4C957A0C38C2}.Release|x64.ActiveCfg = Release|Any CPU
		{3B2108EE-754E-473A-B5FC-4C957A0C38C2}.Release|x64.Build.0 = Release|Any CPU
		{3B2108EE-754E-473A-B5FC-4C957A0C38C2}.Release|x86.ActiveCfg = Release|Any CPU
		{3B2108EE-754E-473A-B5FC-4C957A0C38C2}.Release|x86.Build.0 = Release|Any CPU
		{A581D808-CFB5-4EF6-B79A-5A3BF586C18A}.Debug|Any CPU.ActiveCfg = Debug|Any CPU
		{A581D808-CFB5-4EF6-B79A-5A3BF586C18A}.Debug|Any CPU.Build.0 = Debug|Any CPU
		{A581D808-CFB5-4EF6-B79A-5A3BF586C18A}.Debug|ARM.ActiveCfg = Debug|Any CPU
		{A581D808-CFB5-4EF6-B79A-5A3BF586C18A}.Debug|ARM.Build.0 = Debug|Any CPU
		{A581D808-CFB5-4EF6-B79A-5A3BF586C18A}.Debug|iPhone.ActiveCfg = Debug|Any CPU
		{A581D808-CFB5-4EF6-B79A-5A3BF586C18A}.Debug|iPhone.Build.0 = Debug|Any CPU
		{A581D808-CFB5-4EF6-B79A-5A3BF586C18A}.Debug|iPhoneSimulator.ActiveCfg = Debug|Any CPU
		{A581D808-CFB5-4EF6-B79A-5A3BF586C18A}.Debug|iPhoneSimulator.Build.0 = Debug|Any CPU
		{A581D808-CFB5-4EF6-B79A-5A3BF586C18A}.Debug|x64.ActiveCfg = Debug|Any CPU
		{A581D808-CFB5-4EF6-B79A-5A3BF586C18A}.Debug|x64.Build.0 = Debug|Any CPU
		{A581D808-CFB5-4EF6-B79A-5A3BF586C18A}.Debug|x86.ActiveCfg = Debug|Any CPU
		{A581D808-CFB5-4EF6-B79A-5A3BF586C18A}.Debug|x86.Build.0 = Debug|Any CPU
		{A581D808-CFB5-4EF6-B79A-5A3BF586C18A}.Release|Any CPU.ActiveCfg = Release|Any CPU
		{A581D808-CFB5-4EF6-B79A-5A3BF586C18A}.Release|Any CPU.Build.0 = Release|Any CPU
		{A581D808-CFB5-4EF6-B79A-5A3BF586C18A}.Release|ARM.ActiveCfg = Release|Any CPU
		{A581D808-CFB5-4EF6-B79A-5A3BF586C18A}.Release|ARM.Build.0 = Release|Any CPU
		{A581D808-CFB5-4EF6-B79A-5A3BF586C18A}.Release|iPhone.ActiveCfg = Release|Any CPU
		{A581D808-CFB5-4EF6-B79A-5A3BF586C18A}.Release|iPhone.Build.0 = Release|Any CPU
		{A581D808-CFB5-4EF6-B79A-5A3BF586C18A}.Release|iPhoneSimulator.ActiveCfg = Release|Any CPU
		{A581D808-CFB5-4EF6-B79A-5A3BF586C18A}.Release|iPhoneSimulator.Build.0 = Release|Any CPU
		{A581D808-CFB5-4EF6-B79A-5A3BF586C18A}.Release|x64.ActiveCfg = Release|Any CPU
		{A581D808-CFB5-4EF6-B79A-5A3BF586C18A}.Release|x64.Build.0 = Release|Any CPU
		{A581D808-CFB5-4EF6-B79A-5A3BF586C18A}.Release|x86.ActiveCfg = Release|Any CPU
		{A581D808-CFB5-4EF6-B79A-5A3BF586C18A}.Release|x86.Build.0 = Release|Any CPU
		{59C04CCB-EBCC-420B-A0AF-8FCF8E00CC39}.Debug|Any CPU.ActiveCfg = Debug|Any CPU
		{59C04CCB-EBCC-420B-A0AF-8FCF8E00CC39}.Debug|Any CPU.Build.0 = Debug|Any CPU
		{59C04CCB-EBCC-420B-A0AF-8FCF8E00CC39}.Debug|ARM.ActiveCfg = Debug|Any CPU
		{59C04CCB-EBCC-420B-A0AF-8FCF8E00CC39}.Debug|ARM.Build.0 = Debug|Any CPU
		{59C04CCB-EBCC-420B-A0AF-8FCF8E00CC39}.Debug|iPhone.ActiveCfg = Debug|Any CPU
		{59C04CCB-EBCC-420B-A0AF-8FCF8E00CC39}.Debug|iPhone.Build.0 = Debug|Any CPU
		{59C04CCB-EBCC-420B-A0AF-8FCF8E00CC39}.Debug|iPhoneSimulator.ActiveCfg = Debug|Any CPU
		{59C04CCB-EBCC-420B-A0AF-8FCF8E00CC39}.Debug|iPhoneSimulator.Build.0 = Debug|Any CPU
		{59C04CCB-EBCC-420B-A0AF-8FCF8E00CC39}.Debug|x64.ActiveCfg = Debug|Any CPU
		{59C04CCB-EBCC-420B-A0AF-8FCF8E00CC39}.Debug|x64.Build.0 = Debug|Any CPU
		{59C04CCB-EBCC-420B-A0AF-8FCF8E00CC39}.Debug|x86.ActiveCfg = Debug|Any CPU
		{59C04CCB-EBCC-420B-A0AF-8FCF8E00CC39}.Debug|x86.Build.0 = Debug|Any CPU
		{59C04CCB-EBCC-420B-A0AF-8FCF8E00CC39}.Release|Any CPU.ActiveCfg = Release|Any CPU
		{59C04CCB-EBCC-420B-A0AF-8FCF8E00CC39}.Release|Any CPU.Build.0 = Release|Any CPU
		{59C04CCB-EBCC-420B-A0AF-8FCF8E00CC39}.Release|ARM.ActiveCfg = Release|Any CPU
		{59C04CCB-EBCC-420B-A0AF-8FCF8E00CC39}.Release|ARM.Build.0 = Release|Any CPU
		{59C04CCB-EBCC-420B-A0AF-8FCF8E00CC39}.Release|iPhone.ActiveCfg = Release|Any CPU
		{59C04CCB-EBCC-420B-A0AF-8FCF8E00CC39}.Release|iPhone.Build.0 = Release|Any CPU
		{59C04CCB-EBCC-420B-A0AF-8FCF8E00CC39}.Release|iPhoneSimulator.ActiveCfg = Release|Any CPU
		{59C04CCB-EBCC-420B-A0AF-8FCF8E00CC39}.Release|iPhoneSimulator.Build.0 = Release|Any CPU
		{59C04CCB-EBCC-420B-A0AF-8FCF8E00CC39}.Release|x64.ActiveCfg = Release|Any CPU
		{59C04CCB-EBCC-420B-A0AF-8FCF8E00CC39}.Release|x64.Build.0 = Release|Any CPU
		{59C04CCB-EBCC-420B-A0AF-8FCF8E00CC39}.Release|x86.ActiveCfg = Release|Any CPU
		{59C04CCB-EBCC-420B-A0AF-8FCF8E00CC39}.Release|x86.Build.0 = Release|Any CPU
		{81151681-59DD-4237-BBFC-B5F8F16D725C}.Debug|Any CPU.ActiveCfg = Debug|Any CPU
		{81151681-59DD-4237-BBFC-B5F8F16D725C}.Debug|Any CPU.Build.0 = Debug|Any CPU
		{81151681-59DD-4237-BBFC-B5F8F16D725C}.Debug|ARM.ActiveCfg = Debug|Any CPU
		{81151681-59DD-4237-BBFC-B5F8F16D725C}.Debug|ARM.Build.0 = Debug|Any CPU
		{81151681-59DD-4237-BBFC-B5F8F16D725C}.Debug|iPhone.ActiveCfg = Debug|Any CPU
		{81151681-59DD-4237-BBFC-B5F8F16D725C}.Debug|iPhone.Build.0 = Debug|Any CPU
		{81151681-59DD-4237-BBFC-B5F8F16D725C}.Debug|iPhoneSimulator.ActiveCfg = Debug|Any CPU
		{81151681-59DD-4237-BBFC-B5F8F16D725C}.Debug|iPhoneSimulator.Build.0 = Debug|Any CPU
		{81151681-59DD-4237-BBFC-B5F8F16D725C}.Debug|x64.ActiveCfg = Debug|Any CPU
		{81151681-59DD-4237-BBFC-B5F8F16D725C}.Debug|x64.Build.0 = Debug|Any CPU
		{81151681-59DD-4237-BBFC-B5F8F16D725C}.Debug|x86.ActiveCfg = Debug|Any CPU
		{81151681-59DD-4237-BBFC-B5F8F16D725C}.Debug|x86.Build.0 = Debug|Any CPU
		{81151681-59DD-4237-BBFC-B5F8F16D725C}.Release|Any CPU.ActiveCfg = Release|Any CPU
		{81151681-59DD-4237-BBFC-B5F8F16D725C}.Release|Any CPU.Build.0 = Release|Any CPU
		{81151681-59DD-4237-BBFC-B5F8F16D725C}.Release|ARM.ActiveCfg = Release|Any CPU
		{81151681-59DD-4237-BBFC-B5F8F16D725C}.Release|ARM.Build.0 = Release|Any CPU
		{81151681-59DD-4237-BBFC-B5F8F16D725C}.Release|iPhone.ActiveCfg = Release|Any CPU
		{81151681-59DD-4237-BBFC-B5F8F16D725C}.Release|iPhone.Build.0 = Release|Any CPU
		{81151681-59DD-4237-BBFC-B5F8F16D725C}.Release|iPhoneSimulator.ActiveCfg = Release|Any CPU
		{81151681-59DD-4237-BBFC-B5F8F16D725C}.Release|iPhoneSimulator.Build.0 = Release|Any CPU
		{81151681-59DD-4237-BBFC-B5F8F16D725C}.Release|x64.ActiveCfg = Release|Any CPU
		{81151681-59DD-4237-BBFC-B5F8F16D725C}.Release|x64.Build.0 = Release|Any CPU
		{81151681-59DD-4237-BBFC-B5F8F16D725C}.Release|x86.ActiveCfg = Release|Any CPU
		{81151681-59DD-4237-BBFC-B5F8F16D725C}.Release|x86.Build.0 = Release|Any CPU
		{A6A68F73-5D5F-456D-AE4F-81360E91A4AC}.Debug|Any CPU.ActiveCfg = Debug|Any CPU
		{A6A68F73-5D5F-456D-AE4F-81360E91A4AC}.Debug|Any CPU.Build.0 = Debug|Any CPU
		{A6A68F73-5D5F-456D-AE4F-81360E91A4AC}.Debug|ARM.ActiveCfg = Debug|Any CPU
		{A6A68F73-5D5F-456D-AE4F-81360E91A4AC}.Debug|ARM.Build.0 = Debug|Any CPU
		{A6A68F73-5D5F-456D-AE4F-81360E91A4AC}.Debug|iPhone.ActiveCfg = Debug|Any CPU
		{A6A68F73-5D5F-456D-AE4F-81360E91A4AC}.Debug|iPhone.Build.0 = Debug|Any CPU
		{A6A68F73-5D5F-456D-AE4F-81360E91A4AC}.Debug|iPhoneSimulator.ActiveCfg = Debug|Any CPU
		{A6A68F73-5D5F-456D-AE4F-81360E91A4AC}.Debug|iPhoneSimulator.Build.0 = Debug|Any CPU
		{A6A68F73-5D5F-456D-AE4F-81360E91A4AC}.Debug|x64.ActiveCfg = Debug|Any CPU
		{A6A68F73-5D5F-456D-AE4F-81360E91A4AC}.Debug|x64.Build.0 = Debug|Any CPU
		{A6A68F73-5D5F-456D-AE4F-81360E91A4AC}.Debug|x86.ActiveCfg = Debug|Any CPU
		{A6A68F73-5D5F-456D-AE4F-81360E91A4AC}.Debug|x86.Build.0 = Debug|Any CPU
		{A6A68F73-5D5F-456D-AE4F-81360E91A4AC}.Release|Any CPU.ActiveCfg = Release|Any CPU
		{A6A68F73-5D5F-456D-AE4F-81360E91A4AC}.Release|Any CPU.Build.0 = Release|Any CPU
		{A6A68F73-5D5F-456D-AE4F-81360E91A4AC}.Release|ARM.ActiveCfg = Release|Any CPU
		{A6A68F73-5D5F-456D-AE4F-81360E91A4AC}.Release|ARM.Build.0 = Release|Any CPU
		{A6A68F73-5D5F-456D-AE4F-81360E91A4AC}.Release|iPhone.ActiveCfg = Release|Any CPU
		{A6A68F73-5D5F-456D-AE4F-81360E91A4AC}.Release|iPhone.Build.0 = Release|Any CPU
		{A6A68F73-5D5F-456D-AE4F-81360E91A4AC}.Release|iPhoneSimulator.ActiveCfg = Release|Any CPU
		{A6A68F73-5D5F-456D-AE4F-81360E91A4AC}.Release|iPhoneSimulator.Build.0 = Release|Any CPU
		{A6A68F73-5D5F-456D-AE4F-81360E91A4AC}.Release|x64.ActiveCfg = Release|Any CPU
		{A6A68F73-5D5F-456D-AE4F-81360E91A4AC}.Release|x64.Build.0 = Release|Any CPU
		{A6A68F73-5D5F-456D-AE4F-81360E91A4AC}.Release|x86.ActiveCfg = Release|Any CPU
		{A6A68F73-5D5F-456D-AE4F-81360E91A4AC}.Release|x86.Build.0 = Release|Any CPU
		{6376E982-F7A4-4E3D-ACD3-9D822F065571}.Debug|Any CPU.ActiveCfg = Debug|Any CPU
		{6376E982-F7A4-4E3D-ACD3-9D822F065571}.Debug|Any CPU.Build.0 = Debug|Any CPU
		{6376E982-F7A4-4E3D-ACD3-9D822F065571}.Debug|ARM.ActiveCfg = Debug|Any CPU
		{6376E982-F7A4-4E3D-ACD3-9D822F065571}.Debug|ARM.Build.0 = Debug|Any CPU
		{6376E982-F7A4-4E3D-ACD3-9D822F065571}.Debug|iPhone.ActiveCfg = Debug|Any CPU
		{6376E982-F7A4-4E3D-ACD3-9D822F065571}.Debug|iPhone.Build.0 = Debug|Any CPU
		{6376E982-F7A4-4E3D-ACD3-9D822F065571}.Debug|iPhoneSimulator.ActiveCfg = Debug|Any CPU
		{6376E982-F7A4-4E3D-ACD3-9D822F065571}.Debug|iPhoneSimulator.Build.0 = Debug|Any CPU
		{6376E982-F7A4-4E3D-ACD3-9D822F065571}.Debug|x64.ActiveCfg = Debug|Any CPU
		{6376E982-F7A4-4E3D-ACD3-9D822F065571}.Debug|x64.Build.0 = Debug|Any CPU
		{6376E982-F7A4-4E3D-ACD3-9D822F065571}.Debug|x86.ActiveCfg = Debug|Any CPU
		{6376E982-F7A4-4E3D-ACD3-9D822F065571}.Debug|x86.Build.0 = Debug|Any CPU
		{6376E982-F7A4-4E3D-ACD3-9D822F065571}.Release|Any CPU.ActiveCfg = Release|Any CPU
		{6376E982-F7A4-4E3D-ACD3-9D822F065571}.Release|Any CPU.Build.0 = Release|Any CPU
		{6376E982-F7A4-4E3D-ACD3-9D822F065571}.Release|ARM.ActiveCfg = Release|Any CPU
		{6376E982-F7A4-4E3D-ACD3-9D822F065571}.Release|ARM.Build.0 = Release|Any CPU
		{6376E982-F7A4-4E3D-ACD3-9D822F065571}.Release|iPhone.ActiveCfg = Release|Any CPU
		{6376E982-F7A4-4E3D-ACD3-9D822F065571}.Release|iPhone.Build.0 = Release|Any CPU
		{6376E982-F7A4-4E3D-ACD3-9D822F065571}.Release|iPhoneSimulator.ActiveCfg = Release|Any CPU
		{6376E982-F7A4-4E3D-ACD3-9D822F065571}.Release|iPhoneSimulator.Build.0 = Release|Any CPU
		{6376E982-F7A4-4E3D-ACD3-9D822F065571}.Release|x64.ActiveCfg = Release|Any CPU
		{6376E982-F7A4-4E3D-ACD3-9D822F065571}.Release|x64.Build.0 = Release|Any CPU
		{6376E982-F7A4-4E3D-ACD3-9D822F065571}.Release|x86.ActiveCfg = Release|Any CPU
		{6376E982-F7A4-4E3D-ACD3-9D822F065571}.Release|x86.Build.0 = Release|Any CPU
		{3C52DEC3-CD6F-4E10-AB16-856CC43FA8D6}.Debug|Any CPU.ActiveCfg = Debug|Any CPU
		{3C52DEC3-CD6F-4E10-AB16-856CC43FA8D6}.Debug|Any CPU.Build.0 = Debug|Any CPU
		{3C52DEC3-CD6F-4E10-AB16-856CC43FA8D6}.Debug|ARM.ActiveCfg = Debug|Any CPU
		{3C52DEC3-CD6F-4E10-AB16-856CC43FA8D6}.Debug|ARM.Build.0 = Debug|Any CPU
		{3C52DEC3-CD6F-4E10-AB16-856CC43FA8D6}.Debug|iPhone.ActiveCfg = Debug|Any CPU
		{3C52DEC3-CD6F-4E10-AB16-856CC43FA8D6}.Debug|iPhone.Build.0 = Debug|Any CPU
		{3C52DEC3-CD6F-4E10-AB16-856CC43FA8D6}.Debug|iPhoneSimulator.ActiveCfg = Debug|Any CPU
		{3C52DEC3-CD6F-4E10-AB16-856CC43FA8D6}.Debug|iPhoneSimulator.Build.0 = Debug|Any CPU
		{3C52DEC3-CD6F-4E10-AB16-856CC43FA8D6}.Debug|x64.ActiveCfg = Debug|Any CPU
		{3C52DEC3-CD6F-4E10-AB16-856CC43FA8D6}.Debug|x64.Build.0 = Debug|Any CPU
		{3C52DEC3-CD6F-4E10-AB16-856CC43FA8D6}.Debug|x86.ActiveCfg = Debug|Any CPU
		{3C52DEC3-CD6F-4E10-AB16-856CC43FA8D6}.Debug|x86.Build.0 = Debug|Any CPU
		{3C52DEC3-CD6F-4E10-AB16-856CC43FA8D6}.Release|Any CPU.ActiveCfg = Release|Any CPU
		{3C52DEC3-CD6F-4E10-AB16-856CC43FA8D6}.Release|Any CPU.Build.0 = Release|Any CPU
		{3C52DEC3-CD6F-4E10-AB16-856CC43FA8D6}.Release|ARM.ActiveCfg = Release|Any CPU
		{3C52DEC3-CD6F-4E10-AB16-856CC43FA8D6}.Release|ARM.Build.0 = Release|Any CPU
		{3C52DEC3-CD6F-4E10-AB16-856CC43FA8D6}.Release|iPhone.ActiveCfg = Release|Any CPU
		{3C52DEC3-CD6F-4E10-AB16-856CC43FA8D6}.Release|iPhone.Build.0 = Release|Any CPU
		{3C52DEC3-CD6F-4E10-AB16-856CC43FA8D6}.Release|iPhoneSimulator.ActiveCfg = Release|Any CPU
		{3C52DEC3-CD6F-4E10-AB16-856CC43FA8D6}.Release|iPhoneSimulator.Build.0 = Release|Any CPU
		{3C52DEC3-CD6F-4E10-AB16-856CC43FA8D6}.Release|x64.ActiveCfg = Release|Any CPU
		{3C52DEC3-CD6F-4E10-AB16-856CC43FA8D6}.Release|x64.Build.0 = Release|Any CPU
		{3C52DEC3-CD6F-4E10-AB16-856CC43FA8D6}.Release|x86.ActiveCfg = Release|Any CPU
		{3C52DEC3-CD6F-4E10-AB16-856CC43FA8D6}.Release|x86.Build.0 = Release|Any CPU
		{1D215A29-8B49-4179-9107-4AD723C9B282}.Debug|Any CPU.ActiveCfg = Debug|Any CPU
		{1D215A29-8B49-4179-9107-4AD723C9B282}.Debug|Any CPU.Build.0 = Debug|Any CPU
		{1D215A29-8B49-4179-9107-4AD723C9B282}.Debug|ARM.ActiveCfg = Debug|Any CPU
		{1D215A29-8B49-4179-9107-4AD723C9B282}.Debug|ARM.Build.0 = Debug|Any CPU
		{1D215A29-8B49-4179-9107-4AD723C9B282}.Debug|iPhone.ActiveCfg = Debug|Any CPU
		{1D215A29-8B49-4179-9107-4AD723C9B282}.Debug|iPhone.Build.0 = Debug|Any CPU
		{1D215A29-8B49-4179-9107-4AD723C9B282}.Debug|iPhoneSimulator.ActiveCfg = Debug|Any CPU
		{1D215A29-8B49-4179-9107-4AD723C9B282}.Debug|iPhoneSimulator.Build.0 = Debug|Any CPU
		{1D215A29-8B49-4179-9107-4AD723C9B282}.Debug|x64.ActiveCfg = Debug|Any CPU
		{1D215A29-8B49-4179-9107-4AD723C9B282}.Debug|x64.Build.0 = Debug|Any CPU
		{1D215A29-8B49-4179-9107-4AD723C9B282}.Debug|x86.ActiveCfg = Debug|Any CPU
		{1D215A29-8B49-4179-9107-4AD723C9B282}.Debug|x86.Build.0 = Debug|Any CPU
		{1D215A29-8B49-4179-9107-4AD723C9B282}.Release|Any CPU.ActiveCfg = Release|Any CPU
		{1D215A29-8B49-4179-9107-4AD723C9B282}.Release|Any CPU.Build.0 = Release|Any CPU
		{1D215A29-8B49-4179-9107-4AD723C9B282}.Release|ARM.ActiveCfg = Release|Any CPU
		{1D215A29-8B49-4179-9107-4AD723C9B282}.Release|ARM.Build.0 = Release|Any CPU
		{1D215A29-8B49-4179-9107-4AD723C9B282}.Release|iPhone.ActiveCfg = Release|Any CPU
		{1D215A29-8B49-4179-9107-4AD723C9B282}.Release|iPhone.Build.0 = Release|Any CPU
		{1D215A29-8B49-4179-9107-4AD723C9B282}.Release|iPhoneSimulator.ActiveCfg = Release|Any CPU
		{1D215A29-8B49-4179-9107-4AD723C9B282}.Release|iPhoneSimulator.Build.0 = Release|Any CPU
		{1D215A29-8B49-4179-9107-4AD723C9B282}.Release|x64.ActiveCfg = Release|Any CPU
		{1D215A29-8B49-4179-9107-4AD723C9B282}.Release|x64.Build.0 = Release|Any CPU
		{1D215A29-8B49-4179-9107-4AD723C9B282}.Release|x86.ActiveCfg = Release|Any CPU
		{1D215A29-8B49-4179-9107-4AD723C9B282}.Release|x86.Build.0 = Release|Any CPU
	EndGlobalSection
	GlobalSection(SolutionProperties) = preSolution
		HideSolutionNode = FALSE
	EndGlobalSection
	GlobalSection(NestedProjects) = preSolution
		{0F5CB7BF-7FF8-447D-9DEC-8CD0D946D208} = {291B05EE-78EA-412F-9449-5EC4D5E0FC9C}
		{D377EF6C-1DBD-42B0-90F9-1DCBA7CE7E11} = {291B05EE-78EA-412F-9449-5EC4D5E0FC9C}
		{80BFF656-3BE0-4587-A6B3-DEEEE7B653AF} = {291B05EE-78EA-412F-9449-5EC4D5E0FC9C}
		{4685F3B9-3931-449C-8C10-158FA0DB4801} = {96FC6DCB-2238-4610-BF05-8F031669948C}
		{4CB7426E-EAF9-411E-A81B-35EE7984FB52} = {96FC6DCB-2238-4610-BF05-8F031669948C}
		{BB39BB4D-AB66-4BC7-8503-6F819A0FCF89} = {96FC6DCB-2238-4610-BF05-8F031669948C}
		{346040AD-D728-41CE-BA52-1FE66FBA6B46} = {96FC6DCB-2238-4610-BF05-8F031669948C}
		{C35B31DC-A0AD-49B5-BE1E-AE02FD21B06F} = {96FC6DCB-2238-4610-BF05-8F031669948C}
		{3925E1F3-2B9D-4095-8BAC-3B7976476A79} = {96FC6DCB-2238-4610-BF05-8F031669948C}
		{05239C76-D35B-42FF-BD67-C0476616B772} = {291B05EE-78EA-412F-9449-5EC4D5E0FC9C}
		{A0F9C378-2058-48EA-8B18-75284CD6CF8C} = {96FC6DCB-2238-4610-BF05-8F031669948C}
		{850EBECE-102D-4BA4-BF20-08309BF426B8} = {291B05EE-78EA-412F-9449-5EC4D5E0FC9C}
		{E51B208C-A63A-4EA2-93B6-8AE3C263BFA9} = {96FC6DCB-2238-4610-BF05-8F031669948C}
		{3B2108EE-754E-473A-B5FC-4C957A0C38C2} = {96FC6DCB-2238-4610-BF05-8F031669948C}
		{A581D808-CFB5-4EF6-B79A-5A3BF586C18A} = {96FC6DCB-2238-4610-BF05-8F031669948C}
		{59C04CCB-EBCC-420B-A0AF-8FCF8E00CC39} = {291B05EE-78EA-412F-9449-5EC4D5E0FC9C}
		{81151681-59DD-4237-BBFC-B5F8F16D725C} = {291B05EE-78EA-412F-9449-5EC4D5E0FC9C}
		{A6A68F73-5D5F-456D-AE4F-81360E91A4AC} = {96FC6DCB-2238-4610-BF05-8F031669948C}
		{6376E982-F7A4-4E3D-ACD3-9D822F065571} = {96FC6DCB-2238-4610-BF05-8F031669948C}
		{3C52DEC3-CD6F-4E10-AB16-856CC43FA8D6} = {96FC6DCB-2238-4610-BF05-8F031669948C}
		{1D215A29-8B49-4179-9107-4AD723C9B282} = {291B05EE-78EA-412F-9449-5EC4D5E0FC9C}
	EndGlobalSection
	GlobalSection(ExtensibilityGlobals) = postSolution
		EnterpriseLibraryConfigurationToolBinariesPathV6 = packages\EnterpriseLibrary.TransientFaultHandling.6.0.1304.0\lib\portable-net45+win+wp8;packages\EnterpriseLibrary.TransientFaultHandling.Data.6.0.1304.1\lib\NET45
		SolutionGuid = {935D1C59-A88C-491F-B27D-3B0CF8AF2605}
	EndGlobalSection
EndGlobal
