
Microsoft Visual Studio Solution File, Format Version 12.00
# Visual Studio 14
VisualStudioVersion = 14.0.25123.0
MinimumVisualStudioVersion = 10.0.40219.1
Project("{FAE04EC0-301F-11D3-BF4B-00C04F79EFBC}") = "Fuxion", "core\portable\Fuxion.csproj", "{5761CB44-504F-468B-8263-39F59EEBBB17}"
EndProject
Project("{FAE04EC0-301F-11D3-BF4B-00C04F79EFBC}") = "Fuxion-net46", "core\net46\Fuxion-net46.csproj", "{B16111A4-CDF6-40E8-9BEE-1D5806543CB0}"
EndProject
Project("{2150E333-8FDC-42A3-9474-1A3956D46DE8}") = "core", "core", "{291B05EE-78EA-412F-9449-5EC4D5E0FC9C}"
EndProject
Project("{FAE04EC0-301F-11D3-BF4B-00C04F79EFBC}") = "Fuxion.Test", "core\test\Fuxion.Test.csproj", "{8D2242C6-D7D3-403C-B39D-8877AB8E745A}"
EndProject
Project("{2150E333-8FDC-42A3-9474-1A3956D46DE8}") = ".build", ".build", "{ABD253A3-63FE-4FF0-8877-E872691E8D41}"
	ProjectSection(SolutionItems) = preProject
		.build\BuildTask.cs = .build\BuildTask.cs
		.build\Fuxion.Build.dll = .build\Fuxion.Build.dll
		.build\Fuxion.Build.targets = .build\Fuxion.Build.targets
		.build\Fuxion.Data.ver = .build\Fuxion.Data.ver
		.build\Fuxion.Domain.ver = .build\Fuxion.Domain.ver
		.build\Fuxion.Identity.ver = .build\Fuxion.Identity.ver
		.build\Fuxion.Log4net.ver = .build\Fuxion.Log4net.ver
		.build\Fuxion.SimpleInjector.ver = .build\Fuxion.SimpleInjector.ver
		.build\Fuxion.ver = .build\Fuxion.ver
		.build\Fuxion.Web.ver = .build\Fuxion.Web.ver
	EndProjectSection
EndProject
Project("{FAE04EC0-301F-11D3-BF4B-00C04F79EFBC}") = "Fuxion.Build", ".build\Fuxion.Build\Fuxion.Build.csproj", "{45F4DA0C-EE15-4F7A-993D-5BA92D4627BE}"
EndProject
Project("{2150E333-8FDC-42A3-9474-1A3956D46DE8}") = "modules", "modules", "{943161B7-5FFB-4700-99C0-7E8BFF4E15FC}"
EndProject
Project("{2150E333-8FDC-42A3-9474-1A3956D46DE8}") = "Identity", "Identity", "{ED2E703A-7204-4A18-8DB4-D47D845849AA}"
EndProject
Project("{FAE04EC0-301F-11D3-BF4B-00C04F79EFBC}") = "Fuxion.Identity", "modules\Identity\portable\Fuxion.Identity.csproj", "{B784238C-90AA-49C0-A4CF-419A9AF81021}"
EndProject
Project("{FAE04EC0-301F-11D3-BF4B-00C04F79EFBC}") = "Fuxion.Identity.Test", "modules\Identity\test\Fuxion.Identity.Test\Fuxion.Identity.Test.csproj", "{CAA14F5A-5DF4-43AE-9DF3-A73220705CCA}"
EndProject
Project("{2150E333-8FDC-42A3-9474-1A3956D46DE8}") = "SimpleInjector", "SimpleInjector", "{A4B98BD9-2915-4F7B-ADEA-F2B26AD44EC2}"
EndProject
Project("{FAE04EC0-301F-11D3-BF4B-00C04F79EFBC}") = "SimpleInjector_", "modules\SimpleInjector\portable\SimpleInjector_.csproj", "{DFE9408B-2BB2-4F86-A1C0-2A050D155F82}"
EndProject
Project("{2150E333-8FDC-42A3-9474-1A3956D46DE8}") = "Web", "Web", "{194D3D3D-B330-492E-9731-6085C60F3415}"
EndProject
Project("{FAE04EC0-301F-11D3-BF4B-00C04F79EFBC}") = "Fuxion.Web", "modules\Web\portable\Fuxion.Web.csproj", "{6F2E20C5-A508-4E9C-8514-6067B9791E1B}"
EndProject
Project("{2150E333-8FDC-42A3-9474-1A3956D46DE8}") = "Data", "Data", "{DF0D6875-5D83-4874-9464-6BECB7D82CBE}"
EndProject
Project("{FAE04EC0-301F-11D3-BF4B-00C04F79EFBC}") = "Fuxion.Data", "modules\Data\net46\Fuxion.Data.csproj", "{E066329C-2CB6-4EDD-AB47-0D7B8129254E}"
EndProject
Project("{2150E333-8FDC-42A3-9474-1A3956D46DE8}") = "test", "test", "{9BD1DC06-35AA-4696-A6D8-46E1435D5C7E}"
EndProject
Project("{FAE04EC0-301F-11D3-BF4B-00C04F79EFBC}") = "Fuxion.Identity.DatabaseTest", "modules\Identity\Test\Fuxion.Identity.DatabaseTest\Fuxion.Identity.DatabaseTest.csproj", "{D2FC2951-253D-48C0-9E12-6CDB577E4AA2}"
EndProject
Project("{FAE04EC0-301F-11D3-BF4B-00C04F79EFBC}") = "Fuxion.Identity.DatabaseEFTest", "modules\Identity\test\Fuxion.Identity.DatabaseEFTest\Fuxion.Identity.DatabaseEFTest.csproj", "{C9D0F0DE-95F0-4C09-BF56-FA4E729FA0A9}"
EndProject
Project("{2150E333-8FDC-42A3-9474-1A3956D46DE8}") = "domain", "domain", "{70B77439-9ADE-4981-BDC6-019CDA33AA76}"
EndProject
Project("{FAE04EC0-301F-11D3-BF4B-00C04F79EFBC}") = "Fuxion.Domain", "domain\portable\Fuxion.Domain.csproj", "{AEFC0B32-3C2A-4FA2-9E23-F56D75CA3EB2}"
EndProject
Project("{2150E333-8FDC-42A3-9474-1A3956D46DE8}") = "Log4net", "Log4net", "{A9C7E09B-4FBA-400D-9DD6-D04BEB8120EE}"
EndProject
Project("{FAE04EC0-301F-11D3-BF4B-00C04F79EFBC}") = "Fuxion.Log4net", "modules\Log4net\net46\Fuxion.Log4net.csproj", "{1CF0E88A-CD3D-4D49-8650-F5F7FF3A1334}"
EndProject
Project("{2150E333-8FDC-42A3-9474-1A3956D46DE8}") = "Srm", "Srm", "{6A71A6F6-DAEF-4095-B9F1-FCD677D6AE23}"
EndProject
Project("{8BB2217D-0F2D-49D1-97BC-3654ED321F3B}") = "Fuxion.Srm.Cloud.Demo", "modules\Srm\Fuxion.Srm.Cloud.Demo\Fuxion.Srm.Cloud.Demo.xproj", "{554201C3-B0A7-471D-AA5F-01FEBCB7FAA2}"
EndProject
Project("{FAE04EC0-301F-11D3-BF4B-00C04F79EFBC}") = "Fuxion.Srm", "modules\Srm\Fuxion.Srm\Fuxion.Srm.csproj", "{C7406922-3198-42D8-80EB-31574B33FC96}"
EndProject
Project("{2150E333-8FDC-42A3-9474-1A3956D46DE8}") = "test", "test", "{02A06801-1B84-466C-84EE-E71F1D62EE26}"
EndProject
Project("{FAE04EC0-301F-11D3-BF4B-00C04F79EFBC}") = "Fuxion.Srm.Test", "modules\srm\Fuxion.Srm.Test\Fuxion.Srm.Test.csproj", "{3C4DB006-A025-4A7D-92B4-1DC638D7A71F}"
EndProject
Global
	GlobalSection(SolutionConfigurationPlatforms) = preSolution
		Debug|Any CPU = Debug|Any CPU
		Debug|ARM = Debug|ARM
		Debug|x64 = Debug|x64
		Debug|x86 = Debug|x86
		Release|Any CPU = Release|Any CPU
		Release|ARM = Release|ARM
		Release|x64 = Release|x64
		Release|x86 = Release|x86
	EndGlobalSection
	GlobalSection(ProjectConfigurationPlatforms) = postSolution
		{5761CB44-504F-468B-8263-39F59EEBBB17}.Debug|Any CPU.ActiveCfg = Debug|Any CPU
		{5761CB44-504F-468B-8263-39F59EEBBB17}.Debug|Any CPU.Build.0 = Debug|Any CPU
		{5761CB44-504F-468B-8263-39F59EEBBB17}.Debug|ARM.ActiveCfg = Debug|Any CPU
		{5761CB44-504F-468B-8263-39F59EEBBB17}.Debug|ARM.Build.0 = Debug|Any CPU
		{5761CB44-504F-468B-8263-39F59EEBBB17}.Debug|x64.ActiveCfg = Debug|Any CPU
		{5761CB44-504F-468B-8263-39F59EEBBB17}.Debug|x64.Build.0 = Debug|Any CPU
		{5761CB44-504F-468B-8263-39F59EEBBB17}.Debug|x86.ActiveCfg = Debug|Any CPU
		{5761CB44-504F-468B-8263-39F59EEBBB17}.Debug|x86.Build.0 = Debug|Any CPU
		{5761CB44-504F-468B-8263-39F59EEBBB17}.Release|Any CPU.ActiveCfg = Release|Any CPU
		{5761CB44-504F-468B-8263-39F59EEBBB17}.Release|Any CPU.Build.0 = Release|Any CPU
		{5761CB44-504F-468B-8263-39F59EEBBB17}.Release|ARM.ActiveCfg = Release|Any CPU
		{5761CB44-504F-468B-8263-39F59EEBBB17}.Release|ARM.Build.0 = Release|Any CPU
		{5761CB44-504F-468B-8263-39F59EEBBB17}.Release|x64.ActiveCfg = Release|Any CPU
		{5761CB44-504F-468B-8263-39F59EEBBB17}.Release|x64.Build.0 = Release|Any CPU
		{5761CB44-504F-468B-8263-39F59EEBBB17}.Release|x86.ActiveCfg = Release|Any CPU
		{5761CB44-504F-468B-8263-39F59EEBBB17}.Release|x86.Build.0 = Release|Any CPU
		{B16111A4-CDF6-40E8-9BEE-1D5806543CB0}.Debug|Any CPU.ActiveCfg = Debug|Any CPU
		{B16111A4-CDF6-40E8-9BEE-1D5806543CB0}.Debug|Any CPU.Build.0 = Debug|Any CPU
		{B16111A4-CDF6-40E8-9BEE-1D5806543CB0}.Debug|ARM.ActiveCfg = Debug|Any CPU
		{B16111A4-CDF6-40E8-9BEE-1D5806543CB0}.Debug|ARM.Build.0 = Debug|Any CPU
		{B16111A4-CDF6-40E8-9BEE-1D5806543CB0}.Debug|x64.ActiveCfg = Debug|Any CPU
		{B16111A4-CDF6-40E8-9BEE-1D5806543CB0}.Debug|x64.Build.0 = Debug|Any CPU
		{B16111A4-CDF6-40E8-9BEE-1D5806543CB0}.Debug|x86.ActiveCfg = Debug|Any CPU
		{B16111A4-CDF6-40E8-9BEE-1D5806543CB0}.Debug|x86.Build.0 = Debug|Any CPU
		{B16111A4-CDF6-40E8-9BEE-1D5806543CB0}.Release|Any CPU.ActiveCfg = Release|Any CPU
		{B16111A4-CDF6-40E8-9BEE-1D5806543CB0}.Release|Any CPU.Build.0 = Release|Any CPU
		{B16111A4-CDF6-40E8-9BEE-1D5806543CB0}.Release|ARM.ActiveCfg = Release|Any CPU
		{B16111A4-CDF6-40E8-9BEE-1D5806543CB0}.Release|ARM.Build.0 = Release|Any CPU
		{B16111A4-CDF6-40E8-9BEE-1D5806543CB0}.Release|x64.ActiveCfg = Release|Any CPU
		{B16111A4-CDF6-40E8-9BEE-1D5806543CB0}.Release|x64.Build.0 = Release|Any CPU
		{B16111A4-CDF6-40E8-9BEE-1D5806543CB0}.Release|x86.ActiveCfg = Release|Any CPU
		{B16111A4-CDF6-40E8-9BEE-1D5806543CB0}.Release|x86.Build.0 = Release|Any CPU
		{8D2242C6-D7D3-403C-B39D-8877AB8E745A}.Debug|Any CPU.ActiveCfg = Debug|Any CPU
		{8D2242C6-D7D3-403C-B39D-8877AB8E745A}.Debug|Any CPU.Build.0 = Debug|Any CPU
		{8D2242C6-D7D3-403C-B39D-8877AB8E745A}.Debug|ARM.ActiveCfg = Debug|Any CPU
		{8D2242C6-D7D3-403C-B39D-8877AB8E745A}.Debug|ARM.Build.0 = Debug|Any CPU
		{8D2242C6-D7D3-403C-B39D-8877AB8E745A}.Debug|x64.ActiveCfg = Debug|Any CPU
		{8D2242C6-D7D3-403C-B39D-8877AB8E745A}.Debug|x64.Build.0 = Debug|Any CPU
		{8D2242C6-D7D3-403C-B39D-8877AB8E745A}.Debug|x86.ActiveCfg = Debug|Any CPU
		{8D2242C6-D7D3-403C-B39D-8877AB8E745A}.Debug|x86.Build.0 = Debug|Any CPU
		{8D2242C6-D7D3-403C-B39D-8877AB8E745A}.Release|Any CPU.ActiveCfg = Release|Any CPU
		{8D2242C6-D7D3-403C-B39D-8877AB8E745A}.Release|Any CPU.Build.0 = Release|Any CPU
		{8D2242C6-D7D3-403C-B39D-8877AB8E745A}.Release|ARM.ActiveCfg = Release|Any CPU
		{8D2242C6-D7D3-403C-B39D-8877AB8E745A}.Release|ARM.Build.0 = Release|Any CPU
		{8D2242C6-D7D3-403C-B39D-8877AB8E745A}.Release|x64.ActiveCfg = Release|Any CPU
		{8D2242C6-D7D3-403C-B39D-8877AB8E745A}.Release|x64.Build.0 = Release|Any CPU
		{8D2242C6-D7D3-403C-B39D-8877AB8E745A}.Release|x86.ActiveCfg = Release|Any CPU
		{8D2242C6-D7D3-403C-B39D-8877AB8E745A}.Release|x86.Build.0 = Release|Any CPU
		{45F4DA0C-EE15-4F7A-993D-5BA92D4627BE}.Debug|Any CPU.ActiveCfg = Debug|Any CPU
		{45F4DA0C-EE15-4F7A-993D-5BA92D4627BE}.Debug|Any CPU.Build.0 = Debug|Any CPU
		{45F4DA0C-EE15-4F7A-993D-5BA92D4627BE}.Debug|ARM.ActiveCfg = Debug|Any CPU
		{45F4DA0C-EE15-4F7A-993D-5BA92D4627BE}.Debug|ARM.Build.0 = Debug|Any CPU
		{45F4DA0C-EE15-4F7A-993D-5BA92D4627BE}.Debug|x64.ActiveCfg = Debug|Any CPU
		{45F4DA0C-EE15-4F7A-993D-5BA92D4627BE}.Debug|x64.Build.0 = Debug|Any CPU
		{45F4DA0C-EE15-4F7A-993D-5BA92D4627BE}.Debug|x86.ActiveCfg = Debug|Any CPU
		{45F4DA0C-EE15-4F7A-993D-5BA92D4627BE}.Debug|x86.Build.0 = Debug|Any CPU
		{45F4DA0C-EE15-4F7A-993D-5BA92D4627BE}.Release|Any CPU.ActiveCfg = Release|Any CPU
		{45F4DA0C-EE15-4F7A-993D-5BA92D4627BE}.Release|Any CPU.Build.0 = Release|Any CPU
		{45F4DA0C-EE15-4F7A-993D-5BA92D4627BE}.Release|ARM.ActiveCfg = Release|Any CPU
		{45F4DA0C-EE15-4F7A-993D-5BA92D4627BE}.Release|ARM.Build.0 = Release|Any CPU
		{45F4DA0C-EE15-4F7A-993D-5BA92D4627BE}.Release|x64.ActiveCfg = Release|Any CPU
		{45F4DA0C-EE15-4F7A-993D-5BA92D4627BE}.Release|x64.Build.0 = Release|Any CPU
		{45F4DA0C-EE15-4F7A-993D-5BA92D4627BE}.Release|x86.ActiveCfg = Release|Any CPU
		{45F4DA0C-EE15-4F7A-993D-5BA92D4627BE}.Release|x86.Build.0 = Release|Any CPU
		{B784238C-90AA-49C0-A4CF-419A9AF81021}.Debug|Any CPU.ActiveCfg = Debug|Any CPU
		{B784238C-90AA-49C0-A4CF-419A9AF81021}.Debug|Any CPU.Build.0 = Debug|Any CPU
		{B784238C-90AA-49C0-A4CF-419A9AF81021}.Debug|ARM.ActiveCfg = Debug|Any CPU
		{B784238C-90AA-49C0-A4CF-419A9AF81021}.Debug|ARM.Build.0 = Debug|Any CPU
		{B784238C-90AA-49C0-A4CF-419A9AF81021}.Debug|x64.ActiveCfg = Debug|Any CPU
		{B784238C-90AA-49C0-A4CF-419A9AF81021}.Debug|x64.Build.0 = Debug|Any CPU
		{B784238C-90AA-49C0-A4CF-419A9AF81021}.Debug|x86.ActiveCfg = Debug|Any CPU
		{B784238C-90AA-49C0-A4CF-419A9AF81021}.Debug|x86.Build.0 = Debug|Any CPU
		{B784238C-90AA-49C0-A4CF-419A9AF81021}.Release|Any CPU.ActiveCfg = Release|Any CPU
		{B784238C-90AA-49C0-A4CF-419A9AF81021}.Release|Any CPU.Build.0 = Release|Any CPU
		{B784238C-90AA-49C0-A4CF-419A9AF81021}.Release|ARM.ActiveCfg = Release|Any CPU
		{B784238C-90AA-49C0-A4CF-419A9AF81021}.Release|ARM.Build.0 = Release|Any CPU
		{B784238C-90AA-49C0-A4CF-419A9AF81021}.Release|x64.ActiveCfg = Release|Any CPU
		{B784238C-90AA-49C0-A4CF-419A9AF81021}.Release|x64.Build.0 = Release|Any CPU
		{B784238C-90AA-49C0-A4CF-419A9AF81021}.Release|x86.ActiveCfg = Release|Any CPU
		{B784238C-90AA-49C0-A4CF-419A9AF81021}.Release|x86.Build.0 = Release|Any CPU
		{CAA14F5A-5DF4-43AE-9DF3-A73220705CCA}.Debug|Any CPU.ActiveCfg = Debug|Any CPU
		{CAA14F5A-5DF4-43AE-9DF3-A73220705CCA}.Debug|Any CPU.Build.0 = Debug|Any CPU
		{CAA14F5A-5DF4-43AE-9DF3-A73220705CCA}.Debug|ARM.ActiveCfg = Debug|Any CPU
		{CAA14F5A-5DF4-43AE-9DF3-A73220705CCA}.Debug|ARM.Build.0 = Debug|Any CPU
		{CAA14F5A-5DF4-43AE-9DF3-A73220705CCA}.Debug|x64.ActiveCfg = Debug|Any CPU
		{CAA14F5A-5DF4-43AE-9DF3-A73220705CCA}.Debug|x64.Build.0 = Debug|Any CPU
		{CAA14F5A-5DF4-43AE-9DF3-A73220705CCA}.Debug|x86.ActiveCfg = Debug|Any CPU
		{CAA14F5A-5DF4-43AE-9DF3-A73220705CCA}.Debug|x86.Build.0 = Debug|Any CPU
		{CAA14F5A-5DF4-43AE-9DF3-A73220705CCA}.Release|Any CPU.ActiveCfg = Release|Any CPU
		{CAA14F5A-5DF4-43AE-9DF3-A73220705CCA}.Release|Any CPU.Build.0 = Release|Any CPU
		{CAA14F5A-5DF4-43AE-9DF3-A73220705CCA}.Release|ARM.ActiveCfg = Release|Any CPU
		{CAA14F5A-5DF4-43AE-9DF3-A73220705CCA}.Release|ARM.Build.0 = Release|Any CPU
		{CAA14F5A-5DF4-43AE-9DF3-A73220705CCA}.Release|x64.ActiveCfg = Release|Any CPU
		{CAA14F5A-5DF4-43AE-9DF3-A73220705CCA}.Release|x64.Build.0 = Release|Any CPU
		{CAA14F5A-5DF4-43AE-9DF3-A73220705CCA}.Release|x86.ActiveCfg = Release|Any CPU
		{CAA14F5A-5DF4-43AE-9DF3-A73220705CCA}.Release|x86.Build.0 = Release|Any CPU
		{DFE9408B-2BB2-4F86-A1C0-2A050D155F82}.Debug|Any CPU.ActiveCfg = Debug|Any CPU
		{DFE9408B-2BB2-4F86-A1C0-2A050D155F82}.Debug|Any CPU.Build.0 = Debug|Any CPU
		{DFE9408B-2BB2-4F86-A1C0-2A050D155F82}.Debug|ARM.ActiveCfg = Debug|Any CPU
		{DFE9408B-2BB2-4F86-A1C0-2A050D155F82}.Debug|ARM.Build.0 = Debug|Any CPU
		{DFE9408B-2BB2-4F86-A1C0-2A050D155F82}.Debug|x64.ActiveCfg = Debug|Any CPU
		{DFE9408B-2BB2-4F86-A1C0-2A050D155F82}.Debug|x64.Build.0 = Debug|Any CPU
		{DFE9408B-2BB2-4F86-A1C0-2A050D155F82}.Debug|x86.ActiveCfg = Debug|Any CPU
		{DFE9408B-2BB2-4F86-A1C0-2A050D155F82}.Debug|x86.Build.0 = Debug|Any CPU
		{DFE9408B-2BB2-4F86-A1C0-2A050D155F82}.Release|Any CPU.ActiveCfg = Release|Any CPU
		{DFE9408B-2BB2-4F86-A1C0-2A050D155F82}.Release|Any CPU.Build.0 = Release|Any CPU
		{DFE9408B-2BB2-4F86-A1C0-2A050D155F82}.Release|ARM.ActiveCfg = Release|Any CPU
		{DFE9408B-2BB2-4F86-A1C0-2A050D155F82}.Release|ARM.Build.0 = Release|Any CPU
		{DFE9408B-2BB2-4F86-A1C0-2A050D155F82}.Release|x64.ActiveCfg = Release|Any CPU
		{DFE9408B-2BB2-4F86-A1C0-2A050D155F82}.Release|x64.Build.0 = Release|Any CPU
		{DFE9408B-2BB2-4F86-A1C0-2A050D155F82}.Release|x86.ActiveCfg = Release|Any CPU
		{DFE9408B-2BB2-4F86-A1C0-2A050D155F82}.Release|x86.Build.0 = Release|Any CPU
		{6F2E20C5-A508-4E9C-8514-6067B9791E1B}.Debug|Any CPU.ActiveCfg = Debug|Any CPU
		{6F2E20C5-A508-4E9C-8514-6067B9791E1B}.Debug|Any CPU.Build.0 = Debug|Any CPU
		{6F2E20C5-A508-4E9C-8514-6067B9791E1B}.Debug|ARM.ActiveCfg = Debug|Any CPU
		{6F2E20C5-A508-4E9C-8514-6067B9791E1B}.Debug|ARM.Build.0 = Debug|Any CPU
		{6F2E20C5-A508-4E9C-8514-6067B9791E1B}.Debug|x64.ActiveCfg = Debug|Any CPU
		{6F2E20C5-A508-4E9C-8514-6067B9791E1B}.Debug|x64.Build.0 = Debug|Any CPU
		{6F2E20C5-A508-4E9C-8514-6067B9791E1B}.Debug|x86.ActiveCfg = Debug|Any CPU
		{6F2E20C5-A508-4E9C-8514-6067B9791E1B}.Debug|x86.Build.0 = Debug|Any CPU
		{6F2E20C5-A508-4E9C-8514-6067B9791E1B}.Release|Any CPU.ActiveCfg = Release|Any CPU
		{6F2E20C5-A508-4E9C-8514-6067B9791E1B}.Release|Any CPU.Build.0 = Release|Any CPU
		{6F2E20C5-A508-4E9C-8514-6067B9791E1B}.Release|ARM.ActiveCfg = Release|Any CPU
		{6F2E20C5-A508-4E9C-8514-6067B9791E1B}.Release|ARM.Build.0 = Release|Any CPU
		{6F2E20C5-A508-4E9C-8514-6067B9791E1B}.Release|x64.ActiveCfg = Release|Any CPU
		{6F2E20C5-A508-4E9C-8514-6067B9791E1B}.Release|x64.Build.0 = Release|Any CPU
		{6F2E20C5-A508-4E9C-8514-6067B9791E1B}.Release|x86.ActiveCfg = Release|Any CPU
		{6F2E20C5-A508-4E9C-8514-6067B9791E1B}.Release|x86.Build.0 = Release|Any CPU
		{E066329C-2CB6-4EDD-AB47-0D7B8129254E}.Debug|Any CPU.ActiveCfg = Debug|Any CPU
		{E066329C-2CB6-4EDD-AB47-0D7B8129254E}.Debug|Any CPU.Build.0 = Debug|Any CPU
		{E066329C-2CB6-4EDD-AB47-0D7B8129254E}.Debug|ARM.ActiveCfg = Debug|Any CPU
		{E066329C-2CB6-4EDD-AB47-0D7B8129254E}.Debug|ARM.Build.0 = Debug|Any CPU
		{E066329C-2CB6-4EDD-AB47-0D7B8129254E}.Debug|x64.ActiveCfg = Debug|Any CPU
		{E066329C-2CB6-4EDD-AB47-0D7B8129254E}.Debug|x64.Build.0 = Debug|Any CPU
		{E066329C-2CB6-4EDD-AB47-0D7B8129254E}.Debug|x86.ActiveCfg = Debug|Any CPU
		{E066329C-2CB6-4EDD-AB47-0D7B8129254E}.Debug|x86.Build.0 = Debug|Any CPU
		{E066329C-2CB6-4EDD-AB47-0D7B8129254E}.Release|Any CPU.ActiveCfg = Release|Any CPU
		{E066329C-2CB6-4EDD-AB47-0D7B8129254E}.Release|Any CPU.Build.0 = Release|Any CPU
		{E066329C-2CB6-4EDD-AB47-0D7B8129254E}.Release|ARM.ActiveCfg = Release|Any CPU
		{E066329C-2CB6-4EDD-AB47-0D7B8129254E}.Release|ARM.Build.0 = Release|Any CPU
		{E066329C-2CB6-4EDD-AB47-0D7B8129254E}.Release|x64.ActiveCfg = Release|Any CPU
		{E066329C-2CB6-4EDD-AB47-0D7B8129254E}.Release|x64.Build.0 = Release|Any CPU
		{E066329C-2CB6-4EDD-AB47-0D7B8129254E}.Release|x86.ActiveCfg = Release|Any CPU
		{E066329C-2CB6-4EDD-AB47-0D7B8129254E}.Release|x86.Build.0 = Release|Any CPU
		{D2FC2951-253D-48C0-9E12-6CDB577E4AA2}.Debug|Any CPU.ActiveCfg = Debug|Any CPU
		{D2FC2951-253D-48C0-9E12-6CDB577E4AA2}.Debug|Any CPU.Build.0 = Debug|Any CPU
		{D2FC2951-253D-48C0-9E12-6CDB577E4AA2}.Debug|ARM.ActiveCfg = Debug|Any CPU
		{D2FC2951-253D-48C0-9E12-6CDB577E4AA2}.Debug|ARM.Build.0 = Debug|Any CPU
		{D2FC2951-253D-48C0-9E12-6CDB577E4AA2}.Debug|x64.ActiveCfg = Debug|Any CPU
		{D2FC2951-253D-48C0-9E12-6CDB577E4AA2}.Debug|x64.Build.0 = Debug|Any CPU
		{D2FC2951-253D-48C0-9E12-6CDB577E4AA2}.Debug|x86.ActiveCfg = Debug|Any CPU
		{D2FC2951-253D-48C0-9E12-6CDB577E4AA2}.Debug|x86.Build.0 = Debug|Any CPU
		{D2FC2951-253D-48C0-9E12-6CDB577E4AA2}.Release|Any CPU.ActiveCfg = Release|Any CPU
		{D2FC2951-253D-48C0-9E12-6CDB577E4AA2}.Release|Any CPU.Build.0 = Release|Any CPU
		{D2FC2951-253D-48C0-9E12-6CDB577E4AA2}.Release|ARM.ActiveCfg = Release|Any CPU
		{D2FC2951-253D-48C0-9E12-6CDB577E4AA2}.Release|ARM.Build.0 = Release|Any CPU
		{D2FC2951-253D-48C0-9E12-6CDB577E4AA2}.Release|x64.ActiveCfg = Release|Any CPU
		{D2FC2951-253D-48C0-9E12-6CDB577E4AA2}.Release|x64.Build.0 = Release|Any CPU
		{D2FC2951-253D-48C0-9E12-6CDB577E4AA2}.Release|x86.ActiveCfg = Release|Any CPU
		{D2FC2951-253D-48C0-9E12-6CDB577E4AA2}.Release|x86.Build.0 = Release|Any CPU
		{C9D0F0DE-95F0-4C09-BF56-FA4E729FA0A9}.Debug|Any CPU.ActiveCfg = Debug|Any CPU
		{C9D0F0DE-95F0-4C09-BF56-FA4E729FA0A9}.Debug|Any CPU.Build.0 = Debug|Any CPU
		{C9D0F0DE-95F0-4C09-BF56-FA4E729FA0A9}.Debug|ARM.ActiveCfg = Debug|Any CPU
		{C9D0F0DE-95F0-4C09-BF56-FA4E729FA0A9}.Debug|ARM.Build.0 = Debug|Any CPU
		{C9D0F0DE-95F0-4C09-BF56-FA4E729FA0A9}.Debug|x64.ActiveCfg = Debug|Any CPU
		{C9D0F0DE-95F0-4C09-BF56-FA4E729FA0A9}.Debug|x64.Build.0 = Debug|Any CPU
		{C9D0F0DE-95F0-4C09-BF56-FA4E729FA0A9}.Debug|x86.ActiveCfg = Debug|Any CPU
		{C9D0F0DE-95F0-4C09-BF56-FA4E729FA0A9}.Debug|x86.Build.0 = Debug|Any CPU
		{C9D0F0DE-95F0-4C09-BF56-FA4E729FA0A9}.Release|Any CPU.ActiveCfg = Release|Any CPU
		{C9D0F0DE-95F0-4C09-BF56-FA4E729FA0A9}.Release|Any CPU.Build.0 = Release|Any CPU
		{C9D0F0DE-95F0-4C09-BF56-FA4E729FA0A9}.Release|ARM.ActiveCfg = Release|Any CPU
		{C9D0F0DE-95F0-4C09-BF56-FA4E729FA0A9}.Release|ARM.Build.0 = Release|Any CPU
		{C9D0F0DE-95F0-4C09-BF56-FA4E729FA0A9}.Release|x64.ActiveCfg = Release|Any CPU
		{C9D0F0DE-95F0-4C09-BF56-FA4E729FA0A9}.Release|x64.Build.0 = Release|Any CPU
		{C9D0F0DE-95F0-4C09-BF56-FA4E729FA0A9}.Release|x86.ActiveCfg = Release|Any CPU
		{C9D0F0DE-95F0-4C09-BF56-FA4E729FA0A9}.Release|x86.Build.0 = Release|Any CPU
		{AEFC0B32-3C2A-4FA2-9E23-F56D75CA3EB2}.Debug|Any CPU.ActiveCfg = Debug|Any CPU
		{AEFC0B32-3C2A-4FA2-9E23-F56D75CA3EB2}.Debug|Any CPU.Build.0 = Debug|Any CPU
		{AEFC0B32-3C2A-4FA2-9E23-F56D75CA3EB2}.Debug|ARM.ActiveCfg = Debug|Any CPU
		{AEFC0B32-3C2A-4FA2-9E23-F56D75CA3EB2}.Debug|ARM.Build.0 = Debug|Any CPU
		{AEFC0B32-3C2A-4FA2-9E23-F56D75CA3EB2}.Debug|x64.ActiveCfg = Debug|Any CPU
		{AEFC0B32-3C2A-4FA2-9E23-F56D75CA3EB2}.Debug|x64.Build.0 = Debug|Any CPU
		{AEFC0B32-3C2A-4FA2-9E23-F56D75CA3EB2}.Debug|x86.ActiveCfg = Debug|Any CPU
		{AEFC0B32-3C2A-4FA2-9E23-F56D75CA3EB2}.Debug|x86.Build.0 = Debug|Any CPU
		{AEFC0B32-3C2A-4FA2-9E23-F56D75CA3EB2}.Release|Any CPU.ActiveCfg = Release|Any CPU
		{AEFC0B32-3C2A-4FA2-9E23-F56D75CA3EB2}.Release|Any CPU.Build.0 = Release|Any CPU
		{AEFC0B32-3C2A-4FA2-9E23-F56D75CA3EB2}.Release|ARM.ActiveCfg = Release|Any CPU
		{AEFC0B32-3C2A-4FA2-9E23-F56D75CA3EB2}.Release|ARM.Build.0 = Release|Any CPU
		{AEFC0B32-3C2A-4FA2-9E23-F56D75CA3EB2}.Release|x64.ActiveCfg = Release|Any CPU
		{AEFC0B32-3C2A-4FA2-9E23-F56D75CA3EB2}.Release|x64.Build.0 = Release|Any CPU
		{AEFC0B32-3C2A-4FA2-9E23-F56D75CA3EB2}.Release|x86.ActiveCfg = Release|Any CPU
		{AEFC0B32-3C2A-4FA2-9E23-F56D75CA3EB2}.Release|x86.Build.0 = Release|Any CPU
		{1CF0E88A-CD3D-4D49-8650-F5F7FF3A1334}.Debug|Any CPU.ActiveCfg = Debug|Any CPU
		{1CF0E88A-CD3D-4D49-8650-F5F7FF3A1334}.Debug|Any CPU.Build.0 = Debug|Any CPU
		{1CF0E88A-CD3D-4D49-8650-F5F7FF3A1334}.Debug|ARM.ActiveCfg = Debug|Any CPU
		{1CF0E88A-CD3D-4D49-8650-F5F7FF3A1334}.Debug|ARM.Build.0 = Debug|Any CPU
		{1CF0E88A-CD3D-4D49-8650-F5F7FF3A1334}.Debug|x64.ActiveCfg = Debug|Any CPU
		{1CF0E88A-CD3D-4D49-8650-F5F7FF3A1334}.Debug|x64.Build.0 = Debug|Any CPU
		{1CF0E88A-CD3D-4D49-8650-F5F7FF3A1334}.Debug|x86.ActiveCfg = Debug|Any CPU
		{1CF0E88A-CD3D-4D49-8650-F5F7FF3A1334}.Debug|x86.Build.0 = Debug|Any CPU
		{1CF0E88A-CD3D-4D49-8650-F5F7FF3A1334}.Release|Any CPU.ActiveCfg = Release|Any CPU
		{1CF0E88A-CD3D-4D49-8650-F5F7FF3A1334}.Release|Any CPU.Build.0 = Release|Any CPU
		{1CF0E88A-CD3D-4D49-8650-F5F7FF3A1334}.Release|ARM.ActiveCfg = Release|Any CPU
		{1CF0E88A-CD3D-4D49-8650-F5F7FF3A1334}.Release|ARM.Build.0 = Release|Any CPU
		{1CF0E88A-CD3D-4D49-8650-F5F7FF3A1334}.Release|x64.ActiveCfg = Release|Any CPU
		{1CF0E88A-CD3D-4D49-8650-F5F7FF3A1334}.Release|x64.Build.0 = Release|Any CPU
		{1CF0E88A-CD3D-4D49-8650-F5F7FF3A1334}.Release|x86.ActiveCfg = Release|Any CPU
		{1CF0E88A-CD3D-4D49-8650-F5F7FF3A1334}.Release|x86.Build.0 = Release|Any CPU
		{554201C3-B0A7-471D-AA5F-01FEBCB7FAA2}.Debug|Any CPU.ActiveCfg = Debug|Any CPU
		{554201C3-B0A7-471D-AA5F-01FEBCB7FAA2}.Debug|Any CPU.Build.0 = Debug|Any CPU
		{554201C3-B0A7-471D-AA5F-01FEBCB7FAA2}.Debug|ARM.ActiveCfg = Debug|Any CPU
		{554201C3-B0A7-471D-AA5F-01FEBCB7FAA2}.Debug|ARM.Build.0 = Debug|Any CPU
		{554201C3-B0A7-471D-AA5F-01FEBCB7FAA2}.Debug|x64.ActiveCfg = Debug|Any CPU
		{554201C3-B0A7-471D-AA5F-01FEBCB7FAA2}.Debug|x64.Build.0 = Debug|Any CPU
		{554201C3-B0A7-471D-AA5F-01FEBCB7FAA2}.Debug|x86.ActiveCfg = Debug|Any CPU
		{554201C3-B0A7-471D-AA5F-01FEBCB7FAA2}.Debug|x86.Build.0 = Debug|Any CPU
		{554201C3-B0A7-471D-AA5F-01FEBCB7FAA2}.Release|Any CPU.ActiveCfg = Release|Any CPU
		{554201C3-B0A7-471D-AA5F-01FEBCB7FAA2}.Release|Any CPU.Build.0 = Release|Any CPU
		{554201C3-B0A7-471D-AA5F-01FEBCB7FAA2}.Release|ARM.ActiveCfg = Release|Any CPU
		{554201C3-B0A7-471D-AA5F-01FEBCB7FAA2}.Release|ARM.Build.0 = Release|Any CPU
		{554201C3-B0A7-471D-AA5F-01FEBCB7FAA2}.Release|x64.ActiveCfg = Release|Any CPU
		{554201C3-B0A7-471D-AA5F-01FEBCB7FAA2}.Release|x64.Build.0 = Release|Any CPU
		{554201C3-B0A7-471D-AA5F-01FEBCB7FAA2}.Release|x86.ActiveCfg = Release|Any CPU
		{554201C3-B0A7-471D-AA5F-01FEBCB7FAA2}.Release|x86.Build.0 = Release|Any CPU
		{C7406922-3198-42D8-80EB-31574B33FC96}.Debug|Any CPU.ActiveCfg = Debug|Any CPU
		{C7406922-3198-42D8-80EB-31574B33FC96}.Debug|Any CPU.Build.0 = Debug|Any CPU
		{C7406922-3198-42D8-80EB-31574B33FC96}.Debug|ARM.ActiveCfg = Debug|Any CPU
		{C7406922-3198-42D8-80EB-31574B33FC96}.Debug|ARM.Build.0 = Debug|Any CPU
		{C7406922-3198-42D8-80EB-31574B33FC96}.Debug|x64.ActiveCfg = Debug|Any CPU
		{C7406922-3198-42D8-80EB-31574B33FC96}.Debug|x64.Build.0 = Debug|Any CPU
		{C7406922-3198-42D8-80EB-31574B33FC96}.Debug|x86.ActiveCfg = Debug|Any CPU
		{C7406922-3198-42D8-80EB-31574B33FC96}.Debug|x86.Build.0 = Debug|Any CPU
		{C7406922-3198-42D8-80EB-31574B33FC96}.Release|Any CPU.ActiveCfg = Release|Any CPU
		{C7406922-3198-42D8-80EB-31574B33FC96}.Release|Any CPU.Build.0 = Release|Any CPU
		{C7406922-3198-42D8-80EB-31574B33FC96}.Release|ARM.ActiveCfg = Release|Any CPU
		{C7406922-3198-42D8-80EB-31574B33FC96}.Release|ARM.Build.0 = Release|Any CPU
		{C7406922-3198-42D8-80EB-31574B33FC96}.Release|x64.ActiveCfg = Release|Any CPU
		{C7406922-3198-42D8-80EB-31574B33FC96}.Release|x64.Build.0 = Release|Any CPU
		{C7406922-3198-42D8-80EB-31574B33FC96}.Release|x86.ActiveCfg = Release|Any CPU
		{C7406922-3198-42D8-80EB-31574B33FC96}.Release|x86.Build.0 = Release|Any CPU
		{3C4DB006-A025-4A7D-92B4-1DC638D7A71F}.Debug|Any CPU.ActiveCfg = Debug|Any CPU
		{3C4DB006-A025-4A7D-92B4-1DC638D7A71F}.Debug|Any CPU.Build.0 = Debug|Any CPU
		{3C4DB006-A025-4A7D-92B4-1DC638D7A71F}.Debug|ARM.ActiveCfg = Debug|Any CPU
		{3C4DB006-A025-4A7D-92B4-1DC638D7A71F}.Debug|ARM.Build.0 = Debug|Any CPU
		{3C4DB006-A025-4A7D-92B4-1DC638D7A71F}.Debug|x64.ActiveCfg = Debug|Any CPU
		{3C4DB006-A025-4A7D-92B4-1DC638D7A71F}.Debug|x64.Build.0 = Debug|Any CPU
		{3C4DB006-A025-4A7D-92B4-1DC638D7A71F}.Debug|x86.ActiveCfg = Debug|Any CPU
		{3C4DB006-A025-4A7D-92B4-1DC638D7A71F}.Debug|x86.Build.0 = Debug|Any CPU
		{3C4DB006-A025-4A7D-92B4-1DC638D7A71F}.Release|Any CPU.ActiveCfg = Release|Any CPU
		{3C4DB006-A025-4A7D-92B4-1DC638D7A71F}.Release|Any CPU.Build.0 = Release|Any CPU
		{3C4DB006-A025-4A7D-92B4-1DC638D7A71F}.Release|ARM.ActiveCfg = Release|Any CPU
		{3C4DB006-A025-4A7D-92B4-1DC638D7A71F}.Release|ARM.Build.0 = Release|Any CPU
		{3C4DB006-A025-4A7D-92B4-1DC638D7A71F}.Release|x64.ActiveCfg = Release|Any CPU
		{3C4DB006-A025-4A7D-92B4-1DC638D7A71F}.Release|x64.Build.0 = Release|Any CPU
		{3C4DB006-A025-4A7D-92B4-1DC638D7A71F}.Release|x86.ActiveCfg = Release|Any CPU
		{3C4DB006-A025-4A7D-92B4-1DC638D7A71F}.Release|x86.Build.0 = Release|Any CPU
	EndGlobalSection
	GlobalSection(SolutionProperties) = preSolution
		HideSolutionNode = FALSE
	EndGlobalSection
	GlobalSection(NestedProjects) = preSolution
		{5761CB44-504F-468B-8263-39F59EEBBB17} = {291B05EE-78EA-412F-9449-5EC4D5E0FC9C}
		{B16111A4-CDF6-40E8-9BEE-1D5806543CB0} = {291B05EE-78EA-412F-9449-5EC4D5E0FC9C}
		{8D2242C6-D7D3-403C-B39D-8877AB8E745A} = {291B05EE-78EA-412F-9449-5EC4D5E0FC9C}
		{45F4DA0C-EE15-4F7A-993D-5BA92D4627BE} = {ABD253A3-63FE-4FF0-8877-E872691E8D41}
		{ED2E703A-7204-4A18-8DB4-D47D845849AA} = {943161B7-5FFB-4700-99C0-7E8BFF4E15FC}
		{B784238C-90AA-49C0-A4CF-419A9AF81021} = {ED2E703A-7204-4A18-8DB4-D47D845849AA}
		{CAA14F5A-5DF4-43AE-9DF3-A73220705CCA} = {9BD1DC06-35AA-4696-A6D8-46E1435D5C7E}
		{A4B98BD9-2915-4F7B-ADEA-F2B26AD44EC2} = {943161B7-5FFB-4700-99C0-7E8BFF4E15FC}
		{DFE9408B-2BB2-4F86-A1C0-2A050D155F82} = {A4B98BD9-2915-4F7B-ADEA-F2B26AD44EC2}
		{194D3D3D-B330-492E-9731-6085C60F3415} = {943161B7-5FFB-4700-99C0-7E8BFF4E15FC}
		{6F2E20C5-A508-4E9C-8514-6067B9791E1B} = {194D3D3D-B330-492E-9731-6085C60F3415}
		{DF0D6875-5D83-4874-9464-6BECB7D82CBE} = {943161B7-5FFB-4700-99C0-7E8BFF4E15FC}
		{E066329C-2CB6-4EDD-AB47-0D7B8129254E} = {DF0D6875-5D83-4874-9464-6BECB7D82CBE}
		{9BD1DC06-35AA-4696-A6D8-46E1435D5C7E} = {ED2E703A-7204-4A18-8DB4-D47D845849AA}
		{D2FC2951-253D-48C0-9E12-6CDB577E4AA2} = {9BD1DC06-35AA-4696-A6D8-46E1435D5C7E}
		{C9D0F0DE-95F0-4C09-BF56-FA4E729FA0A9} = {9BD1DC06-35AA-4696-A6D8-46E1435D5C7E}
		{AEFC0B32-3C2A-4FA2-9E23-F56D75CA3EB2} = {70B77439-9ADE-4981-BDC6-019CDA33AA76}
		{A9C7E09B-4FBA-400D-9DD6-D04BEB8120EE} = {943161B7-5FFB-4700-99C0-7E8BFF4E15FC}
		{1CF0E88A-CD3D-4D49-8650-F5F7FF3A1334} = {A9C7E09B-4FBA-400D-9DD6-D04BEB8120EE}
		{6A71A6F6-DAEF-4095-B9F1-FCD677D6AE23} = {943161B7-5FFB-4700-99C0-7E8BFF4E15FC}
		{554201C3-B0A7-471D-AA5F-01FEBCB7FAA2} = {6A71A6F6-DAEF-4095-B9F1-FCD677D6AE23}
		{C7406922-3198-42D8-80EB-31574B33FC96} = {6A71A6F6-DAEF-4095-B9F1-FCD677D6AE23}
		{02A06801-1B84-466C-84EE-E71F1D62EE26} = {6A71A6F6-DAEF-4095-B9F1-FCD677D6AE23}
		{3C4DB006-A025-4A7D-92B4-1DC638D7A71F} = {02A06801-1B84-466C-84EE-E71F1D62EE26}
	EndGlobalSection
	GlobalSection(ExtensibilityGlobals) = postSolution
		EnterpriseLibraryConfigurationToolBinariesPathV6 = packages\EnterpriseLibrary.TransientFaultHandling.6.0.1304.0\lib\portable-net45+win+wp8;packages\EnterpriseLibrary.TransientFaultHandling.Data.6.0.1304.1\lib\NET45
	EndGlobalSection
EndGlobal
